
Microsoft Visual Studio Solution File, Format Version 12.00
# Visual Studio Version 17
VisualStudioVersion = 17.0.32014.148
MinimumVisualStudioVersion = 10.0.40219.1
Project("{2150E333-8FDC-42A3-9474-1A3956D46DE8}") = "RDBMS", "RDBMS", "{458FA131-489C-4E96-9BC8-DE5F41E60CCB}"
EndProject
Project("{2150E333-8FDC-42A3-9474-1A3956D46DE8}") = "File", "File", "{FA294E2B-F2A1-4317-A235-1E1E3F784AFA}"
EndProject
Project("{2150E333-8FDC-42A3-9474-1A3956D46DE8}") = "WebAPI", "WebAPI", "{5B9A0B23-A58E-4BDB-A86A-E22D54C03B69}"
EndProject
Project("{2150E333-8FDC-42A3-9474-1A3956D46DE8}") = "MessegeandQueue", "MessegeandQueue", "{44F220BB-DF4D-4341-BF2D-9C818DC840EC}"
EndProject
Project("{FAE04EC0-301F-11D3-BF4B-00C04F79EFBC}") = "SqlCompactDatasource", "DataSourcesPlugins\SqlCompact\SqlCompactDatasource.csproj", "{6FD1CCA1-994B-4DA1-B104-8FB71CE0E3A4}"
EndProject
Project("{FAE04EC0-301F-11D3-BF4B-00C04F79EFBC}") = "ExcelDataSource", "DataSourcesPlugins\ExcelDataSource\ExcelDataSource.csproj", "{5994631D-2F06-4418-BA36-2081582B7CCD}"
EndProject
Project("{FAE04EC0-301F-11D3-BF4B-00C04F79EFBC}") = "JsonDataSource", "DataSourcesPlugins\JsonDataSource\JsonDataSource.csproj", "{A1A01CA5-24BF-4F9A-8F4A-68308E89A056}"
EndProject
Project("{2150E333-8FDC-42A3-9474-1A3956D46DE8}") = "NoSql", "NoSql", "{1B8D2EAD-48EE-4C66-9680-89E41C98809F}"
EndProject
Project("{2150E333-8FDC-42A3-9474-1A3956D46DE8}") = "Net6", "Net6", "{BD2E7D46-44AF-47AD-8485-FFF2D77CD488}"
EndProject
Project("{2150E333-8FDC-42A3-9474-1A3956D46DE8}") = "Net", "Net", "{4A7DDB73-362B-4B06-93B8-94C0CC8E51B2}"
EndProject
Project("{9A19103F-16F7-4668-BE54-9A1E7A4F7556}") = "CouchBaseDataSourceCore", "DataSourcesPluginsCore\CouchBaseDataSourceCore\CouchBaseDataSourceCore.csproj", "{7549FC08-3766-426E-8A8A-367C55065DBE}"
EndProject
Project("{9A19103F-16F7-4668-BE54-9A1E7A4F7556}") = "CouchDBDataSourceCore", "DataSourcesPluginsCore\CouchDBDataSourceCore\CouchDBDataSourceCore.csproj", "{EA03604F-0A7F-4D27-B750-47321931A9FA}"
EndProject
Project("{9A19103F-16F7-4668-BE54-9A1E7A4F7556}") = "DaprClientCore", "DataSourcesPluginsCore\DaprClient\DaprClientCore.csproj", "{3485A7A9-280F-4F47-B7E9-FCE4F09D434A}"
EndProject
Project("{9A19103F-16F7-4668-BE54-9A1E7A4F7556}") = "FireBaseDataSourceCore", "DataSourcesPluginsCore\FireBaseDataSourceCore\FireBaseDataSourceCore.csproj", "{B6B4ED3D-A6F0-4F02-AA5C-0FAF2832578F}"
EndProject
Project("{9A19103F-16F7-4668-BE54-9A1E7A4F7556}") = "FirebirdDataSourceCore", "DataSourcesPluginsCore\FirebirdDataSourceCore\FirebirdDataSourceCore.csproj", "{3E1DF154-D684-46E2-A6EF-6AC30618083E}"
EndProject
Project("{9A19103F-16F7-4668-BE54-9A1E7A4F7556}") = "HadoopDataSourceCore", "DataSourcesPluginsCore\HadoopDataSourceCore\HadoopDataSourceCore.csproj", "{CAC71844-F58F-4809-9F47-D15B305C3DF8}"
EndProject
Project("{9A19103F-16F7-4668-BE54-9A1E7A4F7556}") = "MongoDBDataSourceCore", "DataSourcesPluginsCore\MongoDBDataSourceCore\MongoDBDataSourceCore.csproj", "{D6B83D83-939A-4AFB-8C4A-F667FABC7F4F}"
EndProject
Project("{9A19103F-16F7-4668-BE54-9A1E7A4F7556}") = "MySqlDataSourceCore", "DataSourcesPluginsCore\MySqlDataSourceCore\MySqlDataSourceCore.csproj", "{64B8710D-AFFC-4BE4-BFA3-F04520F152AC}"
EndProject
Project("{9A19103F-16F7-4668-BE54-9A1E7A4F7556}") = "OracleDataSourceCore", "DataSourcesPluginsCore\OracleDataSourceCore\OracleDataSourceCore.csproj", "{84DDD3CA-78F1-4B14-A512-FE8AF9E90323}"
EndProject
Project("{9A19103F-16F7-4668-BE54-9A1E7A4F7556}") = "RavenDBDataSourceCore", "DataSourcesPluginsCore\RavenDBDataSourceCore\RavenDBDataSourceCore.csproj", "{7E504F82-9F63-40D5-AC6B-34386F4D7552}"
EndProject
Project("{9A19103F-16F7-4668-BE54-9A1E7A4F7556}") = "SqlServerDataSourceCore", "DataSourcesPluginsCore\SQlServerDataSourceCore\SqlServerDataSourceCore.csproj", "{C35CA536-6DB1-48C3-92B4-4308C51EAB97}"
EndProject
Project("{9A19103F-16F7-4668-BE54-9A1E7A4F7556}") = "WebApiDataSourceCore", "DataSourcesPluginsCore\WebApiDataSourceCore\WebApiDataSourceCore.csproj", "{7D07AB55-35CC-4903-8189-0B63053625DF}"
EndProject
Project("{9A19103F-16F7-4668-BE54-9A1E7A4F7556}") = "CompositeLayerDataSourceCore", "DataSourcesPluginsCore\CompositeLayerDataSource6\CompositeLayerDataSourceCore.csproj", "{65B3448F-96F9-4986-AA52-B1F72ADD2D60}"
EndProject
Project("{9A19103F-16F7-4668-BE54-9A1E7A4F7556}") = "CSVDatasourceCore", "DataSourcesPluginsCore\CSVDatasourceCore\CSVDatasourceCore.csproj", "{0E47C441-D666-4FAF-B0D1-9ECD2F125758}"
EndProject
Project("{9A19103F-16F7-4668-BE54-9A1E7A4F7556}") = "PrestoDatasourceCore", "DataSourcesPluginsCore\PrestoDatasource\PrestoDatasourceCore.csproj", "{F615AE25-4FC8-40DE-8200-BC01D5C56BDA}"
EndProject
Project("{9A19103F-16F7-4668-BE54-9A1E7A4F7556}") = "GoogleSheetsDataSourceCore", "DataSourcesPluginsCore\GoogleSheets\GoogleSheetsDataSourceCore.csproj", "{7929709B-D3B1-478C-A8D1-3DE05B06B16F}"
EndProject
Project("{9A19103F-16F7-4668-BE54-9A1E7A4F7556}") = "GoogleBigQueryDatasourceCore", "DataSourcesPluginsCore\GoogleBigQuery\GoogleBigQueryDatasourceCore.csproj", "{1134F090-669B-49F3-A9EC-01D7F5712E39}"
EndProject
Project("{9A19103F-16F7-4668-BE54-9A1E7A4F7556}") = "TerraDataDataSourceCore", "DataSourcesPluginsCore\TerraDataDataSource\TerraDataDataSourceCore.csproj", "{67F666E3-96B8-4F90-B76F-D9CB3BC88381}"
EndProject
Project("{9A19103F-16F7-4668-BE54-9A1E7A4F7556}") = "TimeScaleDBDataSource", "DataSourcesPluginsCore\TimeScaleDBDataSource\TimeScaleDBDataSource.csproj", "{8F1392D9-B9E5-45D0-886E-7083D9F1A5BE}"
EndProject
Project("{9A19103F-16F7-4668-BE54-9A1E7A4F7556}") = "VerticaDataSourceCore", "DataSourcesPluginsCore\VerticaDataSource\VerticaDataSourceCore.csproj", "{A6FD2554-5C8C-41FD-A499-7D9077EF519C}"
EndProject
Project("{9A19103F-16F7-4668-BE54-9A1E7A4F7556}") = "RocksetDatasourceCore", "DataSourcesPluginsCore\RocksetDatasource\RocksetDatasourceCore.csproj", "{8471AAFA-B013-4263-9934-3C2FE498853F}"
EndProject
Project("{9A19103F-16F7-4668-BE54-9A1E7A4F7556}") = "TrinoDataSourceCore", "DataSourcesPluginsCore\TrinoDataSource\TrinoDataSourceCore.csproj", "{96924BEB-2238-4355-A0A3-D8E367166A53}"
EndProject
Project("{9A19103F-16F7-4668-BE54-9A1E7A4F7556}") = "FireboltDataSourceCore", "DataSourcesPluginsCore\FireboltDataSource\FireboltDataSourceCore.csproj", "{7308117F-14D5-4AC4-A9F1-2FD6A9D73867}"
EndProject
Project("{9A19103F-16F7-4668-BE54-9A1E7A4F7556}") = "KustoDataSourceCore", "DataSourcesPluginsCore\KustoDataSource\KustoDataSourceCore.csproj", "{F5A2B5CE-2CD3-4DF8-A3D1-B917C1BDB9A1}"
EndProject
Project("{9A19103F-16F7-4668-BE54-9A1E7A4F7556}") = "HologresDataSource", "DataSourcesPluginsCore\HologresDataSource\HologresDataSource.csproj", "{C26E1F0B-44CF-4323-A949-5B5E2C4C3C35}"
EndProject
Project("{9A19103F-16F7-4668-BE54-9A1E7A4F7556}") = "HanaDataSourceCore", "DataSourcesPluginsCore\HanaDataSource\HanaDataSourceCore.csproj", "{AE128E73-EBFE-4048-A16B-B75550B62CD4}"
EndProject
Project("{9A19103F-16F7-4668-BE54-9A1E7A4F7556}") = "DataBricksDataSourceCore", "DataSourcesPluginsCore\DataBricksDataSource\DataBricksDataSourceCore.csproj", "{2DD5330E-C38B-4ACD-84F2-F892A33C3A85}"
EndProject
Project("{9A19103F-16F7-4668-BE54-9A1E7A4F7556}") = "Hdf5DataSourceCore", "DataSourcesPluginsCore\hdf5DataSource\Hdf5DataSourceCore.csproj", "{70543EC8-2850-4042-AE46-D19127E5D3E7}"
EndProject
Project("{9A19103F-16F7-4668-BE54-9A1E7A4F7556}") = "MlModelDataSourceCore", "DataSourcesPluginsCore\MlModelDataSource\MlModelDataSourceCore.csproj", "{5088AEBA-7022-4414-AF43-76086F6B2155}"
EndProject
Project("{9A19103F-16F7-4668-BE54-9A1E7A4F7556}") = "OnnxDataSourceCore", "DataSourcesPluginsCore\OnnxDataSource\OnnxDataSourceCore.csproj", "{EEFFD170-F89C-4526-B990-24DB8B06201E}"
EndProject
Project("{9A19103F-16F7-4668-BE54-9A1E7A4F7556}") = "OPCUADataSourceCore", "DataSourcesPluginsCore\OPCUADataSource\OPCUADataSourceCore.csproj", "{4EA58174-3DDB-4DFC-AF46-359FD5F33E57}"
EndProject
Project("{9A19103F-16F7-4668-BE54-9A1E7A4F7556}") = "ParquetDataSourceCore", "DataSourcesPluginsCore\ParquetDataSource\ParquetDataSourceCore.csproj", "{E431AEC3-B3B2-4F1D-946D-BBC9E787B376}"
EndProject
Project("{9A19103F-16F7-4668-BE54-9A1E7A4F7556}") = "PetastormDataSourceCore", "DataSourcesPluginsCore\PetastormDataSource\PetastormDataSourceCore.csproj", "{356DF53F-8F60-4FC1-995A-2D5A88FA5723}"
EndProject
Project("{9A19103F-16F7-4668-BE54-9A1E7A4F7556}") = "RealMDataSourceCore", "DataSourcesPluginsCore\RealMDataSource\RealMDataSourceCore.csproj", "{391E9F8F-0BA1-470B-A481-13C320E7DB47}"
EndProject
Project("{9A19103F-16F7-4668-BE54-9A1E7A4F7556}") = "AmazonCloudDatasourceCore", "DataSourcesPluginsCore\AmazonCloudDatasourceCore\AmazonCloudDatasourceCore.csproj", "{757298A2-EE47-4823-A6C2-F3A4EB3620D5}"
EndProject
Project("{9A19103F-16F7-4668-BE54-9A1E7A4F7556}") = "AzureCloudDataSourceCore", "DataSourcesPluginsCore\AzureCloudDataSourceCore\AzureCloudDataSourceCore.csproj", "{D9BF45B9-7C4C-443A-8B7B-E6B84C4112A8}"
EndProject
Project("{9A19103F-16F7-4668-BE54-9A1E7A4F7556}") = "SpannerDataSourceCore", "DataSourcesPluginsCore\SpannerDataSourceCore\SpannerDataSourceCore.csproj", "{175D3B39-C520-4618-ADAA-29C488663865}"
EndProject
Project("{9A19103F-16F7-4668-BE54-9A1E7A4F7556}") = "KafkaDataSourceCore", "DataSourcesPluginsCore\KafkaDataSourceCore\KafkaDataSourceCore.csproj", "{8715BFB6-E3B1-497E-BD6C-31583AD0A0A3}"
EndProject
Project("{9A19103F-16F7-4668-BE54-9A1E7A4F7556}") = "CockroachDBDataSourceCore", "DataSourcesPluginsCore\CockroachDBDataSourceCore\CockroachDBDataSourceCore.csproj", "{04E565C8-F650-49D7-AC82-4D331B77B797}"
EndProject
Project("{9A19103F-16F7-4668-BE54-9A1E7A4F7556}") = "CouchBaseLiteDataSourceCore", "DataSourcesPluginsCore\CouchBaseDataSource\CouchBaseLiteDataSourceCore.csproj", "{33605558-2B94-467A-8654-243442B45019}"
EndProject
Project("{9A19103F-16F7-4668-BE54-9A1E7A4F7556}") = "RedisDataSourceCore", "DataSourcesPluginsCore\RedisDataSourceCore\RedisDataSourceCore.csproj", "{40775359-DB07-4185-AF00-0ECBC57D292E}"
EndProject
Project("{9A19103F-16F7-4668-BE54-9A1E7A4F7556}") = "TxtXlsCSVFileSourceCore", "DataSourcesPluginsCore\TxtXlsCSVFileSourceCore\TxtXlsCSVFileSourceCore.csproj", "{D96D1BAF-9F59-42D6-BA10-60D427FAC2EC}"
EndProject
Project("{9A19103F-16F7-4668-BE54-9A1E7A4F7556}") = "SnowFlakeDataSourceCore", "DataSourcesPluginsCore\SnowFlakeDataSource\SnowFlakeDataSourceCore.csproj", "{FA932EB9-5687-47F4-A175-B4E9415B590B}"
EndProject
Project("{9A19103F-16F7-4668-BE54-9A1E7A4F7556}") = "PostgreDataSourceCore", "DataSourcesPluginsCore\PostgreDataSourceCore\PostgreDataSourceCore.csproj", "{79C09B6F-56BF-4A14-9C1B-DF68D01D8CC2}"
EndProject
Project("{9A19103F-16F7-4668-BE54-9A1E7A4F7556}") = "SqlCompactDatasourceCore", "DataSourcesPluginsCore\SqlCompactDatasourceCore\SqlCompactDatasourceCore.csproj", "{CD1C5861-FB62-4A8B-A64F-C3958F6BCE9F}"
EndProject
Project("{FAE04EC0-301F-11D3-BF4B-00C04F79EFBC}") = "OracleDataSource", "DataSourcesPlugins\OracleDataSource\OracleDataSource.csproj", "{F879429B-3F6A-4A3F-8314-B9B52724D149}"
EndProject
Project("{2150E333-8FDC-42A3-9474-1A3956D46DE8}") = "InMemorySupportDB", "InMemorySupportDB", "{AC46CBD8-D683-4A22-B5C8-8DB4A2DE51E6}"
EndProject
Project("{9A19103F-16F7-4668-BE54-9A1E7A4F7556}") = "SqliteDatasourceCore", "DataSourcesPluginsCore\SqliteDatasourceCore\SqliteDatasourceCore.csproj", "{FE9D7A53-0037-4DA6-BE80-3FAA38788408}"
EndProject
Project("{2150E333-8FDC-42A3-9474-1A3956D46DE8}") = "Mobile", "Mobile", "{8E3DED4A-C18F-4047-BFE5-23C30D175929}"
EndProject
Project("{9A19103F-16F7-4668-BE54-9A1E7A4F7556}") = "TheTechIdea.Beep.Maui.DataSource.Sqlite", "mobile\TheTechIdea.Beep.Maui.Sqlite\TheTechIdea.Beep.Maui.DataSource.Sqlite.csproj", "{55762A49-5D5E-45BC-B5BC-C0498D07F41D}"
EndProject
Project("{9A19103F-16F7-4668-BE54-9A1E7A4F7556}") = "TheTechIdea.Beep.Maui.Datasource.CouchBase", "mobile\TheTechIdea.Beep.Maui.Datasource.CouchBase\TheTechIdea.Beep.Maui.Datasource.CouchBase.csproj", "{0D3D6DAC-2D06-473F-8AA7-F33FA3946FE4}"
EndProject
Project("{9A19103F-16F7-4668-BE54-9A1E7A4F7556}") = "TheTechIdea.Beep.Maui.DataSource.LiteDB", "mobile\TheTechIdea.Beep.Maui.DataSource.LiteDB\TheTechIdea.Beep.Maui.DataSource.LiteDB.csproj", "{3A9489F6-DFF0-404A-807C-B19FC10502E3}"
EndProject
Project("{9A19103F-16F7-4668-BE54-9A1E7A4F7556}") = "TheTechIdea.Beep.Maui.DataSource.RealM", "mobile\TheTechIdea.Beep.DataSource.RealM\TheTechIdea.Beep.Maui.DataSource.RealM.csproj", "{6E90A473-48BB-48DE-B26D-7846CD883711}"
EndProject
Project("{9A19103F-16F7-4668-BE54-9A1E7A4F7556}") = "RDBDataSource", "DataSourcesPlugins\RDBMSDataSource\RDBDataSource.csproj", "{A9714F25-9C62-460C-831D-5DC8148E319F}"
EndProject
Global
	GlobalSection(SolutionConfigurationPlatforms) = preSolution
		Debug|Any CPU = Debug|Any CPU
		Debug|x64 = Debug|x64
		Release|Any CPU = Release|Any CPU
		Release|x64 = Release|x64
	EndGlobalSection
	GlobalSection(ProjectConfigurationPlatforms) = postSolution
		{6FD1CCA1-994B-4DA1-B104-8FB71CE0E3A4}.Debug|Any CPU.ActiveCfg = Debug|Any CPU
		{6FD1CCA1-994B-4DA1-B104-8FB71CE0E3A4}.Debug|Any CPU.Build.0 = Debug|Any CPU
		{6FD1CCA1-994B-4DA1-B104-8FB71CE0E3A4}.Debug|x64.ActiveCfg = Debug|Any CPU
		{6FD1CCA1-994B-4DA1-B104-8FB71CE0E3A4}.Debug|x64.Build.0 = Debug|Any CPU
		{6FD1CCA1-994B-4DA1-B104-8FB71CE0E3A4}.Release|Any CPU.ActiveCfg = Release|Any CPU
		{6FD1CCA1-994B-4DA1-B104-8FB71CE0E3A4}.Release|Any CPU.Build.0 = Release|Any CPU
		{6FD1CCA1-994B-4DA1-B104-8FB71CE0E3A4}.Release|x64.ActiveCfg = Release|Any CPU
		{6FD1CCA1-994B-4DA1-B104-8FB71CE0E3A4}.Release|x64.Build.0 = Release|Any CPU
		{5994631D-2F06-4418-BA36-2081582B7CCD}.Debug|Any CPU.ActiveCfg = Debug|Any CPU
		{5994631D-2F06-4418-BA36-2081582B7CCD}.Debug|Any CPU.Build.0 = Debug|Any CPU
		{5994631D-2F06-4418-BA36-2081582B7CCD}.Debug|x64.ActiveCfg = Debug|Any CPU
		{5994631D-2F06-4418-BA36-2081582B7CCD}.Debug|x64.Build.0 = Debug|Any CPU
		{5994631D-2F06-4418-BA36-2081582B7CCD}.Release|Any CPU.ActiveCfg = Release|Any CPU
		{5994631D-2F06-4418-BA36-2081582B7CCD}.Release|Any CPU.Build.0 = Release|Any CPU
		{5994631D-2F06-4418-BA36-2081582B7CCD}.Release|x64.ActiveCfg = Release|Any CPU
		{5994631D-2F06-4418-BA36-2081582B7CCD}.Release|x64.Build.0 = Release|Any CPU
		{A1A01CA5-24BF-4F9A-8F4A-68308E89A056}.Debug|Any CPU.ActiveCfg = Debug|Any CPU
		{A1A01CA5-24BF-4F9A-8F4A-68308E89A056}.Debug|Any CPU.Build.0 = Debug|Any CPU
		{A1A01CA5-24BF-4F9A-8F4A-68308E89A056}.Debug|x64.ActiveCfg = Debug|Any CPU
		{A1A01CA5-24BF-4F9A-8F4A-68308E89A056}.Debug|x64.Build.0 = Debug|Any CPU
		{A1A01CA5-24BF-4F9A-8F4A-68308E89A056}.Release|Any CPU.ActiveCfg = Release|Any CPU
		{A1A01CA5-24BF-4F9A-8F4A-68308E89A056}.Release|Any CPU.Build.0 = Release|Any CPU
		{A1A01CA5-24BF-4F9A-8F4A-68308E89A056}.Release|x64.ActiveCfg = Release|Any CPU
		{A1A01CA5-24BF-4F9A-8F4A-68308E89A056}.Release|x64.Build.0 = Release|Any CPU
		{7549FC08-3766-426E-8A8A-367C55065DBE}.Debug|Any CPU.ActiveCfg = Debug|Any CPU
		{7549FC08-3766-426E-8A8A-367C55065DBE}.Debug|Any CPU.Build.0 = Debug|Any CPU
		{7549FC08-3766-426E-8A8A-367C55065DBE}.Debug|x64.ActiveCfg = Debug|Any CPU
		{7549FC08-3766-426E-8A8A-367C55065DBE}.Debug|x64.Build.0 = Debug|Any CPU
		{7549FC08-3766-426E-8A8A-367C55065DBE}.Release|Any CPU.ActiveCfg = Release|Any CPU
		{7549FC08-3766-426E-8A8A-367C55065DBE}.Release|Any CPU.Build.0 = Release|Any CPU
		{7549FC08-3766-426E-8A8A-367C55065DBE}.Release|x64.ActiveCfg = Release|Any CPU
		{7549FC08-3766-426E-8A8A-367C55065DBE}.Release|x64.Build.0 = Release|Any CPU
		{EA03604F-0A7F-4D27-B750-47321931A9FA}.Debug|Any CPU.ActiveCfg = Debug|Any CPU
		{EA03604F-0A7F-4D27-B750-47321931A9FA}.Debug|Any CPU.Build.0 = Debug|Any CPU
		{EA03604F-0A7F-4D27-B750-47321931A9FA}.Debug|x64.ActiveCfg = Debug|Any CPU
		{EA03604F-0A7F-4D27-B750-47321931A9FA}.Debug|x64.Build.0 = Debug|Any CPU
		{EA03604F-0A7F-4D27-B750-47321931A9FA}.Release|Any CPU.ActiveCfg = Release|Any CPU
		{EA03604F-0A7F-4D27-B750-47321931A9FA}.Release|Any CPU.Build.0 = Release|Any CPU
		{EA03604F-0A7F-4D27-B750-47321931A9FA}.Release|x64.ActiveCfg = Release|Any CPU
		{EA03604F-0A7F-4D27-B750-47321931A9FA}.Release|x64.Build.0 = Release|Any CPU
		{3485A7A9-280F-4F47-B7E9-FCE4F09D434A}.Debug|Any CPU.ActiveCfg = Debug|Any CPU
		{3485A7A9-280F-4F47-B7E9-FCE4F09D434A}.Debug|Any CPU.Build.0 = Debug|Any CPU
		{3485A7A9-280F-4F47-B7E9-FCE4F09D434A}.Debug|x64.ActiveCfg = Debug|Any CPU
		{3485A7A9-280F-4F47-B7E9-FCE4F09D434A}.Debug|x64.Build.0 = Debug|Any CPU
		{3485A7A9-280F-4F47-B7E9-FCE4F09D434A}.Release|Any CPU.ActiveCfg = Release|Any CPU
		{3485A7A9-280F-4F47-B7E9-FCE4F09D434A}.Release|Any CPU.Build.0 = Release|Any CPU
		{3485A7A9-280F-4F47-B7E9-FCE4F09D434A}.Release|x64.ActiveCfg = Release|Any CPU
		{3485A7A9-280F-4F47-B7E9-FCE4F09D434A}.Release|x64.Build.0 = Release|Any CPU
		{B6B4ED3D-A6F0-4F02-AA5C-0FAF2832578F}.Debug|Any CPU.ActiveCfg = Debug|Any CPU
		{B6B4ED3D-A6F0-4F02-AA5C-0FAF2832578F}.Debug|Any CPU.Build.0 = Debug|Any CPU
		{B6B4ED3D-A6F0-4F02-AA5C-0FAF2832578F}.Debug|x64.ActiveCfg = Debug|Any CPU
		{B6B4ED3D-A6F0-4F02-AA5C-0FAF2832578F}.Debug|x64.Build.0 = Debug|Any CPU
		{B6B4ED3D-A6F0-4F02-AA5C-0FAF2832578F}.Release|Any CPU.ActiveCfg = Release|Any CPU
		{B6B4ED3D-A6F0-4F02-AA5C-0FAF2832578F}.Release|Any CPU.Build.0 = Release|Any CPU
		{B6B4ED3D-A6F0-4F02-AA5C-0FAF2832578F}.Release|x64.ActiveCfg = Release|Any CPU
		{B6B4ED3D-A6F0-4F02-AA5C-0FAF2832578F}.Release|x64.Build.0 = Release|Any CPU
		{3E1DF154-D684-46E2-A6EF-6AC30618083E}.Debug|Any CPU.ActiveCfg = Debug|Any CPU
		{3E1DF154-D684-46E2-A6EF-6AC30618083E}.Debug|Any CPU.Build.0 = Debug|Any CPU
		{3E1DF154-D684-46E2-A6EF-6AC30618083E}.Debug|x64.ActiveCfg = Debug|Any CPU
		{3E1DF154-D684-46E2-A6EF-6AC30618083E}.Debug|x64.Build.0 = Debug|Any CPU
		{3E1DF154-D684-46E2-A6EF-6AC30618083E}.Release|Any CPU.ActiveCfg = Release|Any CPU
		{3E1DF154-D684-46E2-A6EF-6AC30618083E}.Release|Any CPU.Build.0 = Release|Any CPU
		{3E1DF154-D684-46E2-A6EF-6AC30618083E}.Release|x64.ActiveCfg = Release|Any CPU
		{3E1DF154-D684-46E2-A6EF-6AC30618083E}.Release|x64.Build.0 = Release|Any CPU
		{CAC71844-F58F-4809-9F47-D15B305C3DF8}.Debug|Any CPU.ActiveCfg = Debug|Any CPU
		{CAC71844-F58F-4809-9F47-D15B305C3DF8}.Debug|Any CPU.Build.0 = Debug|Any CPU
		{CAC71844-F58F-4809-9F47-D15B305C3DF8}.Debug|x64.ActiveCfg = Debug|Any CPU
		{CAC71844-F58F-4809-9F47-D15B305C3DF8}.Debug|x64.Build.0 = Debug|Any CPU
		{CAC71844-F58F-4809-9F47-D15B305C3DF8}.Release|Any CPU.ActiveCfg = Release|Any CPU
		{CAC71844-F58F-4809-9F47-D15B305C3DF8}.Release|Any CPU.Build.0 = Release|Any CPU
		{CAC71844-F58F-4809-9F47-D15B305C3DF8}.Release|x64.ActiveCfg = Release|Any CPU
		{CAC71844-F58F-4809-9F47-D15B305C3DF8}.Release|x64.Build.0 = Release|Any CPU
		{D6B83D83-939A-4AFB-8C4A-F667FABC7F4F}.Debug|Any CPU.ActiveCfg = Debug|Any CPU
		{D6B83D83-939A-4AFB-8C4A-F667FABC7F4F}.Debug|Any CPU.Build.0 = Debug|Any CPU
		{D6B83D83-939A-4AFB-8C4A-F667FABC7F4F}.Debug|x64.ActiveCfg = Debug|Any CPU
		{D6B83D83-939A-4AFB-8C4A-F667FABC7F4F}.Debug|x64.Build.0 = Debug|Any CPU
		{D6B83D83-939A-4AFB-8C4A-F667FABC7F4F}.Release|Any CPU.ActiveCfg = Release|Any CPU
		{D6B83D83-939A-4AFB-8C4A-F667FABC7F4F}.Release|Any CPU.Build.0 = Release|Any CPU
		{D6B83D83-939A-4AFB-8C4A-F667FABC7F4F}.Release|x64.ActiveCfg = Release|Any CPU
		{D6B83D83-939A-4AFB-8C4A-F667FABC7F4F}.Release|x64.Build.0 = Release|Any CPU
		{64B8710D-AFFC-4BE4-BFA3-F04520F152AC}.Debug|Any CPU.ActiveCfg = Debug|Any CPU
		{64B8710D-AFFC-4BE4-BFA3-F04520F152AC}.Debug|Any CPU.Build.0 = Debug|Any CPU
		{64B8710D-AFFC-4BE4-BFA3-F04520F152AC}.Debug|x64.ActiveCfg = Debug|Any CPU
		{64B8710D-AFFC-4BE4-BFA3-F04520F152AC}.Debug|x64.Build.0 = Debug|Any CPU
		{64B8710D-AFFC-4BE4-BFA3-F04520F152AC}.Release|Any CPU.ActiveCfg = Release|Any CPU
		{64B8710D-AFFC-4BE4-BFA3-F04520F152AC}.Release|Any CPU.Build.0 = Release|Any CPU
		{64B8710D-AFFC-4BE4-BFA3-F04520F152AC}.Release|x64.ActiveCfg = Release|Any CPU
		{64B8710D-AFFC-4BE4-BFA3-F04520F152AC}.Release|x64.Build.0 = Release|Any CPU
		{84DDD3CA-78F1-4B14-A512-FE8AF9E90323}.Debug|Any CPU.ActiveCfg = Debug|Any CPU
		{84DDD3CA-78F1-4B14-A512-FE8AF9E90323}.Debug|Any CPU.Build.0 = Debug|Any CPU
		{84DDD3CA-78F1-4B14-A512-FE8AF9E90323}.Debug|x64.ActiveCfg = Debug|Any CPU
		{84DDD3CA-78F1-4B14-A512-FE8AF9E90323}.Debug|x64.Build.0 = Debug|Any CPU
		{84DDD3CA-78F1-4B14-A512-FE8AF9E90323}.Release|Any CPU.ActiveCfg = Release|Any CPU
		{84DDD3CA-78F1-4B14-A512-FE8AF9E90323}.Release|Any CPU.Build.0 = Release|Any CPU
		{84DDD3CA-78F1-4B14-A512-FE8AF9E90323}.Release|x64.ActiveCfg = Release|Any CPU
		{84DDD3CA-78F1-4B14-A512-FE8AF9E90323}.Release|x64.Build.0 = Release|Any CPU
		{7E504F82-9F63-40D5-AC6B-34386F4D7552}.Debug|Any CPU.ActiveCfg = Debug|Any CPU
		{7E504F82-9F63-40D5-AC6B-34386F4D7552}.Debug|Any CPU.Build.0 = Debug|Any CPU
		{7E504F82-9F63-40D5-AC6B-34386F4D7552}.Debug|x64.ActiveCfg = Debug|Any CPU
		{7E504F82-9F63-40D5-AC6B-34386F4D7552}.Debug|x64.Build.0 = Debug|Any CPU
		{7E504F82-9F63-40D5-AC6B-34386F4D7552}.Release|Any CPU.ActiveCfg = Release|Any CPU
		{7E504F82-9F63-40D5-AC6B-34386F4D7552}.Release|Any CPU.Build.0 = Release|Any CPU
		{7E504F82-9F63-40D5-AC6B-34386F4D7552}.Release|x64.ActiveCfg = Release|Any CPU
		{7E504F82-9F63-40D5-AC6B-34386F4D7552}.Release|x64.Build.0 = Release|Any CPU
		{C35CA536-6DB1-48C3-92B4-4308C51EAB97}.Debug|Any CPU.ActiveCfg = Debug|Any CPU
		{C35CA536-6DB1-48C3-92B4-4308C51EAB97}.Debug|Any CPU.Build.0 = Debug|Any CPU
		{C35CA536-6DB1-48C3-92B4-4308C51EAB97}.Debug|x64.ActiveCfg = Debug|Any CPU
		{C35CA536-6DB1-48C3-92B4-4308C51EAB97}.Debug|x64.Build.0 = Debug|Any CPU
		{C35CA536-6DB1-48C3-92B4-4308C51EAB97}.Release|Any CPU.ActiveCfg = Release|Any CPU
		{C35CA536-6DB1-48C3-92B4-4308C51EAB97}.Release|Any CPU.Build.0 = Release|Any CPU
		{C35CA536-6DB1-48C3-92B4-4308C51EAB97}.Release|x64.ActiveCfg = Release|Any CPU
		{C35CA536-6DB1-48C3-92B4-4308C51EAB97}.Release|x64.Build.0 = Release|Any CPU
		{7D07AB55-35CC-4903-8189-0B63053625DF}.Debug|Any CPU.ActiveCfg = Debug|Any CPU
		{7D07AB55-35CC-4903-8189-0B63053625DF}.Debug|Any CPU.Build.0 = Debug|Any CPU
		{7D07AB55-35CC-4903-8189-0B63053625DF}.Debug|x64.ActiveCfg = Debug|Any CPU
		{7D07AB55-35CC-4903-8189-0B63053625DF}.Debug|x64.Build.0 = Debug|Any CPU
		{7D07AB55-35CC-4903-8189-0B63053625DF}.Release|Any CPU.ActiveCfg = Release|Any CPU
		{7D07AB55-35CC-4903-8189-0B63053625DF}.Release|Any CPU.Build.0 = Release|Any CPU
		{7D07AB55-35CC-4903-8189-0B63053625DF}.Release|x64.ActiveCfg = Release|Any CPU
		{7D07AB55-35CC-4903-8189-0B63053625DF}.Release|x64.Build.0 = Release|Any CPU
		{65B3448F-96F9-4986-AA52-B1F72ADD2D60}.Debug|Any CPU.ActiveCfg = Debug|Any CPU
		{65B3448F-96F9-4986-AA52-B1F72ADD2D60}.Debug|Any CPU.Build.0 = Debug|Any CPU
		{65B3448F-96F9-4986-AA52-B1F72ADD2D60}.Debug|x64.ActiveCfg = Debug|Any CPU
		{65B3448F-96F9-4986-AA52-B1F72ADD2D60}.Debug|x64.Build.0 = Debug|Any CPU
		{65B3448F-96F9-4986-AA52-B1F72ADD2D60}.Release|Any CPU.ActiveCfg = Release|Any CPU
		{65B3448F-96F9-4986-AA52-B1F72ADD2D60}.Release|Any CPU.Build.0 = Release|Any CPU
		{65B3448F-96F9-4986-AA52-B1F72ADD2D60}.Release|x64.ActiveCfg = Release|Any CPU
		{65B3448F-96F9-4986-AA52-B1F72ADD2D60}.Release|x64.Build.0 = Release|Any CPU
		{0E47C441-D666-4FAF-B0D1-9ECD2F125758}.Debug|Any CPU.ActiveCfg = Debug|Any CPU
		{0E47C441-D666-4FAF-B0D1-9ECD2F125758}.Debug|Any CPU.Build.0 = Debug|Any CPU
		{0E47C441-D666-4FAF-B0D1-9ECD2F125758}.Debug|x64.ActiveCfg = Debug|Any CPU
		{0E47C441-D666-4FAF-B0D1-9ECD2F125758}.Debug|x64.Build.0 = Debug|Any CPU
		{0E47C441-D666-4FAF-B0D1-9ECD2F125758}.Release|Any CPU.ActiveCfg = Release|Any CPU
		{0E47C441-D666-4FAF-B0D1-9ECD2F125758}.Release|Any CPU.Build.0 = Release|Any CPU
		{0E47C441-D666-4FAF-B0D1-9ECD2F125758}.Release|x64.ActiveCfg = Release|Any CPU
		{0E47C441-D666-4FAF-B0D1-9ECD2F125758}.Release|x64.Build.0 = Release|Any CPU
		{F615AE25-4FC8-40DE-8200-BC01D5C56BDA}.Debug|Any CPU.ActiveCfg = Debug|Any CPU
		{F615AE25-4FC8-40DE-8200-BC01D5C56BDA}.Debug|Any CPU.Build.0 = Debug|Any CPU
		{F615AE25-4FC8-40DE-8200-BC01D5C56BDA}.Debug|x64.ActiveCfg = Debug|Any CPU
		{F615AE25-4FC8-40DE-8200-BC01D5C56BDA}.Debug|x64.Build.0 = Debug|Any CPU
		{F615AE25-4FC8-40DE-8200-BC01D5C56BDA}.Release|Any CPU.ActiveCfg = Release|Any CPU
		{F615AE25-4FC8-40DE-8200-BC01D5C56BDA}.Release|Any CPU.Build.0 = Release|Any CPU
		{F615AE25-4FC8-40DE-8200-BC01D5C56BDA}.Release|x64.ActiveCfg = Release|Any CPU
		{F615AE25-4FC8-40DE-8200-BC01D5C56BDA}.Release|x64.Build.0 = Release|Any CPU
		{7929709B-D3B1-478C-A8D1-3DE05B06B16F}.Debug|Any CPU.ActiveCfg = Debug|Any CPU
		{7929709B-D3B1-478C-A8D1-3DE05B06B16F}.Debug|Any CPU.Build.0 = Debug|Any CPU
		{7929709B-D3B1-478C-A8D1-3DE05B06B16F}.Debug|x64.ActiveCfg = Debug|Any CPU
		{7929709B-D3B1-478C-A8D1-3DE05B06B16F}.Debug|x64.Build.0 = Debug|Any CPU
		{7929709B-D3B1-478C-A8D1-3DE05B06B16F}.Release|Any CPU.ActiveCfg = Release|Any CPU
		{7929709B-D3B1-478C-A8D1-3DE05B06B16F}.Release|Any CPU.Build.0 = Release|Any CPU
		{7929709B-D3B1-478C-A8D1-3DE05B06B16F}.Release|x64.ActiveCfg = Release|Any CPU
		{7929709B-D3B1-478C-A8D1-3DE05B06B16F}.Release|x64.Build.0 = Release|Any CPU
		{1134F090-669B-49F3-A9EC-01D7F5712E39}.Debug|Any CPU.ActiveCfg = Debug|Any CPU
		{1134F090-669B-49F3-A9EC-01D7F5712E39}.Debug|Any CPU.Build.0 = Debug|Any CPU
		{1134F090-669B-49F3-A9EC-01D7F5712E39}.Debug|x64.ActiveCfg = Debug|Any CPU
		{1134F090-669B-49F3-A9EC-01D7F5712E39}.Debug|x64.Build.0 = Debug|Any CPU
		{1134F090-669B-49F3-A9EC-01D7F5712E39}.Release|Any CPU.ActiveCfg = Release|Any CPU
		{1134F090-669B-49F3-A9EC-01D7F5712E39}.Release|Any CPU.Build.0 = Release|Any CPU
		{1134F090-669B-49F3-A9EC-01D7F5712E39}.Release|x64.ActiveCfg = Release|Any CPU
		{1134F090-669B-49F3-A9EC-01D7F5712E39}.Release|x64.Build.0 = Release|Any CPU
		{67F666E3-96B8-4F90-B76F-D9CB3BC88381}.Debug|Any CPU.ActiveCfg = Debug|Any CPU
		{67F666E3-96B8-4F90-B76F-D9CB3BC88381}.Debug|Any CPU.Build.0 = Debug|Any CPU
		{67F666E3-96B8-4F90-B76F-D9CB3BC88381}.Debug|x64.ActiveCfg = Debug|Any CPU
		{67F666E3-96B8-4F90-B76F-D9CB3BC88381}.Debug|x64.Build.0 = Debug|Any CPU
		{67F666E3-96B8-4F90-B76F-D9CB3BC88381}.Release|Any CPU.ActiveCfg = Release|Any CPU
		{67F666E3-96B8-4F90-B76F-D9CB3BC88381}.Release|Any CPU.Build.0 = Release|Any CPU
		{67F666E3-96B8-4F90-B76F-D9CB3BC88381}.Release|x64.ActiveCfg = Release|Any CPU
		{67F666E3-96B8-4F90-B76F-D9CB3BC88381}.Release|x64.Build.0 = Release|Any CPU
		{8F1392D9-B9E5-45D0-886E-7083D9F1A5BE}.Debug|Any CPU.ActiveCfg = Debug|Any CPU
		{8F1392D9-B9E5-45D0-886E-7083D9F1A5BE}.Debug|Any CPU.Build.0 = Debug|Any CPU
		{8F1392D9-B9E5-45D0-886E-7083D9F1A5BE}.Debug|x64.ActiveCfg = Debug|Any CPU
		{8F1392D9-B9E5-45D0-886E-7083D9F1A5BE}.Debug|x64.Build.0 = Debug|Any CPU
		{8F1392D9-B9E5-45D0-886E-7083D9F1A5BE}.Release|Any CPU.ActiveCfg = Release|Any CPU
		{8F1392D9-B9E5-45D0-886E-7083D9F1A5BE}.Release|Any CPU.Build.0 = Release|Any CPU
		{8F1392D9-B9E5-45D0-886E-7083D9F1A5BE}.Release|x64.ActiveCfg = Release|Any CPU
		{8F1392D9-B9E5-45D0-886E-7083D9F1A5BE}.Release|x64.Build.0 = Release|Any CPU
		{A6FD2554-5C8C-41FD-A499-7D9077EF519C}.Debug|Any CPU.ActiveCfg = Debug|Any CPU
		{A6FD2554-5C8C-41FD-A499-7D9077EF519C}.Debug|Any CPU.Build.0 = Debug|Any CPU
		{A6FD2554-5C8C-41FD-A499-7D9077EF519C}.Debug|x64.ActiveCfg = Debug|Any CPU
		{A6FD2554-5C8C-41FD-A499-7D9077EF519C}.Debug|x64.Build.0 = Debug|Any CPU
		{A6FD2554-5C8C-41FD-A499-7D9077EF519C}.Release|Any CPU.ActiveCfg = Release|Any CPU
		{A6FD2554-5C8C-41FD-A499-7D9077EF519C}.Release|Any CPU.Build.0 = Release|Any CPU
		{A6FD2554-5C8C-41FD-A499-7D9077EF519C}.Release|x64.ActiveCfg = Release|Any CPU
		{A6FD2554-5C8C-41FD-A499-7D9077EF519C}.Release|x64.Build.0 = Release|Any CPU
		{8471AAFA-B013-4263-9934-3C2FE498853F}.Debug|Any CPU.ActiveCfg = Debug|Any CPU
		{8471AAFA-B013-4263-9934-3C2FE498853F}.Debug|Any CPU.Build.0 = Debug|Any CPU
		{8471AAFA-B013-4263-9934-3C2FE498853F}.Debug|x64.ActiveCfg = Debug|Any CPU
		{8471AAFA-B013-4263-9934-3C2FE498853F}.Debug|x64.Build.0 = Debug|Any CPU
		{8471AAFA-B013-4263-9934-3C2FE498853F}.Release|Any CPU.ActiveCfg = Release|Any CPU
		{8471AAFA-B013-4263-9934-3C2FE498853F}.Release|Any CPU.Build.0 = Release|Any CPU
		{8471AAFA-B013-4263-9934-3C2FE498853F}.Release|x64.ActiveCfg = Release|Any CPU
		{8471AAFA-B013-4263-9934-3C2FE498853F}.Release|x64.Build.0 = Release|Any CPU
		{96924BEB-2238-4355-A0A3-D8E367166A53}.Debug|Any CPU.ActiveCfg = Debug|Any CPU
		{96924BEB-2238-4355-A0A3-D8E367166A53}.Debug|Any CPU.Build.0 = Debug|Any CPU
		{96924BEB-2238-4355-A0A3-D8E367166A53}.Debug|x64.ActiveCfg = Debug|Any CPU
		{96924BEB-2238-4355-A0A3-D8E367166A53}.Debug|x64.Build.0 = Debug|Any CPU
		{96924BEB-2238-4355-A0A3-D8E367166A53}.Release|Any CPU.ActiveCfg = Release|Any CPU
		{96924BEB-2238-4355-A0A3-D8E367166A53}.Release|Any CPU.Build.0 = Release|Any CPU
		{96924BEB-2238-4355-A0A3-D8E367166A53}.Release|x64.ActiveCfg = Release|Any CPU
		{96924BEB-2238-4355-A0A3-D8E367166A53}.Release|x64.Build.0 = Release|Any CPU
		{7308117F-14D5-4AC4-A9F1-2FD6A9D73867}.Debug|Any CPU.ActiveCfg = Debug|Any CPU
		{7308117F-14D5-4AC4-A9F1-2FD6A9D73867}.Debug|Any CPU.Build.0 = Debug|Any CPU
		{7308117F-14D5-4AC4-A9F1-2FD6A9D73867}.Debug|x64.ActiveCfg = Debug|Any CPU
		{7308117F-14D5-4AC4-A9F1-2FD6A9D73867}.Debug|x64.Build.0 = Debug|Any CPU
		{7308117F-14D5-4AC4-A9F1-2FD6A9D73867}.Release|Any CPU.ActiveCfg = Release|Any CPU
		{7308117F-14D5-4AC4-A9F1-2FD6A9D73867}.Release|Any CPU.Build.0 = Release|Any CPU
		{7308117F-14D5-4AC4-A9F1-2FD6A9D73867}.Release|x64.ActiveCfg = Release|Any CPU
		{7308117F-14D5-4AC4-A9F1-2FD6A9D73867}.Release|x64.Build.0 = Release|Any CPU
		{F5A2B5CE-2CD3-4DF8-A3D1-B917C1BDB9A1}.Debug|Any CPU.ActiveCfg = Debug|Any CPU
		{F5A2B5CE-2CD3-4DF8-A3D1-B917C1BDB9A1}.Debug|Any CPU.Build.0 = Debug|Any CPU
		{F5A2B5CE-2CD3-4DF8-A3D1-B917C1BDB9A1}.Debug|x64.ActiveCfg = Debug|Any CPU
		{F5A2B5CE-2CD3-4DF8-A3D1-B917C1BDB9A1}.Debug|x64.Build.0 = Debug|Any CPU
		{F5A2B5CE-2CD3-4DF8-A3D1-B917C1BDB9A1}.Release|Any CPU.ActiveCfg = Release|Any CPU
		{F5A2B5CE-2CD3-4DF8-A3D1-B917C1BDB9A1}.Release|Any CPU.Build.0 = Release|Any CPU
		{F5A2B5CE-2CD3-4DF8-A3D1-B917C1BDB9A1}.Release|x64.ActiveCfg = Release|Any CPU
		{F5A2B5CE-2CD3-4DF8-A3D1-B917C1BDB9A1}.Release|x64.Build.0 = Release|Any CPU
		{C26E1F0B-44CF-4323-A949-5B5E2C4C3C35}.Debug|Any CPU.ActiveCfg = Debug|Any CPU
		{C26E1F0B-44CF-4323-A949-5B5E2C4C3C35}.Debug|Any CPU.Build.0 = Debug|Any CPU
		{C26E1F0B-44CF-4323-A949-5B5E2C4C3C35}.Debug|x64.ActiveCfg = Debug|Any CPU
		{C26E1F0B-44CF-4323-A949-5B5E2C4C3C35}.Debug|x64.Build.0 = Debug|Any CPU
		{C26E1F0B-44CF-4323-A949-5B5E2C4C3C35}.Release|Any CPU.ActiveCfg = Release|Any CPU
		{C26E1F0B-44CF-4323-A949-5B5E2C4C3C35}.Release|Any CPU.Build.0 = Release|Any CPU
		{C26E1F0B-44CF-4323-A949-5B5E2C4C3C35}.Release|x64.ActiveCfg = Release|Any CPU
		{C26E1F0B-44CF-4323-A949-5B5E2C4C3C35}.Release|x64.Build.0 = Release|Any CPU
		{AE128E73-EBFE-4048-A16B-B75550B62CD4}.Debug|Any CPU.ActiveCfg = Debug|Any CPU
		{AE128E73-EBFE-4048-A16B-B75550B62CD4}.Debug|Any CPU.Build.0 = Debug|Any CPU
		{AE128E73-EBFE-4048-A16B-B75550B62CD4}.Debug|x64.ActiveCfg = Debug|Any CPU
		{AE128E73-EBFE-4048-A16B-B75550B62CD4}.Debug|x64.Build.0 = Debug|Any CPU
		{AE128E73-EBFE-4048-A16B-B75550B62CD4}.Release|Any CPU.ActiveCfg = Release|Any CPU
		{AE128E73-EBFE-4048-A16B-B75550B62CD4}.Release|Any CPU.Build.0 = Release|Any CPU
		{AE128E73-EBFE-4048-A16B-B75550B62CD4}.Release|x64.ActiveCfg = Release|Any CPU
		{AE128E73-EBFE-4048-A16B-B75550B62CD4}.Release|x64.Build.0 = Release|Any CPU
		{2DD5330E-C38B-4ACD-84F2-F892A33C3A85}.Debug|Any CPU.ActiveCfg = Debug|Any CPU
		{2DD5330E-C38B-4ACD-84F2-F892A33C3A85}.Debug|Any CPU.Build.0 = Debug|Any CPU
		{2DD5330E-C38B-4ACD-84F2-F892A33C3A85}.Debug|x64.ActiveCfg = Debug|Any CPU
		{2DD5330E-C38B-4ACD-84F2-F892A33C3A85}.Debug|x64.Build.0 = Debug|Any CPU
		{2DD5330E-C38B-4ACD-84F2-F892A33C3A85}.Release|Any CPU.ActiveCfg = Release|Any CPU
		{2DD5330E-C38B-4ACD-84F2-F892A33C3A85}.Release|Any CPU.Build.0 = Release|Any CPU
		{2DD5330E-C38B-4ACD-84F2-F892A33C3A85}.Release|x64.ActiveCfg = Release|Any CPU
		{2DD5330E-C38B-4ACD-84F2-F892A33C3A85}.Release|x64.Build.0 = Release|Any CPU
		{70543EC8-2850-4042-AE46-D19127E5D3E7}.Debug|Any CPU.ActiveCfg = Debug|Any CPU
		{70543EC8-2850-4042-AE46-D19127E5D3E7}.Debug|Any CPU.Build.0 = Debug|Any CPU
		{70543EC8-2850-4042-AE46-D19127E5D3E7}.Debug|x64.ActiveCfg = Debug|Any CPU
		{70543EC8-2850-4042-AE46-D19127E5D3E7}.Debug|x64.Build.0 = Debug|Any CPU
		{70543EC8-2850-4042-AE46-D19127E5D3E7}.Release|Any CPU.ActiveCfg = Release|Any CPU
		{70543EC8-2850-4042-AE46-D19127E5D3E7}.Release|Any CPU.Build.0 = Release|Any CPU
		{70543EC8-2850-4042-AE46-D19127E5D3E7}.Release|x64.ActiveCfg = Release|Any CPU
		{70543EC8-2850-4042-AE46-D19127E5D3E7}.Release|x64.Build.0 = Release|Any CPU
		{5088AEBA-7022-4414-AF43-76086F6B2155}.Debug|Any CPU.ActiveCfg = Debug|Any CPU
		{5088AEBA-7022-4414-AF43-76086F6B2155}.Debug|Any CPU.Build.0 = Debug|Any CPU
		{5088AEBA-7022-4414-AF43-76086F6B2155}.Debug|x64.ActiveCfg = Debug|Any CPU
		{5088AEBA-7022-4414-AF43-76086F6B2155}.Debug|x64.Build.0 = Debug|Any CPU
		{5088AEBA-7022-4414-AF43-76086F6B2155}.Release|Any CPU.ActiveCfg = Release|Any CPU
		{5088AEBA-7022-4414-AF43-76086F6B2155}.Release|Any CPU.Build.0 = Release|Any CPU
		{5088AEBA-7022-4414-AF43-76086F6B2155}.Release|x64.ActiveCfg = Release|Any CPU
		{5088AEBA-7022-4414-AF43-76086F6B2155}.Release|x64.Build.0 = Release|Any CPU
		{EEFFD170-F89C-4526-B990-24DB8B06201E}.Debug|Any CPU.ActiveCfg = Debug|Any CPU
		{EEFFD170-F89C-4526-B990-24DB8B06201E}.Debug|Any CPU.Build.0 = Debug|Any CPU
		{EEFFD170-F89C-4526-B990-24DB8B06201E}.Debug|x64.ActiveCfg = Debug|Any CPU
		{EEFFD170-F89C-4526-B990-24DB8B06201E}.Debug|x64.Build.0 = Debug|Any CPU
		{EEFFD170-F89C-4526-B990-24DB8B06201E}.Release|Any CPU.ActiveCfg = Release|Any CPU
		{EEFFD170-F89C-4526-B990-24DB8B06201E}.Release|Any CPU.Build.0 = Release|Any CPU
		{EEFFD170-F89C-4526-B990-24DB8B06201E}.Release|x64.ActiveCfg = Release|Any CPU
		{EEFFD170-F89C-4526-B990-24DB8B06201E}.Release|x64.Build.0 = Release|Any CPU
		{4EA58174-3DDB-4DFC-AF46-359FD5F33E57}.Debug|Any CPU.ActiveCfg = Debug|Any CPU
		{4EA58174-3DDB-4DFC-AF46-359FD5F33E57}.Debug|Any CPU.Build.0 = Debug|Any CPU
		{4EA58174-3DDB-4DFC-AF46-359FD5F33E57}.Debug|x64.ActiveCfg = Debug|Any CPU
		{4EA58174-3DDB-4DFC-AF46-359FD5F33E57}.Debug|x64.Build.0 = Debug|Any CPU
		{4EA58174-3DDB-4DFC-AF46-359FD5F33E57}.Release|Any CPU.ActiveCfg = Release|Any CPU
		{4EA58174-3DDB-4DFC-AF46-359FD5F33E57}.Release|Any CPU.Build.0 = Release|Any CPU
		{4EA58174-3DDB-4DFC-AF46-359FD5F33E57}.Release|x64.ActiveCfg = Release|Any CPU
		{4EA58174-3DDB-4DFC-AF46-359FD5F33E57}.Release|x64.Build.0 = Release|Any CPU
		{E431AEC3-B3B2-4F1D-946D-BBC9E787B376}.Debug|Any CPU.ActiveCfg = Debug|Any CPU
		{E431AEC3-B3B2-4F1D-946D-BBC9E787B376}.Debug|Any CPU.Build.0 = Debug|Any CPU
		{E431AEC3-B3B2-4F1D-946D-BBC9E787B376}.Debug|x64.ActiveCfg = Debug|Any CPU
		{E431AEC3-B3B2-4F1D-946D-BBC9E787B376}.Debug|x64.Build.0 = Debug|Any CPU
		{E431AEC3-B3B2-4F1D-946D-BBC9E787B376}.Release|Any CPU.ActiveCfg = Release|Any CPU
		{E431AEC3-B3B2-4F1D-946D-BBC9E787B376}.Release|Any CPU.Build.0 = Release|Any CPU
		{E431AEC3-B3B2-4F1D-946D-BBC9E787B376}.Release|x64.ActiveCfg = Release|Any CPU
		{E431AEC3-B3B2-4F1D-946D-BBC9E787B376}.Release|x64.Build.0 = Release|Any CPU
		{356DF53F-8F60-4FC1-995A-2D5A88FA5723}.Debug|Any CPU.ActiveCfg = Debug|Any CPU
		{356DF53F-8F60-4FC1-995A-2D5A88FA5723}.Debug|Any CPU.Build.0 = Debug|Any CPU
		{356DF53F-8F60-4FC1-995A-2D5A88FA5723}.Debug|x64.ActiveCfg = Debug|Any CPU
		{356DF53F-8F60-4FC1-995A-2D5A88FA5723}.Debug|x64.Build.0 = Debug|Any CPU
		{356DF53F-8F60-4FC1-995A-2D5A88FA5723}.Release|Any CPU.ActiveCfg = Release|Any CPU
		{356DF53F-8F60-4FC1-995A-2D5A88FA5723}.Release|Any CPU.Build.0 = Release|Any CPU
		{356DF53F-8F60-4FC1-995A-2D5A88FA5723}.Release|x64.ActiveCfg = Release|Any CPU
		{356DF53F-8F60-4FC1-995A-2D5A88FA5723}.Release|x64.Build.0 = Release|Any CPU
		{391E9F8F-0BA1-470B-A481-13C320E7DB47}.Debug|Any CPU.ActiveCfg = Debug|Any CPU
		{391E9F8F-0BA1-470B-A481-13C320E7DB47}.Debug|Any CPU.Build.0 = Debug|Any CPU
		{391E9F8F-0BA1-470B-A481-13C320E7DB47}.Debug|x64.ActiveCfg = Debug|Any CPU
		{391E9F8F-0BA1-470B-A481-13C320E7DB47}.Debug|x64.Build.0 = Debug|Any CPU
		{391E9F8F-0BA1-470B-A481-13C320E7DB47}.Release|Any CPU.ActiveCfg = Release|Any CPU
		{391E9F8F-0BA1-470B-A481-13C320E7DB47}.Release|Any CPU.Build.0 = Release|Any CPU
		{391E9F8F-0BA1-470B-A481-13C320E7DB47}.Release|x64.ActiveCfg = Release|Any CPU
		{391E9F8F-0BA1-470B-A481-13C320E7DB47}.Release|x64.Build.0 = Release|Any CPU
		{757298A2-EE47-4823-A6C2-F3A4EB3620D5}.Debug|Any CPU.ActiveCfg = Debug|Any CPU
		{757298A2-EE47-4823-A6C2-F3A4EB3620D5}.Debug|Any CPU.Build.0 = Debug|Any CPU
		{757298A2-EE47-4823-A6C2-F3A4EB3620D5}.Debug|x64.ActiveCfg = Debug|Any CPU
		{757298A2-EE47-4823-A6C2-F3A4EB3620D5}.Debug|x64.Build.0 = Debug|Any CPU
		{757298A2-EE47-4823-A6C2-F3A4EB3620D5}.Release|Any CPU.ActiveCfg = Release|Any CPU
		{757298A2-EE47-4823-A6C2-F3A4EB3620D5}.Release|Any CPU.Build.0 = Release|Any CPU
		{757298A2-EE47-4823-A6C2-F3A4EB3620D5}.Release|x64.ActiveCfg = Release|Any CPU
		{757298A2-EE47-4823-A6C2-F3A4EB3620D5}.Release|x64.Build.0 = Release|Any CPU
		{D9BF45B9-7C4C-443A-8B7B-E6B84C4112A8}.Debug|Any CPU.ActiveCfg = Debug|Any CPU
		{D9BF45B9-7C4C-443A-8B7B-E6B84C4112A8}.Debug|Any CPU.Build.0 = Debug|Any CPU
		{D9BF45B9-7C4C-443A-8B7B-E6B84C4112A8}.Debug|x64.ActiveCfg = Debug|Any CPU
		{D9BF45B9-7C4C-443A-8B7B-E6B84C4112A8}.Debug|x64.Build.0 = Debug|Any CPU
		{D9BF45B9-7C4C-443A-8B7B-E6B84C4112A8}.Release|Any CPU.ActiveCfg = Release|Any CPU
		{D9BF45B9-7C4C-443A-8B7B-E6B84C4112A8}.Release|Any CPU.Build.0 = Release|Any CPU
		{D9BF45B9-7C4C-443A-8B7B-E6B84C4112A8}.Release|x64.ActiveCfg = Release|Any CPU
		{D9BF45B9-7C4C-443A-8B7B-E6B84C4112A8}.Release|x64.Build.0 = Release|Any CPU
		{175D3B39-C520-4618-ADAA-29C488663865}.Debug|Any CPU.ActiveCfg = Debug|Any CPU
		{175D3B39-C520-4618-ADAA-29C488663865}.Debug|Any CPU.Build.0 = Debug|Any CPU
		{175D3B39-C520-4618-ADAA-29C488663865}.Debug|x64.ActiveCfg = Debug|Any CPU
		{175D3B39-C520-4618-ADAA-29C488663865}.Debug|x64.Build.0 = Debug|Any CPU
		{175D3B39-C520-4618-ADAA-29C488663865}.Release|Any CPU.ActiveCfg = Release|Any CPU
		{175D3B39-C520-4618-ADAA-29C488663865}.Release|Any CPU.Build.0 = Release|Any CPU
		{175D3B39-C520-4618-ADAA-29C488663865}.Release|x64.ActiveCfg = Release|Any CPU
		{175D3B39-C520-4618-ADAA-29C488663865}.Release|x64.Build.0 = Release|Any CPU
		{8715BFB6-E3B1-497E-BD6C-31583AD0A0A3}.Debug|Any CPU.ActiveCfg = Debug|Any CPU
		{8715BFB6-E3B1-497E-BD6C-31583AD0A0A3}.Debug|Any CPU.Build.0 = Debug|Any CPU
		{8715BFB6-E3B1-497E-BD6C-31583AD0A0A3}.Debug|x64.ActiveCfg = Debug|Any CPU
		{8715BFB6-E3B1-497E-BD6C-31583AD0A0A3}.Debug|x64.Build.0 = Debug|Any CPU
		{8715BFB6-E3B1-497E-BD6C-31583AD0A0A3}.Release|Any CPU.ActiveCfg = Release|Any CPU
		{8715BFB6-E3B1-497E-BD6C-31583AD0A0A3}.Release|Any CPU.Build.0 = Release|Any CPU
		{8715BFB6-E3B1-497E-BD6C-31583AD0A0A3}.Release|x64.ActiveCfg = Release|Any CPU
		{8715BFB6-E3B1-497E-BD6C-31583AD0A0A3}.Release|x64.Build.0 = Release|Any CPU
		{04E565C8-F650-49D7-AC82-4D331B77B797}.Debug|Any CPU.ActiveCfg = Debug|Any CPU
		{04E565C8-F650-49D7-AC82-4D331B77B797}.Debug|Any CPU.Build.0 = Debug|Any CPU
		{04E565C8-F650-49D7-AC82-4D331B77B797}.Debug|x64.ActiveCfg = Debug|Any CPU
		{04E565C8-F650-49D7-AC82-4D331B77B797}.Debug|x64.Build.0 = Debug|Any CPU
		{04E565C8-F650-49D7-AC82-4D331B77B797}.Release|Any CPU.ActiveCfg = Release|Any CPU
		{04E565C8-F650-49D7-AC82-4D331B77B797}.Release|Any CPU.Build.0 = Release|Any CPU
		{04E565C8-F650-49D7-AC82-4D331B77B797}.Release|x64.ActiveCfg = Release|Any CPU
		{04E565C8-F650-49D7-AC82-4D331B77B797}.Release|x64.Build.0 = Release|Any CPU
		{33605558-2B94-467A-8654-243442B45019}.Debug|Any CPU.ActiveCfg = Debug|Any CPU
		{33605558-2B94-467A-8654-243442B45019}.Debug|Any CPU.Build.0 = Debug|Any CPU
		{33605558-2B94-467A-8654-243442B45019}.Debug|x64.ActiveCfg = Debug|Any CPU
		{33605558-2B94-467A-8654-243442B45019}.Debug|x64.Build.0 = Debug|Any CPU
		{33605558-2B94-467A-8654-243442B45019}.Release|Any CPU.ActiveCfg = Release|Any CPU
		{33605558-2B94-467A-8654-243442B45019}.Release|Any CPU.Build.0 = Release|Any CPU
		{33605558-2B94-467A-8654-243442B45019}.Release|x64.ActiveCfg = Release|Any CPU
		{33605558-2B94-467A-8654-243442B45019}.Release|x64.Build.0 = Release|Any CPU
		{40775359-DB07-4185-AF00-0ECBC57D292E}.Debug|Any CPU.ActiveCfg = Debug|Any CPU
		{40775359-DB07-4185-AF00-0ECBC57D292E}.Debug|Any CPU.Build.0 = Debug|Any CPU
		{40775359-DB07-4185-AF00-0ECBC57D292E}.Debug|x64.ActiveCfg = Debug|Any CPU
		{40775359-DB07-4185-AF00-0ECBC57D292E}.Debug|x64.Build.0 = Debug|Any CPU
		{40775359-DB07-4185-AF00-0ECBC57D292E}.Release|Any CPU.ActiveCfg = Release|Any CPU
		{40775359-DB07-4185-AF00-0ECBC57D292E}.Release|Any CPU.Build.0 = Release|Any CPU
		{40775359-DB07-4185-AF00-0ECBC57D292E}.Release|x64.ActiveCfg = Release|Any CPU
		{40775359-DB07-4185-AF00-0ECBC57D292E}.Release|x64.Build.0 = Release|Any CPU
		{D96D1BAF-9F59-42D6-BA10-60D427FAC2EC}.Debug|Any CPU.ActiveCfg = Debug|Any CPU
		{D96D1BAF-9F59-42D6-BA10-60D427FAC2EC}.Debug|Any CPU.Build.0 = Debug|Any CPU
		{D96D1BAF-9F59-42D6-BA10-60D427FAC2EC}.Debug|x64.ActiveCfg = Debug|Any CPU
		{D96D1BAF-9F59-42D6-BA10-60D427FAC2EC}.Debug|x64.Build.0 = Debug|Any CPU
		{D96D1BAF-9F59-42D6-BA10-60D427FAC2EC}.Release|Any CPU.ActiveCfg = Release|Any CPU
		{D96D1BAF-9F59-42D6-BA10-60D427FAC2EC}.Release|Any CPU.Build.0 = Release|Any CPU
		{D96D1BAF-9F59-42D6-BA10-60D427FAC2EC}.Release|x64.ActiveCfg = Release|Any CPU
		{D96D1BAF-9F59-42D6-BA10-60D427FAC2EC}.Release|x64.Build.0 = Release|Any CPU
		{FA932EB9-5687-47F4-A175-B4E9415B590B}.Debug|Any CPU.ActiveCfg = Debug|Any CPU
		{FA932EB9-5687-47F4-A175-B4E9415B590B}.Debug|Any CPU.Build.0 = Debug|Any CPU
		{FA932EB9-5687-47F4-A175-B4E9415B590B}.Debug|x64.ActiveCfg = Debug|Any CPU
		{FA932EB9-5687-47F4-A175-B4E9415B590B}.Debug|x64.Build.0 = Debug|Any CPU
		{FA932EB9-5687-47F4-A175-B4E9415B590B}.Release|Any CPU.ActiveCfg = Release|Any CPU
		{FA932EB9-5687-47F4-A175-B4E9415B590B}.Release|Any CPU.Build.0 = Release|Any CPU
		{FA932EB9-5687-47F4-A175-B4E9415B590B}.Release|x64.ActiveCfg = Release|Any CPU
		{FA932EB9-5687-47F4-A175-B4E9415B590B}.Release|x64.Build.0 = Release|Any CPU
		{79C09B6F-56BF-4A14-9C1B-DF68D01D8CC2}.Debug|Any CPU.ActiveCfg = Debug|Any CPU
		{79C09B6F-56BF-4A14-9C1B-DF68D01D8CC2}.Debug|Any CPU.Build.0 = Debug|Any CPU
		{79C09B6F-56BF-4A14-9C1B-DF68D01D8CC2}.Debug|x64.ActiveCfg = Debug|Any CPU
		{79C09B6F-56BF-4A14-9C1B-DF68D01D8CC2}.Debug|x64.Build.0 = Debug|Any CPU
		{79C09B6F-56BF-4A14-9C1B-DF68D01D8CC2}.Release|Any CPU.ActiveCfg = Release|Any CPU
		{79C09B6F-56BF-4A14-9C1B-DF68D01D8CC2}.Release|Any CPU.Build.0 = Release|Any CPU
		{79C09B6F-56BF-4A14-9C1B-DF68D01D8CC2}.Release|x64.ActiveCfg = Release|Any CPU
		{79C09B6F-56BF-4A14-9C1B-DF68D01D8CC2}.Release|x64.Build.0 = Release|Any CPU
		{CD1C5861-FB62-4A8B-A64F-C3958F6BCE9F}.Debug|Any CPU.ActiveCfg = Debug|Any CPU
		{CD1C5861-FB62-4A8B-A64F-C3958F6BCE9F}.Debug|Any CPU.Build.0 = Debug|Any CPU
		{CD1C5861-FB62-4A8B-A64F-C3958F6BCE9F}.Debug|x64.ActiveCfg = Debug|Any CPU
		{CD1C5861-FB62-4A8B-A64F-C3958F6BCE9F}.Debug|x64.Build.0 = Debug|Any CPU
		{CD1C5861-FB62-4A8B-A64F-C3958F6BCE9F}.Release|Any CPU.ActiveCfg = Release|Any CPU
		{CD1C5861-FB62-4A8B-A64F-C3958F6BCE9F}.Release|Any CPU.Build.0 = Release|Any CPU
		{CD1C5861-FB62-4A8B-A64F-C3958F6BCE9F}.Release|x64.ActiveCfg = Release|Any CPU
		{CD1C5861-FB62-4A8B-A64F-C3958F6BCE9F}.Release|x64.Build.0 = Release|Any CPU
		{F879429B-3F6A-4A3F-8314-B9B52724D149}.Debug|Any CPU.ActiveCfg = Debug|Any CPU
		{F879429B-3F6A-4A3F-8314-B9B52724D149}.Debug|Any CPU.Build.0 = Debug|Any CPU
		{F879429B-3F6A-4A3F-8314-B9B52724D149}.Debug|x64.ActiveCfg = Debug|x64
		{F879429B-3F6A-4A3F-8314-B9B52724D149}.Debug|x64.Build.0 = Debug|x64
		{F879429B-3F6A-4A3F-8314-B9B52724D149}.Release|Any CPU.ActiveCfg = Release|Any CPU
		{F879429B-3F6A-4A3F-8314-B9B52724D149}.Release|Any CPU.Build.0 = Release|Any CPU
		{F879429B-3F6A-4A3F-8314-B9B52724D149}.Release|x64.ActiveCfg = Release|x64
		{F879429B-3F6A-4A3F-8314-B9B52724D149}.Release|x64.Build.0 = Release|x64
		{FE9D7A53-0037-4DA6-BE80-3FAA38788408}.Debug|Any CPU.ActiveCfg = Debug|Any CPU
		{FE9D7A53-0037-4DA6-BE80-3FAA38788408}.Debug|Any CPU.Build.0 = Debug|Any CPU
		{FE9D7A53-0037-4DA6-BE80-3FAA38788408}.Debug|x64.ActiveCfg = Debug|Any CPU
		{FE9D7A53-0037-4DA6-BE80-3FAA38788408}.Debug|x64.Build.0 = Debug|Any CPU
		{FE9D7A53-0037-4DA6-BE80-3FAA38788408}.Release|Any CPU.ActiveCfg = Release|Any CPU
		{FE9D7A53-0037-4DA6-BE80-3FAA38788408}.Release|Any CPU.Build.0 = Release|Any CPU
		{FE9D7A53-0037-4DA6-BE80-3FAA38788408}.Release|x64.ActiveCfg = Release|Any CPU
		{FE9D7A53-0037-4DA6-BE80-3FAA38788408}.Release|x64.Build.0 = Release|Any CPU
		{55762A49-5D5E-45BC-B5BC-C0498D07F41D}.Debug|Any CPU.ActiveCfg = Debug|Any CPU
		{55762A49-5D5E-45BC-B5BC-C0498D07F41D}.Debug|Any CPU.Build.0 = Debug|Any CPU
		{55762A49-5D5E-45BC-B5BC-C0498D07F41D}.Debug|x64.ActiveCfg = Debug|Any CPU
		{55762A49-5D5E-45BC-B5BC-C0498D07F41D}.Debug|x64.Build.0 = Debug|Any CPU
		{55762A49-5D5E-45BC-B5BC-C0498D07F41D}.Release|Any CPU.ActiveCfg = Release|Any CPU
		{55762A49-5D5E-45BC-B5BC-C0498D07F41D}.Release|Any CPU.Build.0 = Release|Any CPU
		{55762A49-5D5E-45BC-B5BC-C0498D07F41D}.Release|x64.ActiveCfg = Release|Any CPU
		{55762A49-5D5E-45BC-B5BC-C0498D07F41D}.Release|x64.Build.0 = Release|Any CPU
		{0D3D6DAC-2D06-473F-8AA7-F33FA3946FE4}.Debug|Any CPU.ActiveCfg = Debug|Any CPU
		{0D3D6DAC-2D06-473F-8AA7-F33FA3946FE4}.Debug|Any CPU.Build.0 = Debug|Any CPU
		{0D3D6DAC-2D06-473F-8AA7-F33FA3946FE4}.Debug|x64.ActiveCfg = Debug|Any CPU
		{0D3D6DAC-2D06-473F-8AA7-F33FA3946FE4}.Debug|x64.Build.0 = Debug|Any CPU
		{0D3D6DAC-2D06-473F-8AA7-F33FA3946FE4}.Release|Any CPU.ActiveCfg = Release|Any CPU
		{0D3D6DAC-2D06-473F-8AA7-F33FA3946FE4}.Release|Any CPU.Build.0 = Release|Any CPU
		{0D3D6DAC-2D06-473F-8AA7-F33FA3946FE4}.Release|x64.ActiveCfg = Release|Any CPU
		{0D3D6DAC-2D06-473F-8AA7-F33FA3946FE4}.Release|x64.Build.0 = Release|Any CPU
		{3A9489F6-DFF0-404A-807C-B19FC10502E3}.Debug|Any CPU.ActiveCfg = Debug|Any CPU
		{3A9489F6-DFF0-404A-807C-B19FC10502E3}.Debug|Any CPU.Build.0 = Debug|Any CPU
		{3A9489F6-DFF0-404A-807C-B19FC10502E3}.Debug|x64.ActiveCfg = Debug|Any CPU
		{3A9489F6-DFF0-404A-807C-B19FC10502E3}.Debug|x64.Build.0 = Debug|Any CPU
		{3A9489F6-DFF0-404A-807C-B19FC10502E3}.Release|Any CPU.ActiveCfg = Release|Any CPU
		{3A9489F6-DFF0-404A-807C-B19FC10502E3}.Release|Any CPU.Build.0 = Release|Any CPU
		{3A9489F6-DFF0-404A-807C-B19FC10502E3}.Release|x64.ActiveCfg = Release|Any CPU
		{3A9489F6-DFF0-404A-807C-B19FC10502E3}.Release|x64.Build.0 = Release|Any CPU
		{6E90A473-48BB-48DE-B26D-7846CD883711}.Debug|Any CPU.ActiveCfg = Debug|Any CPU
		{6E90A473-48BB-48DE-B26D-7846CD883711}.Debug|Any CPU.Build.0 = Debug|Any CPU
		{6E90A473-48BB-48DE-B26D-7846CD883711}.Debug|x64.ActiveCfg = Debug|Any CPU
		{6E90A473-48BB-48DE-B26D-7846CD883711}.Debug|x64.Build.0 = Debug|Any CPU
		{6E90A473-48BB-48DE-B26D-7846CD883711}.Release|Any CPU.ActiveCfg = Release|Any CPU
		{6E90A473-48BB-48DE-B26D-7846CD883711}.Release|Any CPU.Build.0 = Release|Any CPU
		{6E90A473-48BB-48DE-B26D-7846CD883711}.Release|x64.ActiveCfg = Release|Any CPU
		{6E90A473-48BB-48DE-B26D-7846CD883711}.Release|x64.Build.0 = Release|Any CPU
		{A9714F25-9C62-460C-831D-5DC8148E319F}.Debug|Any CPU.ActiveCfg = Debug|Any CPU
		{A9714F25-9C62-460C-831D-5DC8148E319F}.Debug|Any CPU.Build.0 = Debug|Any CPU
		{A9714F25-9C62-460C-831D-5DC8148E319F}.Debug|x64.ActiveCfg = Debug|Any CPU
		{A9714F25-9C62-460C-831D-5DC8148E319F}.Debug|x64.Build.0 = Debug|Any CPU
		{A9714F25-9C62-460C-831D-5DC8148E319F}.Release|Any CPU.ActiveCfg = Release|Any CPU
		{A9714F25-9C62-460C-831D-5DC8148E319F}.Release|Any CPU.Build.0 = Release|Any CPU
		{A9714F25-9C62-460C-831D-5DC8148E319F}.Release|x64.ActiveCfg = Release|Any CPU
		{A9714F25-9C62-460C-831D-5DC8148E319F}.Release|x64.Build.0 = Release|Any CPU
	EndGlobalSection
	GlobalSection(SolutionProperties) = preSolution
		HideSolutionNode = FALSE
	EndGlobalSection
	GlobalSection(NestedProjects) = preSolution
		{458FA131-489C-4E96-9BC8-DE5F41E60CCB} = {4A7DDB73-362B-4B06-93B8-94C0CC8E51B2}
		{FA294E2B-F2A1-4317-A235-1E1E3F784AFA} = {4A7DDB73-362B-4B06-93B8-94C0CC8E51B2}
		{5B9A0B23-A58E-4BDB-A86A-E22D54C03B69} = {4A7DDB73-362B-4B06-93B8-94C0CC8E51B2}
		{44F220BB-DF4D-4341-BF2D-9C818DC840EC} = {4A7DDB73-362B-4B06-93B8-94C0CC8E51B2}
		{6FD1CCA1-994B-4DA1-B104-8FB71CE0E3A4} = {458FA131-489C-4E96-9BC8-DE5F41E60CCB}
		{5994631D-2F06-4418-BA36-2081582B7CCD} = {FA294E2B-F2A1-4317-A235-1E1E3F784AFA}
		{A1A01CA5-24BF-4F9A-8F4A-68308E89A056} = {FA294E2B-F2A1-4317-A235-1E1E3F784AFA}
		{1B8D2EAD-48EE-4C66-9680-89E41C98809F} = {4A7DDB73-362B-4B06-93B8-94C0CC8E51B2}
		{7549FC08-3766-426E-8A8A-367C55065DBE} = {BD2E7D46-44AF-47AD-8485-FFF2D77CD488}
		{EA03604F-0A7F-4D27-B750-47321931A9FA} = {BD2E7D46-44AF-47AD-8485-FFF2D77CD488}
		{3485A7A9-280F-4F47-B7E9-FCE4F09D434A} = {BD2E7D46-44AF-47AD-8485-FFF2D77CD488}
		{B6B4ED3D-A6F0-4F02-AA5C-0FAF2832578F} = {BD2E7D46-44AF-47AD-8485-FFF2D77CD488}
		{3E1DF154-D684-46E2-A6EF-6AC30618083E} = {BD2E7D46-44AF-47AD-8485-FFF2D77CD488}
		{CAC71844-F58F-4809-9F47-D15B305C3DF8} = {BD2E7D46-44AF-47AD-8485-FFF2D77CD488}
		{D6B83D83-939A-4AFB-8C4A-F667FABC7F4F} = {BD2E7D46-44AF-47AD-8485-FFF2D77CD488}
		{64B8710D-AFFC-4BE4-BFA3-F04520F152AC} = {BD2E7D46-44AF-47AD-8485-FFF2D77CD488}
		{84DDD3CA-78F1-4B14-A512-FE8AF9E90323} = {BD2E7D46-44AF-47AD-8485-FFF2D77CD488}
		{7E504F82-9F63-40D5-AC6B-34386F4D7552} = {AC46CBD8-D683-4A22-B5C8-8DB4A2DE51E6}
		{C35CA536-6DB1-48C3-92B4-4308C51EAB97} = {BD2E7D46-44AF-47AD-8485-FFF2D77CD488}
		{7D07AB55-35CC-4903-8189-0B63053625DF} = {BD2E7D46-44AF-47AD-8485-FFF2D77CD488}
		{65B3448F-96F9-4986-AA52-B1F72ADD2D60} = {BD2E7D46-44AF-47AD-8485-FFF2D77CD488}
		{0E47C441-D666-4FAF-B0D1-9ECD2F125758} = {BD2E7D46-44AF-47AD-8485-FFF2D77CD488}
		{F615AE25-4FC8-40DE-8200-BC01D5C56BDA} = {BD2E7D46-44AF-47AD-8485-FFF2D77CD488}
		{7929709B-D3B1-478C-A8D1-3DE05B06B16F} = {BD2E7D46-44AF-47AD-8485-FFF2D77CD488}
		{1134F090-669B-49F3-A9EC-01D7F5712E39} = {BD2E7D46-44AF-47AD-8485-FFF2D77CD488}
		{67F666E3-96B8-4F90-B76F-D9CB3BC88381} = {BD2E7D46-44AF-47AD-8485-FFF2D77CD488}
		{8F1392D9-B9E5-45D0-886E-7083D9F1A5BE} = {BD2E7D46-44AF-47AD-8485-FFF2D77CD488}
		{A6FD2554-5C8C-41FD-A499-7D9077EF519C} = {BD2E7D46-44AF-47AD-8485-FFF2D77CD488}
		{8471AAFA-B013-4263-9934-3C2FE498853F} = {BD2E7D46-44AF-47AD-8485-FFF2D77CD488}
		{96924BEB-2238-4355-A0A3-D8E367166A53} = {BD2E7D46-44AF-47AD-8485-FFF2D77CD488}
		{7308117F-14D5-4AC4-A9F1-2FD6A9D73867} = {BD2E7D46-44AF-47AD-8485-FFF2D77CD488}
		{F5A2B5CE-2CD3-4DF8-A3D1-B917C1BDB9A1} = {BD2E7D46-44AF-47AD-8485-FFF2D77CD488}
		{C26E1F0B-44CF-4323-A949-5B5E2C4C3C35} = {BD2E7D46-44AF-47AD-8485-FFF2D77CD488}
		{AE128E73-EBFE-4048-A16B-B75550B62CD4} = {BD2E7D46-44AF-47AD-8485-FFF2D77CD488}
		{2DD5330E-C38B-4ACD-84F2-F892A33C3A85} = {BD2E7D46-44AF-47AD-8485-FFF2D77CD488}
		{70543EC8-2850-4042-AE46-D19127E5D3E7} = {BD2E7D46-44AF-47AD-8485-FFF2D77CD488}
		{5088AEBA-7022-4414-AF43-76086F6B2155} = {BD2E7D46-44AF-47AD-8485-FFF2D77CD488}
		{EEFFD170-F89C-4526-B990-24DB8B06201E} = {BD2E7D46-44AF-47AD-8485-FFF2D77CD488}
		{4EA58174-3DDB-4DFC-AF46-359FD5F33E57} = {BD2E7D46-44AF-47AD-8485-FFF2D77CD488}
		{E431AEC3-B3B2-4F1D-946D-BBC9E787B376} = {BD2E7D46-44AF-47AD-8485-FFF2D77CD488}
		{356DF53F-8F60-4FC1-995A-2D5A88FA5723} = {BD2E7D46-44AF-47AD-8485-FFF2D77CD488}
		{391E9F8F-0BA1-470B-A481-13C320E7DB47} = {BD2E7D46-44AF-47AD-8485-FFF2D77CD488}
		{757298A2-EE47-4823-A6C2-F3A4EB3620D5} = {BD2E7D46-44AF-47AD-8485-FFF2D77CD488}
		{D9BF45B9-7C4C-443A-8B7B-E6B84C4112A8} = {BD2E7D46-44AF-47AD-8485-FFF2D77CD488}
		{175D3B39-C520-4618-ADAA-29C488663865} = {BD2E7D46-44AF-47AD-8485-FFF2D77CD488}
		{8715BFB6-E3B1-497E-BD6C-31583AD0A0A3} = {BD2E7D46-44AF-47AD-8485-FFF2D77CD488}
		{04E565C8-F650-49D7-AC82-4D331B77B797} = {BD2E7D46-44AF-47AD-8485-FFF2D77CD488}
		{33605558-2B94-467A-8654-243442B45019} = {BD2E7D46-44AF-47AD-8485-FFF2D77CD488}
		{40775359-DB07-4185-AF00-0ECBC57D292E} = {AC46CBD8-D683-4A22-B5C8-8DB4A2DE51E6}
		{D96D1BAF-9F59-42D6-BA10-60D427FAC2EC} = {BD2E7D46-44AF-47AD-8485-FFF2D77CD488}
		{FA932EB9-5687-47F4-A175-B4E9415B590B} = {BD2E7D46-44AF-47AD-8485-FFF2D77CD488}
		{79C09B6F-56BF-4A14-9C1B-DF68D01D8CC2} = {BD2E7D46-44AF-47AD-8485-FFF2D77CD488}
		{CD1C5861-FB62-4A8B-A64F-C3958F6BCE9F} = {BD2E7D46-44AF-47AD-8485-FFF2D77CD488}
		{F879429B-3F6A-4A3F-8314-B9B52724D149} = {458FA131-489C-4E96-9BC8-DE5F41E60CCB}
		{FE9D7A53-0037-4DA6-BE80-3FAA38788408} = {AC46CBD8-D683-4A22-B5C8-8DB4A2DE51E6}
		{55762A49-5D5E-45BC-B5BC-C0498D07F41D} = {8E3DED4A-C18F-4047-BFE5-23C30D175929}
		{0D3D6DAC-2D06-473F-8AA7-F33FA3946FE4} = {8E3DED4A-C18F-4047-BFE5-23C30D175929}
		{3A9489F6-DFF0-404A-807C-B19FC10502E3} = {8E3DED4A-C18F-4047-BFE5-23C30D175929}
		{6E90A473-48BB-48DE-B26D-7846CD883711} = {8E3DED4A-C18F-4047-BFE5-23C30D175929}
	EndGlobalSection
	GlobalSection(ExtensibilityGlobals) = postSolution
		SolutionGuid = {3A2D75E5-8D72-477B-9ABD-5FE471363BE2}
	EndGlobalSection
EndGlobal
