
Microsoft Visual Studio Solution File, Format Version 12.00
# Visual Studio Version 17
VisualStudioVersion = 17.0.32014.148
MinimumVisualStudioVersion = 10.0.40219.1
Project("{2150E333-8FDC-42A3-9474-1A3956D46DE8}") = "RDBMS", "RDBMS", "{458FA131-489C-4E96-9BC8-DE5F41E60CCB}"
EndProject
Project("{2150E333-8FDC-42A3-9474-1A3956D46DE8}") = "File", "File", "{FA294E2B-F2A1-4317-A235-1E1E3F784AFA}"
EndProject
Project("{2150E333-8FDC-42A3-9474-1A3956D46DE8}") = "WebAPI", "WebAPI", "{5B9A0B23-A58E-4BDB-A86A-E22D54C03B69}"
EndProject
Project("{2150E333-8FDC-42A3-9474-1A3956D46DE8}") = "MessegeandQueue", "MessegeandQueue", "{44F220BB-DF4D-4341-BF2D-9C818DC840EC}"
EndProject
Project("{FAE04EC0-301F-11D3-BF4B-00C04F79EFBC}") = "FireBirdDataSource", "DataSourcesPlugins\FireBirdDataSource\FireBirdDataSource.csproj", "{93A7A64D-2B3A-48B1-8E1B-EF456FFA8191}"
EndProject
Project("{FAE04EC0-301F-11D3-BF4B-00C04F79EFBC}") = "MySqlDataSource", "DataSourcesPlugins\MySql\MySqlDataSource.csproj", "{67F69151-D6E0-41FF-BF84-60E397BA8D4C}"
EndProject
Project("{FAE04EC0-301F-11D3-BF4B-00C04F79EFBC}") = "OracleDataSource", "DataSourcesPlugins\OracleDataSource\OracleDataSource.csproj", "{F879429B-3F6A-4A3F-8314-B9B52724D149}"
EndProject
Project("{FAE04EC0-301F-11D3-BF4B-00C04F79EFBC}") = "PostgreDataSource", "DataSourcesPlugins\Postgre\PostgreDataSource.csproj", "{B9BE5B14-7FE6-43D4-9594-D7E62AE7B4F9}"
EndProject
Project("{FAE04EC0-301F-11D3-BF4B-00C04F79EFBC}") = "SqlCompactDatasource", "DataSourcesPlugins\SqlCompact\SqlCompactDatasource.csproj", "{6FD1CCA1-994B-4DA1-B104-8FB71CE0E3A4}"
EndProject
Project("{FAE04EC0-301F-11D3-BF4B-00C04F79EFBC}") = "SqliteDatasource", "DataSourcesPlugins\Sqlite\SqliteDatasource.csproj", "{55B7EC79-3B2C-4D34-9050-E021D45BAA2C}"
EndProject
Project("{FAE04EC0-301F-11D3-BF4B-00C04F79EFBC}") = "SQLServerDataSource", "DataSourcesPlugins\SQLServerDataSource\SQLServerDataSource.csproj", "{ACB7F443-F4F7-42A6-8211-507996F6D1B0}"
EndProject
Project("{FAE04EC0-301F-11D3-BF4B-00C04F79EFBC}") = "KafkaDataSource", "DataSourcesPlugins\KafkaDataSource\KafkaDataSource.csproj", "{4C33F450-005E-4EC8-B040-3E89D998E2B8}"
EndProject
Project("{FAE04EC0-301F-11D3-BF4B-00C04F79EFBC}") = "GraphQLClient", "DataSourcesPlugins\GraphQLDataSource\GraphQLClient.csproj", "{C2C8BDD8-8733-4CFE-9A90-C855D1D3A9CF}"
EndProject
Project("{FAE04EC0-301F-11D3-BF4B-00C04F79EFBC}") = "YamlDataSource", "DataSourcesPlugins\YamlDataSource\YamlDataSource.csproj", "{D2A772AC-F650-47B3-BD96-D66E48C2DBAE}"
EndProject
Project("{FAE04EC0-301F-11D3-BF4B-00C04F79EFBC}") = "TxtXlsCSVFileSource", "DataSourcesPlugins\CSVDataSource\TxtXlsCSVFileSource.csproj", "{98E2E483-7D30-495E-88F4-69B2797434AF}"
EndProject
Project("{FAE04EC0-301F-11D3-BF4B-00C04F79EFBC}") = "ExcelDataSource", "DataSourcesPlugins\ExcelDataSource\ExcelDataSource.csproj", "{5994631D-2F06-4418-BA36-2081582B7CCD}"
EndProject
Project("{FAE04EC0-301F-11D3-BF4B-00C04F79EFBC}") = "FileHelperDataDource", "DataSourcesPlugins\FileHelperDataDource\FileHelperDataDource.csproj", "{CAA76136-35C7-4506-ADD9-8524B03B6094}"
EndProject
Project("{FAE04EC0-301F-11D3-BF4B-00C04F79EFBC}") = "JsonDataSource", "DataSourcesPlugins\JsonDataSource\JsonDataSource.csproj", "{A1A01CA5-24BF-4F9A-8F4A-68308E89A056}"
EndProject
Project("{FAE04EC0-301F-11D3-BF4B-00C04F79EFBC}") = "GeoDBCitiesWebAPIDatasource", "DataSourcesPlugins\GeoDBCitiesWebAPIDatasource\GeoDBCitiesWebAPIDatasource.csproj", "{9646B447-6E3F-4B74-BA50-36BF333A4783}"
EndProject
Project("{FAE04EC0-301F-11D3-BF4B-00C04F79EFBC}") = "EIAWebApiDataSource", "DataSourcesPlugins\EIAWebApiDataSource\EIAWebApiDataSource.csproj", "{E5912B9F-82AA-4417-B221-12A81E2DA997}"
EndProject
Project("{FAE04EC0-301F-11D3-BF4B-00C04F79EFBC}") = "FDAWebApiDatasource", "DataSourcesPlugins\FDAWebApiDatasource\FDAWebApiDatasource.csproj", "{2F2040E7-EAC3-4229-93E4-5A62EF9070CB}"
EndProject
Project("{FAE04EC0-301F-11D3-BF4B-00C04F79EFBC}") = "PublicApisWebApiDatasource", "DataSourcesPlugins\PublicApisWebApiDatasource\PublicApisWebApiDatasource.csproj", "{64D32929-FBE7-48CC-84B2-71888324D3A2}"
EndProject
Project("{2150E333-8FDC-42A3-9474-1A3956D46DE8}") = "Cloud", "Cloud", "{92833D52-FA71-4DBC-8F34-A8596708352B}"
EndProject
Project("{FAE04EC0-301F-11D3-BF4B-00C04F79EFBC}") = "AmazonCloudDatasource", "DataSourcesPlugins\AmazonCloudDatasource\AmazonCloudDatasource.csproj", "{AE872E78-2D9F-4A2E-BA8A-4B5A39260B77}"
EndProject
Project("{FAE04EC0-301F-11D3-BF4B-00C04F79EFBC}") = "AzureCloudDataSource", "DataSourcesPlugins\AzureCloudDataSource\AzureCloudDataSource.csproj", "{FEBD738E-F5CA-4C00-AE83-2A8F582A45BB}"
EndProject
Project("{FAE04EC0-301F-11D3-BF4B-00C04F79EFBC}") = "SpannerDataSource", "DataSourcesPlugins\SpannerDataSource\SpannerDataSource.csproj", "{5141C07A-F1DE-43D7-B81B-B02307D23FE5}"
EndProject
Project("{2150E333-8FDC-42A3-9474-1A3956D46DE8}") = "NoSql", "NoSql", "{1B8D2EAD-48EE-4C66-9680-89E41C98809F}"
EndProject
Project("{FAE04EC0-301F-11D3-BF4B-00C04F79EFBC}") = "CockroachDBDataSource", "DataSourcesPlugins\CockroachDBDataSource\CockroachDBDataSource.csproj", "{851515EC-631E-4907-B0C0-587CA0EE916F}"
EndProject
Project("{FAE04EC0-301F-11D3-BF4B-00C04F79EFBC}") = "CouchBaseDataSource", "DataSourcesPlugins\CouchBaseDataSource\CouchBaseDataSource.csproj", "{D4F0C629-29D2-460B-89B1-1DD6A4178295}"
EndProject
Project("{FAE04EC0-301F-11D3-BF4B-00C04F79EFBC}") = "CouchDBDataSource", "DataSourcesPlugins\CouchDBDataSource\CouchDBDataSource.csproj", "{4B3ACFD9-E174-4DCA-9883-F099860BB3D9}"
EndProject
Project("{FAE04EC0-301F-11D3-BF4B-00C04F79EFBC}") = "FireBaseDataSource", "DataSourcesPlugins\FireBaseDataSource\FireBaseDataSource.csproj", "{E55C055C-A093-4344-820A-379CDE04EFBD}"
EndProject
Project("{FAE04EC0-301F-11D3-BF4B-00C04F79EFBC}") = "HadoopDataSource", "DataSourcesPlugins\HadoopDataSource\HadoopDataSource.csproj", "{30492465-0AFD-4CC2-9FE4-AEA2F11CFC9F}"
EndProject
Project("{FAE04EC0-301F-11D3-BF4B-00C04F79EFBC}") = "MongoDBDataSource", "DataSourcesPlugins\MongoDB\MongoDBDataSource.csproj", "{3A593444-2E35-4715-947B-BB3535675F7B}"
EndProject
Project("{FAE04EC0-301F-11D3-BF4B-00C04F79EFBC}") = "RavenDBDataSource", "DataSourcesPlugins\RavenDbDataSource\RavenDBDataSource.csproj", "{1A01A77C-C332-452E-988C-888D75F45F96}"
EndProject
Project("{FAE04EC0-301F-11D3-BF4B-00C04F79EFBC}") = "RedisDataSource", "DataSourcesPlugins\RedisDataSource\RedisDataSource.csproj", "{A6440C21-7C53-4855-A40A-ADE04F1289C5}"
EndProject
Project("{FAE04EC0-301F-11D3-BF4B-00C04F79EFBC}") = "CouchBaseLiteDataSource", "DataSourcesPlugins\CouchBaseLiteDataSource\CouchBaseLiteDataSource.csproj", "{7AA40543-4101-49BE-BCE9-B82A080C6FFE}"
EndProject
Project("{2150E333-8FDC-42A3-9474-1A3956D46DE8}") = "Net6", "Net6", "{BD2E7D46-44AF-47AD-8485-FFF2D77CD488}"
EndProject
Project("{2150E333-8FDC-42A3-9474-1A3956D46DE8}") = "Net", "Net", "{4A7DDB73-362B-4B06-93B8-94C0CC8E51B2}"
EndProject
Project("{9A19103F-16F7-4668-BE54-9A1E7A4F7556}") = "CouchBaseDataSourceCore", "DataSourcesPluginsCore\CouchBaseDataSourceCore\CouchBaseDataSourceCore.csproj", "{7549FC08-3766-426E-8A8A-367C55065DBE}"
EndProject
Project("{9A19103F-16F7-4668-BE54-9A1E7A4F7556}") = "CouchDBDataSourceCore", "DataSourcesPluginsCore\CouchDBDataSourceCore\CouchDBDataSourceCore.csproj", "{EA03604F-0A7F-4D27-B750-47321931A9FA}"
EndProject
Project("{9A19103F-16F7-4668-BE54-9A1E7A4F7556}") = "CSVDatasourceCore", "DataSourcesPluginsCore\CSVDatasourceCore\CSVDatasourceCore.csproj", "{64992C93-5915-4A84-BCAC-EE1B71BF8770}"
EndProject
Project("{9A19103F-16F7-4668-BE54-9A1E7A4F7556}") = "DaprClient", "DataSourcesPluginsCore\DaprClient\DaprClient.csproj", "{3485A7A9-280F-4F47-B7E9-FCE4F09D434A}"
EndProject
Project("{9A19103F-16F7-4668-BE54-9A1E7A4F7556}") = "FireBaseDataSourceCore", "DataSourcesPluginsCore\FireBaseDataSourceCore\FireBaseDataSourceCore.csproj", "{B6B4ED3D-A6F0-4F02-AA5C-0FAF2832578F}"
EndProject
Project("{9A19103F-16F7-4668-BE54-9A1E7A4F7556}") = "FirebirdDataSourceCore", "DataSourcesPluginsCore\FirebirdDataSourceCore\FirebirdDataSourceCore.csproj", "{3E1DF154-D684-46E2-A6EF-6AC30618083E}"
EndProject
Project("{9A19103F-16F7-4668-BE54-9A1E7A4F7556}") = "HadoopDataSourceCore", "DataSourcesPluginsCore\HadoopDataSourceCore\HadoopDataSourceCore.csproj", "{CAC71844-F58F-4809-9F47-D15B305C3DF8}"
EndProject
Project("{9A19103F-16F7-4668-BE54-9A1E7A4F7556}") = "MongoDBDataSourceCore", "DataSourcesPluginsCore\MongoDBDataSourceCore\MongoDBDataSourceCore.csproj", "{D6B83D83-939A-4AFB-8C4A-F667FABC7F4F}"
EndProject
Project("{9A19103F-16F7-4668-BE54-9A1E7A4F7556}") = "MySqlDataSourceCore", "DataSourcesPluginsCore\MySqlDataSourceCore\MySqlDataSourceCore.csproj", "{64B8710D-AFFC-4BE4-BFA3-F04520F152AC}"
EndProject
Project("{9A19103F-16F7-4668-BE54-9A1E7A4F7556}") = "OracleDataSourceCore", "DataSourcesPluginsCore\OracleDataSourceCore\OracleDataSourceCore.csproj", "{84DDD3CA-78F1-4B14-A512-FE8AF9E90323}"
EndProject
Project("{9A19103F-16F7-4668-BE54-9A1E7A4F7556}") = "RavenDBDataSourceCore", "DataSourcesPluginsCore\RavenDBDataSourceCore\RavenDBDataSourceCore.csproj", "{7E504F82-9F63-40D5-AC6B-34386F4D7552}"
EndProject
Project("{9A19103F-16F7-4668-BE54-9A1E7A4F7556}") = "SqliteDatasourceCore", "DataSourcesPluginsCore\SqliteDatasourceCore\SqliteDatasourceCore.csproj", "{FB1E573C-FAF7-4B19-8136-A6DBFB5A07DA}"
EndProject
Project("{9A19103F-16F7-4668-BE54-9A1E7A4F7556}") = "SqlServerDataSourceCore", "DataSourcesPluginsCore\SQlServerDataSourceCore\SqlServerDataSourceCore.csproj", "{C35CA536-6DB1-48C3-92B4-4308C51EAB97}"
EndProject
Project("{9A19103F-16F7-4668-BE54-9A1E7A4F7556}") = "WebApiDataSourceCore", "DataSourcesPluginsCore\WebApiDataSourceCore\WebApiDataSourceCore.csproj", "{7D07AB55-35CC-4903-8189-0B63053625DF}"
EndProject
Project("{FAE04EC0-301F-11D3-BF4B-00C04F79EFBC}") = "SnowFlakeDataSource", "DataSourcesPlugins\SnowFlakeDataSource\SnowFlakeDataSource.csproj", "{1861A517-BEE7-447B-A63F-FF2D1F28ED64}"
EndProject
Global
	GlobalSection(SolutionConfigurationPlatforms) = preSolution
		Debug|Any CPU = Debug|Any CPU
		Release|Any CPU = Release|Any CPU
	EndGlobalSection
	GlobalSection(ProjectConfigurationPlatforms) = postSolution
		{93A7A64D-2B3A-48B1-8E1B-EF456FFA8191}.Debug|Any CPU.ActiveCfg = Debug|Any CPU
		{93A7A64D-2B3A-48B1-8E1B-EF456FFA8191}.Debug|Any CPU.Build.0 = Debug|Any CPU
		{93A7A64D-2B3A-48B1-8E1B-EF456FFA8191}.Release|Any CPU.ActiveCfg = Release|Any CPU
		{93A7A64D-2B3A-48B1-8E1B-EF456FFA8191}.Release|Any CPU.Build.0 = Release|Any CPU
		{67F69151-D6E0-41FF-BF84-60E397BA8D4C}.Debug|Any CPU.ActiveCfg = Debug|Any CPU
		{67F69151-D6E0-41FF-BF84-60E397BA8D4C}.Debug|Any CPU.Build.0 = Debug|Any CPU
		{67F69151-D6E0-41FF-BF84-60E397BA8D4C}.Release|Any CPU.ActiveCfg = Release|Any CPU
		{67F69151-D6E0-41FF-BF84-60E397BA8D4C}.Release|Any CPU.Build.0 = Release|Any CPU
		{F879429B-3F6A-4A3F-8314-B9B52724D149}.Debug|Any CPU.ActiveCfg = Debug|Any CPU
		{F879429B-3F6A-4A3F-8314-B9B52724D149}.Debug|Any CPU.Build.0 = Debug|Any CPU
		{F879429B-3F6A-4A3F-8314-B9B52724D149}.Release|Any CPU.ActiveCfg = Release|Any CPU
		{F879429B-3F6A-4A3F-8314-B9B52724D149}.Release|Any CPU.Build.0 = Release|Any CPU
		{B9BE5B14-7FE6-43D4-9594-D7E62AE7B4F9}.Debug|Any CPU.ActiveCfg = Debug|Any CPU
		{B9BE5B14-7FE6-43D4-9594-D7E62AE7B4F9}.Debug|Any CPU.Build.0 = Debug|Any CPU
		{B9BE5B14-7FE6-43D4-9594-D7E62AE7B4F9}.Release|Any CPU.ActiveCfg = Release|Any CPU
		{B9BE5B14-7FE6-43D4-9594-D7E62AE7B4F9}.Release|Any CPU.Build.0 = Release|Any CPU
		{6FD1CCA1-994B-4DA1-B104-8FB71CE0E3A4}.Debug|Any CPU.ActiveCfg = Debug|Any CPU
		{6FD1CCA1-994B-4DA1-B104-8FB71CE0E3A4}.Debug|Any CPU.Build.0 = Debug|Any CPU
		{6FD1CCA1-994B-4DA1-B104-8FB71CE0E3A4}.Release|Any CPU.ActiveCfg = Release|Any CPU
		{6FD1CCA1-994B-4DA1-B104-8FB71CE0E3A4}.Release|Any CPU.Build.0 = Release|Any CPU
		{55B7EC79-3B2C-4D34-9050-E021D45BAA2C}.Debug|Any CPU.ActiveCfg = Debug|Any CPU
		{55B7EC79-3B2C-4D34-9050-E021D45BAA2C}.Debug|Any CPU.Build.0 = Debug|Any CPU
		{55B7EC79-3B2C-4D34-9050-E021D45BAA2C}.Release|Any CPU.ActiveCfg = Release|Any CPU
		{55B7EC79-3B2C-4D34-9050-E021D45BAA2C}.Release|Any CPU.Build.0 = Release|Any CPU
		{ACB7F443-F4F7-42A6-8211-507996F6D1B0}.Debug|Any CPU.ActiveCfg = Debug|Any CPU
		{ACB7F443-F4F7-42A6-8211-507996F6D1B0}.Debug|Any CPU.Build.0 = Debug|Any CPU
		{ACB7F443-F4F7-42A6-8211-507996F6D1B0}.Release|Any CPU.ActiveCfg = Release|Any CPU
		{ACB7F443-F4F7-42A6-8211-507996F6D1B0}.Release|Any CPU.Build.0 = Release|Any CPU
		{4C33F450-005E-4EC8-B040-3E89D998E2B8}.Debug|Any CPU.ActiveCfg = Debug|Any CPU
		{4C33F450-005E-4EC8-B040-3E89D998E2B8}.Debug|Any CPU.Build.0 = Debug|Any CPU
		{4C33F450-005E-4EC8-B040-3E89D998E2B8}.Release|Any CPU.ActiveCfg = Release|Any CPU
		{4C33F450-005E-4EC8-B040-3E89D998E2B8}.Release|Any CPU.Build.0 = Release|Any CPU
		{C2C8BDD8-8733-4CFE-9A90-C855D1D3A9CF}.Debug|Any CPU.ActiveCfg = Debug|Any CPU
		{C2C8BDD8-8733-4CFE-9A90-C855D1D3A9CF}.Debug|Any CPU.Build.0 = Debug|Any CPU
		{C2C8BDD8-8733-4CFE-9A90-C855D1D3A9CF}.Release|Any CPU.ActiveCfg = Release|Any CPU
		{C2C8BDD8-8733-4CFE-9A90-C855D1D3A9CF}.Release|Any CPU.Build.0 = Release|Any CPU
		{D2A772AC-F650-47B3-BD96-D66E48C2DBAE}.Debug|Any CPU.ActiveCfg = Debug|Any CPU
		{D2A772AC-F650-47B3-BD96-D66E48C2DBAE}.Debug|Any CPU.Build.0 = Debug|Any CPU
		{D2A772AC-F650-47B3-BD96-D66E48C2DBAE}.Release|Any CPU.ActiveCfg = Release|Any CPU
		{D2A772AC-F650-47B3-BD96-D66E48C2DBAE}.Release|Any CPU.Build.0 = Release|Any CPU
		{98E2E483-7D30-495E-88F4-69B2797434AF}.Debug|Any CPU.ActiveCfg = Debug|Any CPU
		{98E2E483-7D30-495E-88F4-69B2797434AF}.Debug|Any CPU.Build.0 = Debug|Any CPU
		{98E2E483-7D30-495E-88F4-69B2797434AF}.Release|Any CPU.ActiveCfg = Release|Any CPU
		{98E2E483-7D30-495E-88F4-69B2797434AF}.Release|Any CPU.Build.0 = Release|Any CPU
		{5994631D-2F06-4418-BA36-2081582B7CCD}.Debug|Any CPU.ActiveCfg = Debug|Any CPU
		{5994631D-2F06-4418-BA36-2081582B7CCD}.Debug|Any CPU.Build.0 = Debug|Any CPU
		{5994631D-2F06-4418-BA36-2081582B7CCD}.Release|Any CPU.ActiveCfg = Release|Any CPU
		{5994631D-2F06-4418-BA36-2081582B7CCD}.Release|Any CPU.Build.0 = Release|Any CPU
		{CAA76136-35C7-4506-ADD9-8524B03B6094}.Debug|Any CPU.ActiveCfg = Debug|Any CPU
		{CAA76136-35C7-4506-ADD9-8524B03B6094}.Debug|Any CPU.Build.0 = Debug|Any CPU
		{CAA76136-35C7-4506-ADD9-8524B03B6094}.Release|Any CPU.ActiveCfg = Release|Any CPU
		{CAA76136-35C7-4506-ADD9-8524B03B6094}.Release|Any CPU.Build.0 = Release|Any CPU
		{A1A01CA5-24BF-4F9A-8F4A-68308E89A056}.Debug|Any CPU.ActiveCfg = Debug|Any CPU
		{A1A01CA5-24BF-4F9A-8F4A-68308E89A056}.Debug|Any CPU.Build.0 = Debug|Any CPU
		{A1A01CA5-24BF-4F9A-8F4A-68308E89A056}.Release|Any CPU.ActiveCfg = Release|Any CPU
		{A1A01CA5-24BF-4F9A-8F4A-68308E89A056}.Release|Any CPU.Build.0 = Release|Any CPU
		{9646B447-6E3F-4B74-BA50-36BF333A4783}.Debug|Any CPU.ActiveCfg = Debug|Any CPU
		{9646B447-6E3F-4B74-BA50-36BF333A4783}.Debug|Any CPU.Build.0 = Debug|Any CPU
		{9646B447-6E3F-4B74-BA50-36BF333A4783}.Release|Any CPU.ActiveCfg = Release|Any CPU
		{9646B447-6E3F-4B74-BA50-36BF333A4783}.Release|Any CPU.Build.0 = Release|Any CPU
		{E5912B9F-82AA-4417-B221-12A81E2DA997}.Debug|Any CPU.ActiveCfg = Debug|Any CPU
		{E5912B9F-82AA-4417-B221-12A81E2DA997}.Debug|Any CPU.Build.0 = Debug|Any CPU
		{E5912B9F-82AA-4417-B221-12A81E2DA997}.Release|Any CPU.ActiveCfg = Release|Any CPU
		{E5912B9F-82AA-4417-B221-12A81E2DA997}.Release|Any CPU.Build.0 = Release|Any CPU
		{2F2040E7-EAC3-4229-93E4-5A62EF9070CB}.Debug|Any CPU.ActiveCfg = Debug|Any CPU
		{2F2040E7-EAC3-4229-93E4-5A62EF9070CB}.Debug|Any CPU.Build.0 = Debug|Any CPU
		{2F2040E7-EAC3-4229-93E4-5A62EF9070CB}.Release|Any CPU.ActiveCfg = Release|Any CPU
		{2F2040E7-EAC3-4229-93E4-5A62EF9070CB}.Release|Any CPU.Build.0 = Release|Any CPU
		{64D32929-FBE7-48CC-84B2-71888324D3A2}.Debug|Any CPU.ActiveCfg = Debug|Any CPU
		{64D32929-FBE7-48CC-84B2-71888324D3A2}.Debug|Any CPU.Build.0 = Debug|Any CPU
		{64D32929-FBE7-48CC-84B2-71888324D3A2}.Release|Any CPU.ActiveCfg = Release|Any CPU
		{64D32929-FBE7-48CC-84B2-71888324D3A2}.Release|Any CPU.Build.0 = Release|Any CPU
		{AE872E78-2D9F-4A2E-BA8A-4B5A39260B77}.Debug|Any CPU.ActiveCfg = Debug|Any CPU
		{AE872E78-2D9F-4A2E-BA8A-4B5A39260B77}.Debug|Any CPU.Build.0 = Debug|Any CPU
		{AE872E78-2D9F-4A2E-BA8A-4B5A39260B77}.Release|Any CPU.ActiveCfg = Release|Any CPU
		{AE872E78-2D9F-4A2E-BA8A-4B5A39260B77}.Release|Any CPU.Build.0 = Release|Any CPU
		{FEBD738E-F5CA-4C00-AE83-2A8F582A45BB}.Debug|Any CPU.ActiveCfg = Debug|Any CPU
		{FEBD738E-F5CA-4C00-AE83-2A8F582A45BB}.Debug|Any CPU.Build.0 = Debug|Any CPU
		{FEBD738E-F5CA-4C00-AE83-2A8F582A45BB}.Release|Any CPU.ActiveCfg = Release|Any CPU
		{FEBD738E-F5CA-4C00-AE83-2A8F582A45BB}.Release|Any CPU.Build.0 = Release|Any CPU
		{5141C07A-F1DE-43D7-B81B-B02307D23FE5}.Debug|Any CPU.ActiveCfg = Debug|Any CPU
		{5141C07A-F1DE-43D7-B81B-B02307D23FE5}.Debug|Any CPU.Build.0 = Debug|Any CPU
		{5141C07A-F1DE-43D7-B81B-B02307D23FE5}.Release|Any CPU.ActiveCfg = Release|Any CPU
		{5141C07A-F1DE-43D7-B81B-B02307D23FE5}.Release|Any CPU.Build.0 = Release|Any CPU
		{851515EC-631E-4907-B0C0-587CA0EE916F}.Debug|Any CPU.ActiveCfg = Debug|Any CPU
		{851515EC-631E-4907-B0C0-587CA0EE916F}.Debug|Any CPU.Build.0 = Debug|Any CPU
		{851515EC-631E-4907-B0C0-587CA0EE916F}.Release|Any CPU.ActiveCfg = Release|Any CPU
		{851515EC-631E-4907-B0C0-587CA0EE916F}.Release|Any CPU.Build.0 = Release|Any CPU
		{D4F0C629-29D2-460B-89B1-1DD6A4178295}.Debug|Any CPU.ActiveCfg = Debug|Any CPU
		{D4F0C629-29D2-460B-89B1-1DD6A4178295}.Debug|Any CPU.Build.0 = Debug|Any CPU
		{D4F0C629-29D2-460B-89B1-1DD6A4178295}.Release|Any CPU.ActiveCfg = Release|Any CPU
		{D4F0C629-29D2-460B-89B1-1DD6A4178295}.Release|Any CPU.Build.0 = Release|Any CPU
		{4B3ACFD9-E174-4DCA-9883-F099860BB3D9}.Debug|Any CPU.ActiveCfg = Debug|Any CPU
		{4B3ACFD9-E174-4DCA-9883-F099860BB3D9}.Debug|Any CPU.Build.0 = Debug|Any CPU
		{4B3ACFD9-E174-4DCA-9883-F099860BB3D9}.Release|Any CPU.ActiveCfg = Release|Any CPU
		{4B3ACFD9-E174-4DCA-9883-F099860BB3D9}.Release|Any CPU.Build.0 = Release|Any CPU
		{E55C055C-A093-4344-820A-379CDE04EFBD}.Debug|Any CPU.ActiveCfg = Debug|Any CPU
		{E55C055C-A093-4344-820A-379CDE04EFBD}.Debug|Any CPU.Build.0 = Debug|Any CPU
		{E55C055C-A093-4344-820A-379CDE04EFBD}.Release|Any CPU.ActiveCfg = Release|Any CPU
		{E55C055C-A093-4344-820A-379CDE04EFBD}.Release|Any CPU.Build.0 = Release|Any CPU
		{30492465-0AFD-4CC2-9FE4-AEA2F11CFC9F}.Debug|Any CPU.ActiveCfg = Debug|Any CPU
		{30492465-0AFD-4CC2-9FE4-AEA2F11CFC9F}.Debug|Any CPU.Build.0 = Debug|Any CPU
		{30492465-0AFD-4CC2-9FE4-AEA2F11CFC9F}.Release|Any CPU.ActiveCfg = Release|Any CPU
		{30492465-0AFD-4CC2-9FE4-AEA2F11CFC9F}.Release|Any CPU.Build.0 = Release|Any CPU
		{3A593444-2E35-4715-947B-BB3535675F7B}.Debug|Any CPU.ActiveCfg = Debug|Any CPU
		{3A593444-2E35-4715-947B-BB3535675F7B}.Debug|Any CPU.Build.0 = Debug|Any CPU
		{3A593444-2E35-4715-947B-BB3535675F7B}.Release|Any CPU.ActiveCfg = Release|Any CPU
		{3A593444-2E35-4715-947B-BB3535675F7B}.Release|Any CPU.Build.0 = Release|Any CPU
		{1A01A77C-C332-452E-988C-888D75F45F96}.Debug|Any CPU.ActiveCfg = Debug|Any CPU
		{1A01A77C-C332-452E-988C-888D75F45F96}.Debug|Any CPU.Build.0 = Debug|Any CPU
		{1A01A77C-C332-452E-988C-888D75F45F96}.Release|Any CPU.ActiveCfg = Release|Any CPU
		{1A01A77C-C332-452E-988C-888D75F45F96}.Release|Any CPU.Build.0 = Release|Any CPU
		{A6440C21-7C53-4855-A40A-ADE04F1289C5}.Debug|Any CPU.ActiveCfg = Debug|Any CPU
		{A6440C21-7C53-4855-A40A-ADE04F1289C5}.Debug|Any CPU.Build.0 = Debug|Any CPU
		{A6440C21-7C53-4855-A40A-ADE04F1289C5}.Release|Any CPU.ActiveCfg = Release|Any CPU
		{A6440C21-7C53-4855-A40A-ADE04F1289C5}.Release|Any CPU.Build.0 = Release|Any CPU
		{7AA40543-4101-49BE-BCE9-B82A080C6FFE}.Debug|Any CPU.ActiveCfg = Debug|Any CPU
		{7AA40543-4101-49BE-BCE9-B82A080C6FFE}.Debug|Any CPU.Build.0 = Debug|Any CPU
		{7AA40543-4101-49BE-BCE9-B82A080C6FFE}.Release|Any CPU.ActiveCfg = Release|Any CPU
		{7AA40543-4101-49BE-BCE9-B82A080C6FFE}.Release|Any CPU.Build.0 = Release|Any CPU
		{7549FC08-3766-426E-8A8A-367C55065DBE}.Debug|Any CPU.ActiveCfg = Debug|Any CPU
		{7549FC08-3766-426E-8A8A-367C55065DBE}.Debug|Any CPU.Build.0 = Debug|Any CPU
		{7549FC08-3766-426E-8A8A-367C55065DBE}.Release|Any CPU.ActiveCfg = Release|Any CPU
		{7549FC08-3766-426E-8A8A-367C55065DBE}.Release|Any CPU.Build.0 = Release|Any CPU
		{EA03604F-0A7F-4D27-B750-47321931A9FA}.Debug|Any CPU.ActiveCfg = Debug|Any CPU
		{EA03604F-0A7F-4D27-B750-47321931A9FA}.Debug|Any CPU.Build.0 = Debug|Any CPU
		{EA03604F-0A7F-4D27-B750-47321931A9FA}.Release|Any CPU.ActiveCfg = Release|Any CPU
		{EA03604F-0A7F-4D27-B750-47321931A9FA}.Release|Any CPU.Build.0 = Release|Any CPU
		{64992C93-5915-4A84-BCAC-EE1B71BF8770}.Debug|Any CPU.ActiveCfg = Debug|Any CPU
		{64992C93-5915-4A84-BCAC-EE1B71BF8770}.Debug|Any CPU.Build.0 = Debug|Any CPU
		{64992C93-5915-4A84-BCAC-EE1B71BF8770}.Release|Any CPU.ActiveCfg = Release|Any CPU
		{64992C93-5915-4A84-BCAC-EE1B71BF8770}.Release|Any CPU.Build.0 = Release|Any CPU
		{3485A7A9-280F-4F47-B7E9-FCE4F09D434A}.Debug|Any CPU.ActiveCfg = Debug|Any CPU
		{3485A7A9-280F-4F47-B7E9-FCE4F09D434A}.Debug|Any CPU.Build.0 = Debug|Any CPU
		{3485A7A9-280F-4F47-B7E9-FCE4F09D434A}.Release|Any CPU.ActiveCfg = Release|Any CPU
		{3485A7A9-280F-4F47-B7E9-FCE4F09D434A}.Release|Any CPU.Build.0 = Release|Any CPU
		{B6B4ED3D-A6F0-4F02-AA5C-0FAF2832578F}.Debug|Any CPU.ActiveCfg = Debug|Any CPU
		{B6B4ED3D-A6F0-4F02-AA5C-0FAF2832578F}.Debug|Any CPU.Build.0 = Debug|Any CPU
		{B6B4ED3D-A6F0-4F02-AA5C-0FAF2832578F}.Release|Any CPU.ActiveCfg = Release|Any CPU
		{B6B4ED3D-A6F0-4F02-AA5C-0FAF2832578F}.Release|Any CPU.Build.0 = Release|Any CPU
		{3E1DF154-D684-46E2-A6EF-6AC30618083E}.Debug|Any CPU.ActiveCfg = Debug|Any CPU
		{3E1DF154-D684-46E2-A6EF-6AC30618083E}.Debug|Any CPU.Build.0 = Debug|Any CPU
		{3E1DF154-D684-46E2-A6EF-6AC30618083E}.Release|Any CPU.ActiveCfg = Release|Any CPU
		{3E1DF154-D684-46E2-A6EF-6AC30618083E}.Release|Any CPU.Build.0 = Release|Any CPU
		{CAC71844-F58F-4809-9F47-D15B305C3DF8}.Debug|Any CPU.ActiveCfg = Debug|Any CPU
		{CAC71844-F58F-4809-9F47-D15B305C3DF8}.Debug|Any CPU.Build.0 = Debug|Any CPU
		{CAC71844-F58F-4809-9F47-D15B305C3DF8}.Release|Any CPU.ActiveCfg = Release|Any CPU
		{CAC71844-F58F-4809-9F47-D15B305C3DF8}.Release|Any CPU.Build.0 = Release|Any CPU
		{D6B83D83-939A-4AFB-8C4A-F667FABC7F4F}.Debug|Any CPU.ActiveCfg = Debug|Any CPU
		{D6B83D83-939A-4AFB-8C4A-F667FABC7F4F}.Debug|Any CPU.Build.0 = Debug|Any CPU
		{D6B83D83-939A-4AFB-8C4A-F667FABC7F4F}.Release|Any CPU.ActiveCfg = Release|Any CPU
		{D6B83D83-939A-4AFB-8C4A-F667FABC7F4F}.Release|Any CPU.Build.0 = Release|Any CPU
		{64B8710D-AFFC-4BE4-BFA3-F04520F152AC}.Debug|Any CPU.ActiveCfg = Debug|Any CPU
		{64B8710D-AFFC-4BE4-BFA3-F04520F152AC}.Debug|Any CPU.Build.0 = Debug|Any CPU
		{64B8710D-AFFC-4BE4-BFA3-F04520F152AC}.Release|Any CPU.ActiveCfg = Release|Any CPU
		{64B8710D-AFFC-4BE4-BFA3-F04520F152AC}.Release|Any CPU.Build.0 = Release|Any CPU
		{84DDD3CA-78F1-4B14-A512-FE8AF9E90323}.Debug|Any CPU.ActiveCfg = Debug|Any CPU
		{84DDD3CA-78F1-4B14-A512-FE8AF9E90323}.Debug|Any CPU.Build.0 = Debug|Any CPU
		{84DDD3CA-78F1-4B14-A512-FE8AF9E90323}.Release|Any CPU.ActiveCfg = Release|Any CPU
		{84DDD3CA-78F1-4B14-A512-FE8AF9E90323}.Release|Any CPU.Build.0 = Release|Any CPU
		{7E504F82-9F63-40D5-AC6B-34386F4D7552}.Debug|Any CPU.ActiveCfg = Debug|Any CPU
		{7E504F82-9F63-40D5-AC6B-34386F4D7552}.Debug|Any CPU.Build.0 = Debug|Any CPU
		{7E504F82-9F63-40D5-AC6B-34386F4D7552}.Release|Any CPU.ActiveCfg = Release|Any CPU
		{7E504F82-9F63-40D5-AC6B-34386F4D7552}.Release|Any CPU.Build.0 = Release|Any CPU
		{FB1E573C-FAF7-4B19-8136-A6DBFB5A07DA}.Debug|Any CPU.ActiveCfg = Debug|Any CPU
		{FB1E573C-FAF7-4B19-8136-A6DBFB5A07DA}.Debug|Any CPU.Build.0 = Debug|Any CPU
		{FB1E573C-FAF7-4B19-8136-A6DBFB5A07DA}.Release|Any CPU.ActiveCfg = Release|Any CPU
		{FB1E573C-FAF7-4B19-8136-A6DBFB5A07DA}.Release|Any CPU.Build.0 = Release|Any CPU
		{C35CA536-6DB1-48C3-92B4-4308C51EAB97}.Debug|Any CPU.ActiveCfg = Debug|Any CPU
		{C35CA536-6DB1-48C3-92B4-4308C51EAB97}.Debug|Any CPU.Build.0 = Debug|Any CPU
		{C35CA536-6DB1-48C3-92B4-4308C51EAB97}.Release|Any CPU.ActiveCfg = Release|Any CPU
		{C35CA536-6DB1-48C3-92B4-4308C51EAB97}.Release|Any CPU.Build.0 = Release|Any CPU
		{7D07AB55-35CC-4903-8189-0B63053625DF}.Debug|Any CPU.ActiveCfg = Debug|Any CPU
		{7D07AB55-35CC-4903-8189-0B63053625DF}.Debug|Any CPU.Build.0 = Debug|Any CPU
		{7D07AB55-35CC-4903-8189-0B63053625DF}.Release|Any CPU.ActiveCfg = Release|Any CPU
		{7D07AB55-35CC-4903-8189-0B63053625DF}.Release|Any CPU.Build.0 = Release|Any CPU
		{1861A517-BEE7-447B-A63F-FF2D1F28ED64}.Debug|Any CPU.ActiveCfg = Debug|Any CPU
		{1861A517-BEE7-447B-A63F-FF2D1F28ED64}.Debug|Any CPU.Build.0 = Debug|Any CPU
		{1861A517-BEE7-447B-A63F-FF2D1F28ED64}.Release|Any CPU.ActiveCfg = Release|Any CPU
		{1861A517-BEE7-447B-A63F-FF2D1F28ED64}.Release|Any CPU.Build.0 = Release|Any CPU
	EndGlobalSection
	GlobalSection(SolutionProperties) = preSolution
		HideSolutionNode = FALSE
	EndGlobalSection
	GlobalSection(NestedProjects) = preSolution
		{458FA131-489C-4E96-9BC8-DE5F41E60CCB} = {4A7DDB73-362B-4B06-93B8-94C0CC8E51B2}
		{FA294E2B-F2A1-4317-A235-1E1E3F784AFA} = {4A7DDB73-362B-4B06-93B8-94C0CC8E51B2}
		{5B9A0B23-A58E-4BDB-A86A-E22D54C03B69} = {4A7DDB73-362B-4B06-93B8-94C0CC8E51B2}
		{44F220BB-DF4D-4341-BF2D-9C818DC840EC} = {4A7DDB73-362B-4B06-93B8-94C0CC8E51B2}
		{93A7A64D-2B3A-48B1-8E1B-EF456FFA8191} = {458FA131-489C-4E96-9BC8-DE5F41E60CCB}
		{67F69151-D6E0-41FF-BF84-60E397BA8D4C} = {458FA131-489C-4E96-9BC8-DE5F41E60CCB}
		{F879429B-3F6A-4A3F-8314-B9B52724D149} = {458FA131-489C-4E96-9BC8-DE5F41E60CCB}
		{B9BE5B14-7FE6-43D4-9594-D7E62AE7B4F9} = {458FA131-489C-4E96-9BC8-DE5F41E60CCB}
		{6FD1CCA1-994B-4DA1-B104-8FB71CE0E3A4} = {458FA131-489C-4E96-9BC8-DE5F41E60CCB}
		{55B7EC79-3B2C-4D34-9050-E021D45BAA2C} = {458FA131-489C-4E96-9BC8-DE5F41E60CCB}
		{ACB7F443-F4F7-42A6-8211-507996F6D1B0} = {458FA131-489C-4E96-9BC8-DE5F41E60CCB}
		{4C33F450-005E-4EC8-B040-3E89D998E2B8} = {44F220BB-DF4D-4341-BF2D-9C818DC840EC}
		{C2C8BDD8-8733-4CFE-9A90-C855D1D3A9CF} = {44F220BB-DF4D-4341-BF2D-9C818DC840EC}
		{D2A772AC-F650-47B3-BD96-D66E48C2DBAE} = {44F220BB-DF4D-4341-BF2D-9C818DC840EC}
		{98E2E483-7D30-495E-88F4-69B2797434AF} = {FA294E2B-F2A1-4317-A235-1E1E3F784AFA}
		{5994631D-2F06-4418-BA36-2081582B7CCD} = {FA294E2B-F2A1-4317-A235-1E1E3F784AFA}
		{CAA76136-35C7-4506-ADD9-8524B03B6094} = {FA294E2B-F2A1-4317-A235-1E1E3F784AFA}
		{A1A01CA5-24BF-4F9A-8F4A-68308E89A056} = {FA294E2B-F2A1-4317-A235-1E1E3F784AFA}
		{9646B447-6E3F-4B74-BA50-36BF333A4783} = {5B9A0B23-A58E-4BDB-A86A-E22D54C03B69}
		{E5912B9F-82AA-4417-B221-12A81E2DA997} = {5B9A0B23-A58E-4BDB-A86A-E22D54C03B69}
		{2F2040E7-EAC3-4229-93E4-5A62EF9070CB} = {5B9A0B23-A58E-4BDB-A86A-E22D54C03B69}
		{64D32929-FBE7-48CC-84B2-71888324D3A2} = {5B9A0B23-A58E-4BDB-A86A-E22D54C03B69}
		{92833D52-FA71-4DBC-8F34-A8596708352B} = {4A7DDB73-362B-4B06-93B8-94C0CC8E51B2}
		{AE872E78-2D9F-4A2E-BA8A-4B5A39260B77} = {92833D52-FA71-4DBC-8F34-A8596708352B}
		{FEBD738E-F5CA-4C00-AE83-2A8F582A45BB} = {92833D52-FA71-4DBC-8F34-A8596708352B}
		{5141C07A-F1DE-43D7-B81B-B02307D23FE5} = {92833D52-FA71-4DBC-8F34-A8596708352B}
		{1B8D2EAD-48EE-4C66-9680-89E41C98809F} = {4A7DDB73-362B-4B06-93B8-94C0CC8E51B2}
		{851515EC-631E-4907-B0C0-587CA0EE916F} = {1B8D2EAD-48EE-4C66-9680-89E41C98809F}
		{D4F0C629-29D2-460B-89B1-1DD6A4178295} = {1B8D2EAD-48EE-4C66-9680-89E41C98809F}
		{4B3ACFD9-E174-4DCA-9883-F099860BB3D9} = {1B8D2EAD-48EE-4C66-9680-89E41C98809F}
		{E55C055C-A093-4344-820A-379CDE04EFBD} = {1B8D2EAD-48EE-4C66-9680-89E41C98809F}
		{30492465-0AFD-4CC2-9FE4-AEA2F11CFC9F} = {1B8D2EAD-48EE-4C66-9680-89E41C98809F}
		{3A593444-2E35-4715-947B-BB3535675F7B} = {1B8D2EAD-48EE-4C66-9680-89E41C98809F}
		{1A01A77C-C332-452E-988C-888D75F45F96} = {1B8D2EAD-48EE-4C66-9680-89E41C98809F}
		{A6440C21-7C53-4855-A40A-ADE04F1289C5} = {1B8D2EAD-48EE-4C66-9680-89E41C98809F}
		{7AA40543-4101-49BE-BCE9-B82A080C6FFE} = {1B8D2EAD-48EE-4C66-9680-89E41C98809F}
		{7549FC08-3766-426E-8A8A-367C55065DBE} = {BD2E7D46-44AF-47AD-8485-FFF2D77CD488}
		{EA03604F-0A7F-4D27-B750-47321931A9FA} = {BD2E7D46-44AF-47AD-8485-FFF2D77CD488}
		{64992C93-5915-4A84-BCAC-EE1B71BF8770} = {BD2E7D46-44AF-47AD-8485-FFF2D77CD488}
		{3485A7A9-280F-4F47-B7E9-FCE4F09D434A} = {BD2E7D46-44AF-47AD-8485-FFF2D77CD488}
		{B6B4ED3D-A6F0-4F02-AA5C-0FAF2832578F} = {BD2E7D46-44AF-47AD-8485-FFF2D77CD488}
		{3E1DF154-D684-46E2-A6EF-6AC30618083E} = {BD2E7D46-44AF-47AD-8485-FFF2D77CD488}
		{CAC71844-F58F-4809-9F47-D15B305C3DF8} = {BD2E7D46-44AF-47AD-8485-FFF2D77CD488}
		{D6B83D83-939A-4AFB-8C4A-F667FABC7F4F} = {BD2E7D46-44AF-47AD-8485-FFF2D77CD488}
		{64B8710D-AFFC-4BE4-BFA3-F04520F152AC} = {BD2E7D46-44AF-47AD-8485-FFF2D77CD488}
		{84DDD3CA-78F1-4B14-A512-FE8AF9E90323} = {BD2E7D46-44AF-47AD-8485-FFF2D77CD488}
		{7E504F82-9F63-40D5-AC6B-34386F4D7552} = {BD2E7D46-44AF-47AD-8485-FFF2D77CD488}
		{FB1E573C-FAF7-4B19-8136-A6DBFB5A07DA} = {BD2E7D46-44AF-47AD-8485-FFF2D77CD488}
		{C35CA536-6DB1-48C3-92B4-4308C51EAB97} = {BD2E7D46-44AF-47AD-8485-FFF2D77CD488}
		{7D07AB55-35CC-4903-8189-0B63053625DF} = {BD2E7D46-44AF-47AD-8485-FFF2D77CD488}
		{1861A517-BEE7-447B-A63F-FF2D1F28ED64} = {4A7DDB73-362B-4B06-93B8-94C0CC8E51B2}
	EndGlobalSection
	GlobalSection(ExtensibilityGlobals) = postSolution
		SolutionGuid = {3A2D75E5-8D72-477B-9ABD-5FE471363BE2}
	EndGlobalSection
EndGlobal
