Microsoft Visual Studio Solution File, Format Version 12.00
# Visual Studio Version 17
VisualStudioVersion = 17.5.2.0
MinimumVisualStudioVersion = 10.0.40219.1
Project("{FAE04EC0-301F-11D3-BF4B-00C04F79EFBC}") = "AmazonCloudDatasourceCore", "AmazonCloudDatasourceCore\AmazonCloudDatasourceCore.csproj", "{06D02896-D774-7737-5316-86C0BCA63382}"
EndProject
Project("{FAE04EC0-301F-11D3-BF4B-00C04F79EFBC}") = "AzureCloudDataSourceCore", "AzureCloudDataSourceCore\AzureCloudDataSourceCore.csproj", "{CFDB946D-9B93-8D59-3D60-4B20C9961443}"
EndProject
Project("{FAE04EC0-301F-11D3-BF4B-00C04F79EFBC}") = "CockroachDBDataSourceCore", "CockroachDBDataSourceCore\CockroachDBDataSourceCore.csproj", "{6B5529BB-EFB6-FFF8-503A-C60C1BAF72F0}"
EndProject
Project("{2150E333-8FDC-42A3-9474-1A3956D46DE8}") = "CompositeLayerDataSource6", "CompositeLayerDataSource6", "{3B05FCBD-14EC-621A-B169-4E3C35FBF727}"
EndProject
Project("{FAE04EC0-301F-11D3-BF4B-00C04F79EFBC}") = "CouchBaseDataSourceCore", "CouchBaseDataSourceCore\CouchBaseDataSourceCore.csproj", "{F971A836-E44D-684F-C1A4-ABA7C33F5000}"
EndProject
Project("{FAE04EC0-301F-11D3-BF4B-00C04F79EFBC}") = "CouchBaseLiteDataSourceCore", "CouchBaseLiteDataSourceCore\CouchBaseLiteDataSourceCore.csproj", "{E3A5C202-07BA-D7B4-13AD-D0F7CB6D9739}"
EndProject
Project("{FAE04EC0-301F-11D3-BF4B-00C04F79EFBC}") = "CouchDBDataSourceCore", "CouchDBDataSourceCore\CouchDBDataSourceCore.csproj", "{EB0C37BA-26DE-E306-D008-BBB40183AB4E}"
EndProject
Project("{FAE04EC0-301F-11D3-BF4B-00C04F79EFBC}") = "CSVDatasourceCore", "CSVDatasourceCore\CSVDatasourceCore.csproj", "{E3841983-DECC-8516-A3EA-E5809BC27508}"
EndProject
Project("{2150E333-8FDC-42A3-9474-1A3956D46DE8}") = "DaprClient", "DaprClient", "{CB9E16AB-6C72-FF8F-894F-085B92435922}"
EndProject
Project("{2150E333-8FDC-42A3-9474-1A3956D46DE8}") = "DataBricksDataSource", "DataBricksDataSource", "{A8B54FAD-7361-7606-E628-7367B14B9F36}"
EndProject
Project("{FAE04EC0-301F-11D3-BF4B-00C04F79EFBC}") = "FireBaseDataSourceCore", "FireBaseDataSourceCore\FireBaseDataSourceCore.csproj", "{6D70E40C-7780-1094-70D4-10B9FE35A738}"
EndProject
Project("{FAE04EC0-301F-11D3-BF4B-00C04F79EFBC}") = "FirebirdDataSourceCore", "FirebirdDataSourceCore\FirebirdDataSourceCore.csproj", "{96DA4FBB-4023-F1A5-F1FC-692DF5688ABF}"
EndProject
Project("{2150E333-8FDC-42A3-9474-1A3956D46DE8}") = "FireboltDataSource", "FireboltDataSource", "{391365A0-DF9C-C2B6-E9EB-41B7001EC47E}"
EndProject
Project("{2150E333-8FDC-42A3-9474-1A3956D46DE8}") = "GoogleBigQuery", "GoogleBigQuery", "{743C3DB8-AEE4-3E4F-A7D7-913177D446E5}"
EndProject
Project("{2150E333-8FDC-42A3-9474-1A3956D46DE8}") = "GoogleSheets", "GoogleSheets", "{DB798713-BF5F-445D-30FB-E9A717885121}"
EndProject
Project("{FAE04EC0-301F-11D3-BF4B-00C04F79EFBC}") = "HadoopDataSourceCore", "HadoopDataSourceCore\HadoopDataSourceCore.csproj", "{048F46A5-3385-7768-5BF3-B48E0B4F027F}"
EndProject
Project("{2150E333-8FDC-42A3-9474-1A3956D46DE8}") = "HanaDataSource", "HanaDataSource", "{5FC00FB2-127E-8E79-22F1-81E37471BF54}"
EndProject
Project("{2150E333-8FDC-42A3-9474-1A3956D46DE8}") = "hdf5DataSource", "hdf5DataSource", "{315CAC57-0B9F-E1D5-64E1-48FB340E28E0}"
EndProject
Project("{FAE04EC0-301F-11D3-BF4B-00C04F79EFBC}") = "HologresDataSource", "HologresDataSource\HologresDataSource.csproj", "{13CF43D4-9C50-CF46-EAA3-433FD3EC4421}"
EndProject
Project("{FAE04EC0-301F-11D3-BF4B-00C04F79EFBC}") = "InfluxDBDataSourceCore", "InfluxDBDataSourceCore\InfluxDBDataSourceCore.csproj", "{C57F32EF-247A-7985-2D51-A8F2E5AB9D20}"
EndProject
Project("{2150E333-8FDC-42A3-9474-1A3956D46DE8}") = "KustoDataSource", "KustoDataSource", "{78901166-66FF-27FD-124D-299574D08F93}"
EndProject
Project("{FAE04EC0-301F-11D3-BF4B-00C04F79EFBC}") = "LiteDBDataSourceCore", "LiteDBDataSourceCore\LiteDBDataSourceCore.csproj", "{72DAD5EC-2D82-872B-B1EF-B28158D333B9}"
EndProject
Project("{2150E333-8FDC-42A3-9474-1A3956D46DE8}") = "MlModelDataSource", "MlModelDataSource", "{A7384830-410A-C5F5-146C-E5D0F6CC7B13}"
EndProject
Project("{FAE04EC0-301F-11D3-BF4B-00C04F79EFBC}") = "MongoDBDataSourceCore", "MongoDBDataSourceCore\MongoDBDataSourceCore.csproj", "{3B067157-12A2-BC6C-F7E1-1569C0E0ACE6}"
EndProject
Project("{FAE04EC0-301F-11D3-BF4B-00C04F79EFBC}") = "MySqlDataSourceCore", "MySqlDataSourceCore\MySqlDataSourceCore.csproj", "{AF398691-13D4-A08E-6A84-1F18A28E7CE7}"
EndProject
Project("{2150E333-8FDC-42A3-9474-1A3956D46DE8}") = "OnnxDataSource", "OnnxDataSource", "{57B6562C-2607-EEF8-D099-0CEE9F4DEF07}"
EndProject
Project("{2150E333-8FDC-42A3-9474-1A3956D46DE8}") = "OPCUADataSource", "OPCUADataSource", "{1A7C32CB-1C80-25A5-A6FB-C1F63D988FFC}"
EndProject
Project("{FAE04EC0-301F-11D3-BF4B-00C04F79EFBC}") = "OracleDataSourceCore", "OracleDataSourceCore\OracleDataSourceCore.csproj", "{8302A03F-F48C-3390-2CEC-DC3125F3E1AB}"
EndProject
Project("{2150E333-8FDC-42A3-9474-1A3956D46DE8}") = "ParquetDataSource", "ParquetDataSource", "{B8703468-4326-3CDA-78F8-7D769DC21F32}"
EndProject
Project("{2150E333-8FDC-42A3-9474-1A3956D46DE8}") = "PetastormDataSource", "PetastormDataSource", "{AFD616D9-FE4B-73EB-4583-6421B3DF9B04}"
EndProject
Project("{FAE04EC0-301F-11D3-BF4B-00C04F79EFBC}") = "PostgreDataSourceCore", "PostgreDataSourceCore\PostgreDataSourceCore.csproj", "{DBACEBAD-9A40-6C8D-D8A3-2B86A04D4E22}"
EndProject
Project("{2150E333-8FDC-42A3-9474-1A3956D46DE8}") = "PrestoDatasource", "PrestoDatasource", "{4077F251-37B1-EADA-857E-4B715CB6FF31}"
EndProject
Project("{FAE04EC0-301F-11D3-BF4B-00C04F79EFBC}") = "RavenDBDataSourceCore", "RavenDBDataSourceCore\RavenDBDataSourceCore.csproj", "{7CE07F19-F412-3D13-5A2B-79F28F58DFB6}"
EndProject
Project("{2150E333-8FDC-42A3-9474-1A3956D46DE8}") = "RealMDataSource", "RealMDataSource", "{4C059D77-8D33-A650-23D9-96F83C141831}"
EndProject
Project("{2150E333-8FDC-42A3-9474-1A3956D46DE8}") = "RedisDataSourceCore (1)", "RedisDataSourceCore (1)", "{BE5A2C45-D4C3-DC6E-948A-FF8886E03E37}"
EndProject
Project("{FAE04EC0-301F-11D3-BF4B-00C04F79EFBC}") = "RedisDataSourceCore", "RedisDataSourceCore\RedisDataSourceCore.csproj", "{0BAC5BCB-F24F-CBC0-53F8-CD7610CAC7B8}"
EndProject
Project("{2150E333-8FDC-42A3-9474-1A3956D46DE8}") = "RocksetDatasource", "RocksetDatasource", "{9B79CA0C-F895-EA25-0864-12104EFD6275}"
EndProject
Project("{2150E333-8FDC-42A3-9474-1A3956D46DE8}") = "SnowFlakeDataSource", "SnowFlakeDataSource", "{5A905A0F-69FA-716B-CB43-8A74CDE5C050}"
EndProject
Project("{FAE04EC0-301F-11D3-BF4B-00C04F79EFBC}") = "SpannerDataSourceCore", "SpannerDataSourceCore\SpannerDataSourceCore.csproj", "{EA8C02F8-31C7-89FC-E38D-9A2C1E1F87C7}"
EndProject
Project("{FAE04EC0-301F-11D3-BF4B-00C04F79EFBC}") = "SqlCompactDatasourceCore", "SqlCompactDatasourceCore\SqlCompactDatasourceCore.csproj", "{7E17A8C1-59D9-9FD6-E040-7F041E333B0F}"
EndProject
Project("{FAE04EC0-301F-11D3-BF4B-00C04F79EFBC}") = "SqliteDatasourceCore", "SqliteDatasourceCore\SqliteDatasourceCore.csproj", "{DC469339-5E5B-0C24-A2C2-48906DF718C0}"
EndProject
Project("{FAE04EC0-301F-11D3-BF4B-00C04F79EFBC}") = "SqlServerDataSourceCore", "SQlServerDataSourceCore\SqlServerDataSourceCore.csproj", "{19474488-CD04-24C2-2C6F-4007968434C6}"
EndProject
Project("{FAE04EC0-301F-11D3-BF4B-00C04F79EFBC}") = "SupabaseDataSourceCore", "SupabaseDataSourceCore\SupabaseDataSourceCore.csproj", "{9EA2CD1F-453C-4A1A-ADA6-7D52770FAF79}"
EndProject
Project("{2150E333-8FDC-42A3-9474-1A3956D46DE8}") = "TerraDataDataSource", "TerraDataDataSource", "{1E67CA85-E816-4A08-4E81-F4A89D5DBB9D}"
EndProject
Project("{FAE04EC0-301F-11D3-BF4B-00C04F79EFBC}") = "TimeScaleDBDataSource", "TimeScaleDBDataSource\TimeScaleDBDataSource.csproj", "{D31C5D26-CDDE-BC7B-6329-055E7999FE68}"
EndProject
Project("{2150E333-8FDC-42A3-9474-1A3956D46DE8}") = "TrinoDataSource", "TrinoDataSource", "{1B27B219-31C9-46FE-4094-6D842903E8B2}"
EndProject
Project("{FAE04EC0-301F-11D3-BF4B-00C04F79EFBC}") = "TxtXlsCSVFileSourceCore", "TxtXlsCSVFileSourceCore\TxtXlsCSVFileSourceCore.csproj", "{AFA50262-65AA-AAF8-A023-941885DB427F}"
EndProject
Project("{2150E333-8FDC-42A3-9474-1A3956D46DE8}") = "VerticaDataSource", "VerticaDataSource", "{2B961249-D2AA-D6E9-22B5-C6C31E0EAFA9}"
EndProject
Project("{FAE04EC0-301F-11D3-BF4B-00C04F79EFBC}") = "CompositeLayerDataSource6 - Backup", "CompositeLayerDataSource6\CompositeLayerDataSource6 - Backup.csproj", "{B8C9D93E-95FB-EE63-9565-97DFDF29C8D2}"
EndProject
Project("{FAE04EC0-301F-11D3-BF4B-00C04F79EFBC}") = "CompositeLayerDataSourceCore", "CompositeLayerDataSource6\CompositeLayerDataSourceCore.csproj", "{DCAB8D55-917B-B382-C58F-A4B244995461}"
EndProject
Project("{FAE04EC0-301F-11D3-BF4B-00C04F79EFBC}") = "DaprClientCore", "DaprClient\DaprClientCore.csproj", "{E3D984D7-B824-0EA5-A188-0EB8E1EC214C}"
EndProject
Project("{FAE04EC0-301F-11D3-BF4B-00C04F79EFBC}") = "DataBricksDataSourceCore", "DataBricksDataSource\DataBricksDataSourceCore.csproj", "{5B8559B6-DC5D-4086-321E-7F4CFBB94051}"
EndProject
Project("{FAE04EC0-301F-11D3-BF4B-00C04F79EFBC}") = "FireboltDataSourceCore", "FireboltDataSource\FireboltDataSourceCore.csproj", "{D2008A5C-F413-C17B-85D2-25BAED87DE47}"
EndProject
Project("{FAE04EC0-301F-11D3-BF4B-00C04F79EFBC}") = "GoogleBigQueryDatasourceCore", "GoogleBigQuery\GoogleBigQueryDatasourceCore.csproj", "{D3764F56-19BD-8F68-4DC7-129191DB65E8}"
EndProject
Project("{FAE04EC0-301F-11D3-BF4B-00C04F79EFBC}") = "GoogleSheetsDataSourceCore", "GoogleSheets\GoogleSheetsDataSourceCore.csproj", "{F7F8CD66-41D9-E1FC-2C81-5C8B9D3AE1F8}"
EndProject
Project("{FAE04EC0-301F-11D3-BF4B-00C04F79EFBC}") = "HanaDataSourceCore", "HanaDataSource\HanaDataSourceCore.csproj", "{E254596B-02E3-F4B0-3C3B-90A68B7DCFE3}"
EndProject
Project("{FAE04EC0-301F-11D3-BF4B-00C04F79EFBC}") = "Hdf5DataSourceCore", "hdf5DataSource\Hdf5DataSourceCore.csproj", "{8AA4055E-614E-5F77-2228-6E0367EB2502}"
EndProject
Project("{FAE04EC0-301F-11D3-BF4B-00C04F79EFBC}") = "KustoDataSourceCore", "KustoDataSource\KustoDataSourceCore.csproj", "{52C88A5A-0C25-A7A9-E01E-17900F2D4874}"
EndProject
Project("{FAE04EC0-301F-11D3-BF4B-00C04F79EFBC}") = "MlModelDataSourceCore", "MlModelDataSource\MlModelDataSourceCore.csproj", "{1520EE17-3A80-2F00-8610-86DA52563737}"
EndProject
Project("{FAE04EC0-301F-11D3-BF4B-00C04F79EFBC}") = "OnnxDataSourceCore", "OnnxDataSource\OnnxDataSourceCore.csproj", "{D6094F08-DF70-D0C0-D0E1-E2E9B03ED2E0}"
EndProject
Project("{FAE04EC0-301F-11D3-BF4B-00C04F79EFBC}") = "OPCUADataSourceCore", "OPCUADataSource\OPCUADataSourceCore.csproj", "{478DA2B0-FD1D-FD8F-6255-84D8462BCA37}"
EndProject
Project("{FAE04EC0-301F-11D3-BF4B-00C04F79EFBC}") = "ParquetDataSourceCore", "ParquetDataSource\ParquetDataSourceCore.csproj", "{8A1C7B8D-9AB2-138A-D5C6-5ACBDE895324}"
EndProject
Project("{FAE04EC0-301F-11D3-BF4B-00C04F79EFBC}") = "PetastormDataSourceCore", "PetastormDataSource\PetastormDataSourceCore.csproj", "{3BD191E3-989B-AB46-66D5-E5FBD01C5107}"
EndProject
Project("{FAE04EC0-301F-11D3-BF4B-00C04F79EFBC}") = "PrestoDatasourceCore", "PrestoDatasource\PrestoDatasourceCore.csproj", "{AA5A3E37-8142-30B2-A34C-51D814AB0396}"
EndProject
Project("{FAE04EC0-301F-11D3-BF4B-00C04F79EFBC}") = "RealMDataSourceCore", "RealMDataSource\RealMDataSourceCore.csproj", "{971D7658-8635-3393-1693-E570CD060CE8}"
EndProject
Project("{FAE04EC0-301F-11D3-BF4B-00C04F79EFBC}") = "RedisDataSourceCore - Backup", "RedisDataSourceCore\RedisDataSourceCore - Backup.csproj", "{05597BF8-714E-97E0-0F86-5989F61DDB4E}"
EndProject
Project("{FAE04EC0-301F-11D3-BF4B-00C04F79EFBC}") = "RocksetDatasourceCore", "RocksetDatasource\RocksetDatasourceCore.csproj", "{DE520A03-E1F3-716A-542D-6C7EA7164ACA}"
EndProject
Project("{FAE04EC0-301F-11D3-BF4B-00C04F79EFBC}") = "SnowFlakeDataSourceCore", "SnowFlakeDataSource\SnowFlakeDataSourceCore.csproj", "{4DAE065D-6206-F9EF-555E-2E4A5F22CAFF}"
EndProject
Project("{FAE04EC0-301F-11D3-BF4B-00C04F79EFBC}") = "TerraDataDataSourceCore", "TerraDataDataSource\TerraDataDataSourceCore.csproj", "{4AD23312-98F1-FA1D-FEE9-1D95ABAB9F2A}"
EndProject
Project("{FAE04EC0-301F-11D3-BF4B-00C04F79EFBC}") = "TrinoDataSourceCore", "TrinoDataSource\TrinoDataSourceCore.csproj", "{3E2F9658-8860-D5FF-384D-422CE377562C}"
EndProject
Project("{FAE04EC0-301F-11D3-BF4B-00C04F79EFBC}") = "VerticaDataSourceCore", "VerticaDataSource\VerticaDataSourceCore.csproj", "{61DEBBD7-F0A9-C46D-D15A-D8CC88D4C042}"
EndProject
Global
	GlobalSection(SolutionConfigurationPlatforms) = preSolution
		Debug|Any CPU = Debug|Any CPU
		Release|Any CPU = Release|Any CPU
	EndGlobalSection
	GlobalSection(ProjectConfigurationPlatforms) = postSolution
		{06D02896-D774-7737-5316-86C0BCA63382}.Debug|Any CPU.ActiveCfg = Debug|Any CPU
		{06D02896-D774-7737-5316-86C0BCA63382}.Debug|Any CPU.Build.0 = Debug|Any CPU
		{06D02896-D774-7737-5316-86C0BCA63382}.Release|Any CPU.ActiveCfg = Release|Any CPU
		{06D02896-D774-7737-5316-86C0BCA63382}.Release|Any CPU.Build.0 = Release|Any CPU
		{CFDB946D-9B93-8D59-3D60-4B20C9961443}.Debug|Any CPU.ActiveCfg = Debug|Any CPU
		{CFDB946D-9B93-8D59-3D60-4B20C9961443}.Debug|Any CPU.Build.0 = Debug|Any CPU
		{CFDB946D-9B93-8D59-3D60-4B20C9961443}.Release|Any CPU.ActiveCfg = Release|Any CPU
		{CFDB946D-9B93-8D59-3D60-4B20C9961443}.Release|Any CPU.Build.0 = Release|Any CPU
		{6B5529BB-EFB6-FFF8-503A-C60C1BAF72F0}.Debug|Any CPU.ActiveCfg = Debug|Any CPU
		{6B5529BB-EFB6-FFF8-503A-C60C1BAF72F0}.Debug|Any CPU.Build.0 = Debug|Any CPU
		{6B5529BB-EFB6-FFF8-503A-C60C1BAF72F0}.Release|Any CPU.ActiveCfg = Release|Any CPU
		{6B5529BB-EFB6-FFF8-503A-C60C1BAF72F0}.Release|Any CPU.Build.0 = Release|Any CPU
		{F971A836-E44D-684F-C1A4-ABA7C33F5000}.Debug|Any CPU.ActiveCfg = Debug|Any CPU
		{F971A836-E44D-684F-C1A4-ABA7C33F5000}.Debug|Any CPU.Build.0 = Debug|Any CPU
		{F971A836-E44D-684F-C1A4-ABA7C33F5000}.Release|Any CPU.ActiveCfg = Release|Any CPU
		{F971A836-E44D-684F-C1A4-ABA7C33F5000}.Release|Any CPU.Build.0 = Release|Any CPU
		{E3A5C202-07BA-D7B4-13AD-D0F7CB6D9739}.Debug|Any CPU.ActiveCfg = Debug|Any CPU
		{E3A5C202-07BA-D7B4-13AD-D0F7CB6D9739}.Debug|Any CPU.Build.0 = Debug|Any CPU
		{E3A5C202-07BA-D7B4-13AD-D0F7CB6D9739}.Release|Any CPU.ActiveCfg = Release|Any CPU
		{E3A5C202-07BA-D7B4-13AD-D0F7CB6D9739}.Release|Any CPU.Build.0 = Release|Any CPU
		{EB0C37BA-26DE-E306-D008-BBB40183AB4E}.Debug|Any CPU.ActiveCfg = Debug|Any CPU
		{EB0C37BA-26DE-E306-D008-BBB40183AB4E}.Debug|Any CPU.Build.0 = Debug|Any CPU
		{EB0C37BA-26DE-E306-D008-BBB40183AB4E}.Release|Any CPU.ActiveCfg = Release|Any CPU
		{EB0C37BA-26DE-E306-D008-BBB40183AB4E}.Release|Any CPU.Build.0 = Release|Any CPU
		{E3841983-DECC-8516-A3EA-E5809BC27508}.Debug|Any CPU.ActiveCfg = Debug|Any CPU
		{E3841983-DECC-8516-A3EA-E5809BC27508}.Debug|Any CPU.Build.0 = Debug|Any CPU
		{E3841983-DECC-8516-A3EA-E5809BC27508}.Release|Any CPU.ActiveCfg = Release|Any CPU
		{E3841983-DECC-8516-A3EA-E5809BC27508}.Release|Any CPU.Build.0 = Release|Any CPU
		{6D70E40C-7780-1094-70D4-10B9FE35A738}.Debug|Any CPU.ActiveCfg = Debug|Any CPU
		{6D70E40C-7780-1094-70D4-10B9FE35A738}.Debug|Any CPU.Build.0 = Debug|Any CPU
		{6D70E40C-7780-1094-70D4-10B9FE35A738}.Release|Any CPU.ActiveCfg = Release|Any CPU
		{6D70E40C-7780-1094-70D4-10B9FE35A738}.Release|Any CPU.Build.0 = Release|Any CPU
		{96DA4FBB-4023-F1A5-F1FC-692DF5688ABF}.Debug|Any CPU.ActiveCfg = Debug|Any CPU
		{96DA4FBB-4023-F1A5-F1FC-692DF5688ABF}.Debug|Any CPU.Build.0 = Debug|Any CPU
		{96DA4FBB-4023-F1A5-F1FC-692DF5688ABF}.Release|Any CPU.ActiveCfg = Release|Any CPU
		{96DA4FBB-4023-F1A5-F1FC-692DF5688ABF}.Release|Any CPU.Build.0 = Release|Any CPU
		{048F46A5-3385-7768-5BF3-B48E0B4F027F}.Debug|Any CPU.ActiveCfg = Debug|Any CPU
		{048F46A5-3385-7768-5BF3-B48E0B4F027F}.Debug|Any CPU.Build.0 = Debug|Any CPU
		{048F46A5-3385-7768-5BF3-B48E0B4F027F}.Release|Any CPU.ActiveCfg = Release|Any CPU
		{048F46A5-3385-7768-5BF3-B48E0B4F027F}.Release|Any CPU.Build.0 = Release|Any CPU
		{13CF43D4-9C50-CF46-EAA3-433FD3EC4421}.Debug|Any CPU.ActiveCfg = Debug|Any CPU
		{13CF43D4-9C50-CF46-EAA3-433FD3EC4421}.Debug|Any CPU.Build.0 = Debug|Any CPU
		{13CF43D4-9C50-CF46-EAA3-433FD3EC4421}.Release|Any CPU.ActiveCfg = Release|Any CPU
		{13CF43D4-9C50-CF46-EAA3-433FD3EC4421}.Release|Any CPU.Build.0 = Release|Any CPU
		{C57F32EF-247A-7985-2D51-A8F2E5AB9D20}.Debug|Any CPU.ActiveCfg = Debug|Any CPU
		{C57F32EF-247A-7985-2D51-A8F2E5AB9D20}.Debug|Any CPU.Build.0 = Debug|Any CPU
		{C57F32EF-247A-7985-2D51-A8F2E5AB9D20}.Release|Any CPU.ActiveCfg = Release|Any CPU
		{C57F32EF-247A-7985-2D51-A8F2E5AB9D20}.Release|Any CPU.Build.0 = Release|Any CPU
		{72DAD5EC-2D82-872B-B1EF-B28158D333B9}.Debug|Any CPU.ActiveCfg = Debug|Any CPU
		{72DAD5EC-2D82-872B-B1EF-B28158D333B9}.Debug|Any CPU.Build.0 = Debug|Any CPU
		{72DAD5EC-2D82-872B-B1EF-B28158D333B9}.Release|Any CPU.ActiveCfg = Release|Any CPU
		{72DAD5EC-2D82-872B-B1EF-B28158D333B9}.Release|Any CPU.Build.0 = Release|Any CPU
		{3B067157-12A2-BC6C-F7E1-1569C0E0ACE6}.Debug|Any CPU.ActiveCfg = Debug|Any CPU
		{3B067157-12A2-BC6C-F7E1-1569C0E0ACE6}.Debug|Any CPU.Build.0 = Debug|Any CPU
		{3B067157-12A2-BC6C-F7E1-1569C0E0ACE6}.Release|Any CPU.ActiveCfg = Release|Any CPU
		{3B067157-12A2-BC6C-F7E1-1569C0E0ACE6}.Release|Any CPU.Build.0 = Release|Any CPU
		{AF398691-13D4-A08E-6A84-1F18A28E7CE7}.Debug|Any CPU.ActiveCfg = Debug|Any CPU
		{AF398691-13D4-A08E-6A84-1F18A28E7CE7}.Debug|Any CPU.Build.0 = Debug|Any CPU
		{AF398691-13D4-A08E-6A84-1F18A28E7CE7}.Release|Any CPU.ActiveCfg = Release|Any CPU
		{AF398691-13D4-A08E-6A84-1F18A28E7CE7}.Release|Any CPU.Build.0 = Release|Any CPU
		{8302A03F-F48C-3390-2CEC-DC3125F3E1AB}.Debug|Any CPU.ActiveCfg = Debug|Any CPU
		{8302A03F-F48C-3390-2CEC-DC3125F3E1AB}.Debug|Any CPU.Build.0 = Debug|Any CPU
		{8302A03F-F48C-3390-2CEC-DC3125F3E1AB}.Release|Any CPU.ActiveCfg = Release|Any CPU
		{8302A03F-F48C-3390-2CEC-DC3125F3E1AB}.Release|Any CPU.Build.0 = Release|Any CPU
		{DBACEBAD-9A40-6C8D-D8A3-2B86A04D4E22}.Debug|Any CPU.ActiveCfg = Debug|Any CPU
		{DBACEBAD-9A40-6C8D-D8A3-2B86A04D4E22}.Debug|Any CPU.Build.0 = Debug|Any CPU
		{DBACEBAD-9A40-6C8D-D8A3-2B86A04D4E22}.Release|Any CPU.ActiveCfg = Release|Any CPU
		{DBACEBAD-9A40-6C8D-D8A3-2B86A04D4E22}.Release|Any CPU.Build.0 = Release|Any CPU
		{7CE07F19-F412-3D13-5A2B-79F28F58DFB6}.Debug|Any CPU.ActiveCfg = Debug|Any CPU
		{7CE07F19-F412-3D13-5A2B-79F28F58DFB6}.Debug|Any CPU.Build.0 = Debug|Any CPU
		{7CE07F19-F412-3D13-5A2B-79F28F58DFB6}.Release|Any CPU.ActiveCfg = Release|Any CPU
		{7CE07F19-F412-3D13-5A2B-79F28F58DFB6}.Release|Any CPU.Build.0 = Release|Any CPU
		{0BAC5BCB-F24F-CBC0-53F8-CD7610CAC7B8}.Debug|Any CPU.ActiveCfg = Debug|Any CPU
		{0BAC5BCB-F24F-CBC0-53F8-CD7610CAC7B8}.Debug|Any CPU.Build.0 = Debug|Any CPU
		{0BAC5BCB-F24F-CBC0-53F8-CD7610CAC7B8}.Release|Any CPU.ActiveCfg = Release|Any CPU
		{0BAC5BCB-F24F-CBC0-53F8-CD7610CAC7B8}.Release|Any CPU.Build.0 = Release|Any CPU
		{EA8C02F8-31C7-89FC-E38D-9A2C1E1F87C7}.Debug|Any CPU.ActiveCfg = Debug|Any CPU
		{EA8C02F8-31C7-89FC-E38D-9A2C1E1F87C7}.Debug|Any CPU.Build.0 = Debug|Any CPU
		{EA8C02F8-31C7-89FC-E38D-9A2C1E1F87C7}.Release|Any CPU.ActiveCfg = Release|Any CPU
		{EA8C02F8-31C7-89FC-E38D-9A2C1E1F87C7}.Release|Any CPU.Build.0 = Release|Any CPU
		{7E17A8C1-59D9-9FD6-E040-7F041E333B0F}.Debug|Any CPU.ActiveCfg = Debug|Any CPU
		{7E17A8C1-59D9-9FD6-E040-7F041E333B0F}.Debug|Any CPU.Build.0 = Debug|Any CPU
		{7E17A8C1-59D9-9FD6-E040-7F041E333B0F}.Release|Any CPU.ActiveCfg = Release|Any CPU
		{7E17A8C1-59D9-9FD6-E040-7F041E333B0F}.Release|Any CPU.Build.0 = Release|Any CPU
		{DC469339-5E5B-0C24-A2C2-48906DF718C0}.Debug|Any CPU.ActiveCfg = Debug|Any CPU
		{DC469339-5E5B-0C24-A2C2-48906DF718C0}.Debug|Any CPU.Build.0 = Debug|Any CPU
		{DC469339-5E5B-0C24-A2C2-48906DF718C0}.Release|Any CPU.ActiveCfg = Release|Any CPU
		{DC469339-5E5B-0C24-A2C2-48906DF718C0}.Release|Any CPU.Build.0 = Release|Any CPU
		{19474488-CD04-24C2-2C6F-4007968434C6}.Debug|Any CPU.ActiveCfg = Debug|Any CPU
		{19474488-CD04-24C2-2C6F-4007968434C6}.Debug|Any CPU.Build.0 = Debug|Any CPU
		{19474488-CD04-24C2-2C6F-4007968434C6}.Release|Any CPU.ActiveCfg = Release|Any CPU
		{19474488-CD04-24C2-2C6F-4007968434C6}.Release|Any CPU.Build.0 = Release|Any CPU
		{9EA2CD1F-453C-4A1A-ADA6-7D52770FAF79}.Debug|Any CPU.ActiveCfg = Debug|Any CPU
		{9EA2CD1F-453C-4A1A-ADA6-7D52770FAF79}.Debug|Any CPU.Build.0 = Debug|Any CPU
		{9EA2CD1F-453C-4A1A-ADA6-7D52770FAF79}.Release|Any CPU.ActiveCfg = Release|Any CPU
		{9EA2CD1F-453C-4A1A-ADA6-7D52770FAF79}.Release|Any CPU.Build.0 = Release|Any CPU
		{D31C5D26-CDDE-BC7B-6329-055E7999FE68}.Debug|Any CPU.ActiveCfg = Debug|Any CPU
		{D31C5D26-CDDE-BC7B-6329-055E7999FE68}.Debug|Any CPU.Build.0 = Debug|Any CPU
		{D31C5D26-CDDE-BC7B-6329-055E7999FE68}.Release|Any CPU.ActiveCfg = Release|Any CPU
		{D31C5D26-CDDE-BC7B-6329-055E7999FE68}.Release|Any CPU.Build.0 = Release|Any CPU
		{AFA50262-65AA-AAF8-A023-941885DB427F}.Debug|Any CPU.ActiveCfg = Debug|Any CPU
		{AFA50262-65AA-AAF8-A023-941885DB427F}.Debug|Any CPU.Build.0 = Debug|Any CPU
		{AFA50262-65AA-AAF8-A023-941885DB427F}.Release|Any CPU.ActiveCfg = Release|Any CPU
		{AFA50262-65AA-AAF8-A023-941885DB427F}.Release|Any CPU.Build.0 = Release|Any CPU
		{B8C9D93E-95FB-EE63-9565-97DFDF29C8D2}.Debug|Any CPU.ActiveCfg = Debug|Any CPU
		{B8C9D93E-95FB-EE63-9565-97DFDF29C8D2}.Debug|Any CPU.Build.0 = Debug|Any CPU
		{B8C9D93E-95FB-EE63-9565-97DFDF29C8D2}.Release|Any CPU.ActiveCfg = Release|Any CPU
		{B8C9D93E-95FB-EE63-9565-97DFDF29C8D2}.Release|Any CPU.Build.0 = Release|Any CPU
		{DCAB8D55-917B-B382-C58F-A4B244995461}.Debug|Any CPU.ActiveCfg = Debug|Any CPU
		{DCAB8D55-917B-B382-C58F-A4B244995461}.Debug|Any CPU.Build.0 = Debug|Any CPU
		{DCAB8D55-917B-B382-C58F-A4B244995461}.Release|Any CPU.ActiveCfg = Release|Any CPU
		{DCAB8D55-917B-B382-C58F-A4B244995461}.Release|Any CPU.Build.0 = Release|Any CPU
		{E3D984D7-B824-0EA5-A188-0EB8E1EC214C}.Debug|Any CPU.ActiveCfg = Debug|Any CPU
		{E3D984D7-B824-0EA5-A188-0EB8E1EC214C}.Debug|Any CPU.Build.0 = Debug|Any CPU
		{E3D984D7-B824-0EA5-A188-0EB8E1EC214C}.Release|Any CPU.ActiveCfg = Release|Any CPU
		{E3D984D7-B824-0EA5-A188-0EB8E1EC214C}.Release|Any CPU.Build.0 = Release|Any CPU
		{5B8559B6-DC5D-4086-321E-7F4CFBB94051}.Debug|Any CPU.ActiveCfg = Debug|Any CPU
		{5B8559B6-DC5D-4086-321E-7F4CFBB94051}.Debug|Any CPU.Build.0 = Debug|Any CPU
		{5B8559B6-DC5D-4086-321E-7F4CFBB94051}.Release|Any CPU.ActiveCfg = Release|Any CPU
		{5B8559B6-DC5D-4086-321E-7F4CFBB94051}.Release|Any CPU.Build.0 = Release|Any CPU
		{D2008A5C-F413-C17B-85D2-25BAED87DE47}.Debug|Any CPU.ActiveCfg = Debug|Any CPU
		{D2008A5C-F413-C17B-85D2-25BAED87DE47}.Debug|Any CPU.Build.0 = Debug|Any CPU
		{D2008A5C-F413-C17B-85D2-25BAED87DE47}.Release|Any CPU.ActiveCfg = Release|Any CPU
		{D2008A5C-F413-C17B-85D2-25BAED87DE47}.Release|Any CPU.Build.0 = Release|Any CPU
		{D3764F56-19BD-8F68-4DC7-129191DB65E8}.Debug|Any CPU.ActiveCfg = Debug|Any CPU
		{D3764F56-19BD-8F68-4DC7-129191DB65E8}.Debug|Any CPU.Build.0 = Debug|Any CPU
		{D3764F56-19BD-8F68-4DC7-129191DB65E8}.Release|Any CPU.ActiveCfg = Release|Any CPU
		{D3764F56-19BD-8F68-4DC7-129191DB65E8}.Release|Any CPU.Build.0 = Release|Any CPU
		{F7F8CD66-41D9-E1FC-2C81-5C8B9D3AE1F8}.Debug|Any CPU.ActiveCfg = Debug|Any CPU
		{F7F8CD66-41D9-E1FC-2C81-5C8B9D3AE1F8}.Debug|Any CPU.Build.0 = Debug|Any CPU
		{F7F8CD66-41D9-E1FC-2C81-5C8B9D3AE1F8}.Release|Any CPU.ActiveCfg = Release|Any CPU
		{F7F8CD66-41D9-E1FC-2C81-5C8B9D3AE1F8}.Release|Any CPU.Build.0 = Release|Any CPU
		{E254596B-02E3-F4B0-3C3B-90A68B7DCFE3}.Debug|Any CPU.ActiveCfg = Debug|Any CPU
		{E254596B-02E3-F4B0-3C3B-90A68B7DCFE3}.Debug|Any CPU.Build.0 = Debug|Any CPU
		{E254596B-02E3-F4B0-3C3B-90A68B7DCFE3}.Release|Any CPU.ActiveCfg = Release|Any CPU
		{E254596B-02E3-F4B0-3C3B-90A68B7DCFE3}.Release|Any CPU.Build.0 = Release|Any CPU
		{8AA4055E-614E-5F77-2228-6E0367EB2502}.Debug|Any CPU.ActiveCfg = Debug|Any CPU
		{8AA4055E-614E-5F77-2228-6E0367EB2502}.Debug|Any CPU.Build.0 = Debug|Any CPU
		{8AA4055E-614E-5F77-2228-6E0367EB2502}.Release|Any CPU.ActiveCfg = Release|Any CPU
		{8AA4055E-614E-5F77-2228-6E0367EB2502}.Release|Any CPU.Build.0 = Release|Any CPU
		{52C88A5A-0C25-A7A9-E01E-17900F2D4874}.Debug|Any CPU.ActiveCfg = Debug|Any CPU
		{52C88A5A-0C25-A7A9-E01E-17900F2D4874}.Debug|Any CPU.Build.0 = Debug|Any CPU
		{52C88A5A-0C25-A7A9-E01E-17900F2D4874}.Release|Any CPU.ActiveCfg = Release|Any CPU
		{52C88A5A-0C25-A7A9-E01E-17900F2D4874}.Release|Any CPU.Build.0 = Release|Any CPU
		{1520EE17-3A80-2F00-8610-86DA52563737}.Debug|Any CPU.ActiveCfg = Debug|Any CPU
		{1520EE17-3A80-2F00-8610-86DA52563737}.Debug|Any CPU.Build.0 = Debug|Any CPU
		{1520EE17-3A80-2F00-8610-86DA52563737}.Release|Any CPU.ActiveCfg = Release|Any CPU
		{1520EE17-3A80-2F00-8610-86DA52563737}.Release|Any CPU.Build.0 = Release|Any CPU
		{D6094F08-DF70-D0C0-D0E1-E2E9B03ED2E0}.Debug|Any CPU.ActiveCfg = Debug|Any CPU
		{D6094F08-DF70-D0C0-D0E1-E2E9B03ED2E0}.Debug|Any CPU.Build.0 = Debug|Any CPU
		{D6094F08-DF70-D0C0-D0E1-E2E9B03ED2E0}.Release|Any CPU.ActiveCfg = Release|Any CPU
		{D6094F08-DF70-D0C0-D0E1-E2E9B03ED2E0}.Release|Any CPU.Build.0 = Release|Any CPU
		{478DA2B0-FD1D-FD8F-6255-84D8462BCA37}.Debug|Any CPU.ActiveCfg = Debug|Any CPU
		{478DA2B0-FD1D-FD8F-6255-84D8462BCA37}.Debug|Any CPU.Build.0 = Debug|Any CPU
		{478DA2B0-FD1D-FD8F-6255-84D8462BCA37}.Release|Any CPU.ActiveCfg = Release|Any CPU
		{478DA2B0-FD1D-FD8F-6255-84D8462BCA37}.Release|Any CPU.Build.0 = Release|Any CPU
		{8A1C7B8D-9AB2-138A-D5C6-5ACBDE895324}.Debug|Any CPU.ActiveCfg = Debug|Any CPU
		{8A1C7B8D-9AB2-138A-D5C6-5ACBDE895324}.Debug|Any CPU.Build.0 = Debug|Any CPU
		{8A1C7B8D-9AB2-138A-D5C6-5ACBDE895324}.Release|Any CPU.ActiveCfg = Release|Any CPU
		{8A1C7B8D-9AB2-138A-D5C6-5ACBDE895324}.Release|Any CPU.Build.0 = Release|Any CPU
		{3BD191E3-989B-AB46-66D5-E5FBD01C5107}.Debug|Any CPU.ActiveCfg = Debug|Any CPU
		{3BD191E3-989B-AB46-66D5-E5FBD01C5107}.Debug|Any CPU.Build.0 = Debug|Any CPU
		{3BD191E3-989B-AB46-66D5-E5FBD01C5107}.Release|Any CPU.ActiveCfg = Release|Any CPU
		{3BD191E3-989B-AB46-66D5-E5FBD01C5107}.Release|Any CPU.Build.0 = Release|Any CPU
		{AA5A3E37-8142-30B2-A34C-51D814AB0396}.Debug|Any CPU.ActiveCfg = Debug|Any CPU
		{AA5A3E37-8142-30B2-A34C-51D814AB0396}.Debug|Any CPU.Build.0 = Debug|Any CPU
		{AA5A3E37-8142-30B2-A34C-51D814AB0396}.Release|Any CPU.ActiveCfg = Release|Any CPU
		{AA5A3E37-8142-30B2-A34C-51D814AB0396}.Release|Any CPU.Build.0 = Release|Any CPU
		{971D7658-8635-3393-1693-E570CD060CE8}.Debug|Any CPU.ActiveCfg = Debug|Any CPU
		{971D7658-8635-3393-1693-E570CD060CE8}.Debug|Any CPU.Build.0 = Debug|Any CPU
		{971D7658-8635-3393-1693-E570CD060CE8}.Release|Any CPU.ActiveCfg = Release|Any CPU
		{971D7658-8635-3393-1693-E570CD060CE8}.Release|Any CPU.Build.0 = Release|Any CPU
		{05597BF8-714E-97E0-0F86-5989F61DDB4E}.Debug|Any CPU.ActiveCfg = Debug|Any CPU
		{05597BF8-714E-97E0-0F86-5989F61DDB4E}.Debug|Any CPU.Build.0 = Debug|Any CPU
		{05597BF8-714E-97E0-0F86-5989F61DDB4E}.Release|Any CPU.ActiveCfg = Release|Any CPU
		{05597BF8-714E-97E0-0F86-5989F61DDB4E}.Release|Any CPU.Build.0 = Release|Any CPU
		{DE520A03-E1F3-716A-542D-6C7EA7164ACA}.Debug|Any CPU.ActiveCfg = Debug|Any CPU
		{DE520A03-E1F3-716A-542D-6C7EA7164ACA}.Debug|Any CPU.Build.0 = Debug|Any CPU
		{DE520A03-E1F3-716A-542D-6C7EA7164ACA}.Release|Any CPU.ActiveCfg = Release|Any CPU
		{DE520A03-E1F3-716A-542D-6C7EA7164ACA}.Release|Any CPU.Build.0 = Release|Any CPU
		{4DAE065D-6206-F9EF-555E-2E4A5F22CAFF}.Debug|Any CPU.ActiveCfg = Debug|Any CPU
		{4DAE065D-6206-F9EF-555E-2E4A5F22CAFF}.Debug|Any CPU.Build.0 = Debug|Any CPU
		{4DAE065D-6206-F9EF-555E-2E4A5F22CAFF}.Release|Any CPU.ActiveCfg = Release|Any CPU
		{4DAE065D-6206-F9EF-555E-2E4A5F22CAFF}.Release|Any CPU.Build.0 = Release|Any CPU
		{4AD23312-98F1-FA1D-FEE9-1D95ABAB9F2A}.Debug|Any CPU.ActiveCfg = Debug|Any CPU
		{4AD23312-98F1-FA1D-FEE9-1D95ABAB9F2A}.Debug|Any CPU.Build.0 = Debug|Any CPU
		{4AD23312-98F1-FA1D-FEE9-1D95ABAB9F2A}.Release|Any CPU.ActiveCfg = Release|Any CPU
		{4AD23312-98F1-FA1D-FEE9-1D95ABAB9F2A}.Release|Any CPU.Build.0 = Release|Any CPU
		{3E2F9658-8860-D5FF-384D-422CE377562C}.Debug|Any CPU.ActiveCfg = Debug|Any CPU
		{3E2F9658-8860-D5FF-384D-422CE377562C}.Debug|Any CPU.Build.0 = Debug|Any CPU
		{3E2F9658-8860-D5FF-384D-422CE377562C}.Release|Any CPU.ActiveCfg = Release|Any CPU
		{3E2F9658-8860-D5FF-384D-422CE377562C}.Release|Any CPU.Build.0 = Release|Any CPU
		{61DEBBD7-F0A9-C46D-D15A-D8CC88D4C042}.Debug|Any CPU.ActiveCfg = Debug|Any CPU
		{61DEBBD7-F0A9-C46D-D15A-D8CC88D4C042}.Debug|Any CPU.Build.0 = Debug|Any CPU
		{61DEBBD7-F0A9-C46D-D15A-D8CC88D4C042}.Release|Any CPU.ActiveCfg = Release|Any CPU
		{61DEBBD7-F0A9-C46D-D15A-D8CC88D4C042}.Release|Any CPU.Build.0 = Release|Any CPU
	EndGlobalSection
	GlobalSection(SolutionProperties) = preSolution
		HideSolutionNode = FALSE
	EndGlobalSection
	GlobalSection(NestedProjects) = preSolution
		{B8C9D93E-95FB-EE63-9565-97DFDF29C8D2} = {3B05FCBD-14EC-621A-B169-4E3C35FBF727}
		{DCAB8D55-917B-B382-C58F-A4B244995461} = {3B05FCBD-14EC-621A-B169-4E3C35FBF727}
		{E3D984D7-B824-0EA5-A188-0EB8E1EC214C} = {CB9E16AB-6C72-FF8F-894F-085B92435922}
		{5B8559B6-DC5D-4086-321E-7F4CFBB94051} = {A8B54FAD-7361-7606-E628-7367B14B9F36}
		{D2008A5C-F413-C17B-85D2-25BAED87DE47} = {391365A0-DF9C-C2B6-E9EB-41B7001EC47E}
		{D3764F56-19BD-8F68-4DC7-129191DB65E8} = {743C3DB8-AEE4-3E4F-A7D7-913177D446E5}
		{F7F8CD66-41D9-E1FC-2C81-5C8B9D3AE1F8} = {DB798713-BF5F-445D-30FB-E9A717885121}
		{E254596B-02E3-F4B0-3C3B-90A68B7DCFE3} = {5FC00FB2-127E-8E79-22F1-81E37471BF54}
		{8AA4055E-614E-5F77-2228-6E0367EB2502} = {315CAC57-0B9F-E1D5-64E1-48FB340E28E0}
		{52C88A5A-0C25-A7A9-E01E-17900F2D4874} = {78901166-66FF-27FD-124D-299574D08F93}
		{1520EE17-3A80-2F00-8610-86DA52563737} = {A7384830-410A-C5F5-146C-E5D0F6CC7B13}
		{D6094F08-DF70-D0C0-D0E1-E2E9B03ED2E0} = {57B6562C-2607-EEF8-D099-0CEE9F4DEF07}
		{478DA2B0-FD1D-FD8F-6255-84D8462BCA37} = {1A7C32CB-1C80-25A5-A6FB-C1F63D988FFC}
		{8A1C7B8D-9AB2-138A-D5C6-5ACBDE895324} = {B8703468-4326-3CDA-78F8-7D769DC21F32}
		{3BD191E3-989B-AB46-66D5-E5FBD01C5107} = {AFD616D9-FE4B-73EB-4583-6421B3DF9B04}
		{AA5A3E37-8142-30B2-A34C-51D814AB0396} = {4077F251-37B1-EADA-857E-4B715CB6FF31}
		{971D7658-8635-3393-1693-E570CD060CE8} = {4C059D77-8D33-A650-23D9-96F83C141831}
		{05597BF8-714E-97E0-0F86-5989F61DDB4E} = {BE5A2C45-D4C3-DC6E-948A-FF8886E03E37}
		{DE520A03-E1F3-716A-542D-6C7EA7164ACA} = {9B79CA0C-F895-EA25-0864-12104EFD6275}
		{4DAE065D-6206-F9EF-555E-2E4A5F22CAFF} = {5A905A0F-69FA-716B-CB43-8A74CDE5C050}
		{4AD23312-98F1-FA1D-FEE9-1D95ABAB9F2A} = {1E67CA85-E816-4A08-4E81-F4A89D5DBB9D}
		{3E2F9658-8860-D5FF-384D-422CE377562C} = {1B27B219-31C9-46FE-4094-6D842903E8B2}
		{61DEBBD7-F0A9-C46D-D15A-D8CC88D4C042} = {2B961249-D2AA-D6E9-22B5-C6C31E0EAFA9}
	EndGlobalSection
	GlobalSection(ExtensibilityGlobals) = postSolution
		SolutionGuid = {8D009493-6BAA-4A04-AD86-15CE9A14C674}
	EndGlobalSection
EndGlobal
