
Microsoft Visual Studio Solution File, Format Version 12.00
# Visual Studio Version 17
VisualStudioVersion = 17.0.32112.339
MinimumVisualStudioVersion = 10.0.40219.1
Project("{9A19103F-16F7-4668-BE54-9A1E7A4F7556}") = "CouchBaseDataSourceCore", "CouchBaseDataSourceCore\CouchBaseDataSourceCore.csproj", "{E4D05C77-8701-40E7-A9A1-D7357EFFEC30}"
EndProject
Project("{9A19103F-16F7-4668-BE54-9A1E7A4F7556}") = "CouchDBDataSourceCore", "CouchDBDataSourceCore\CouchDBDataSourceCore.csproj", "{924C6848-3C46-4DD4-8CC4-8EF5BE64A589}"
EndProject
Project("{9A19103F-16F7-4668-BE54-9A1E7A4F7556}") = "CSVDatasourceCore", "CSVDatasourceCore\CSVDatasourceCore.csproj", "{2B6740E9-9588-436E-BFBB-15BF73DD50B8}"
EndProject
Project("{9A19103F-16F7-4668-BE54-9A1E7A4F7556}") = "FireBaseDataSourceCore", "FireBaseDataSourceCore\FireBaseDataSourceCore.csproj", "{04039684-A4F6-4C20-9F0B-34781C9966A4}"
EndProject
Project("{9A19103F-16F7-4668-BE54-9A1E7A4F7556}") = "FirebirdDataSourceCore", "FirebirdDataSourceCore\FirebirdDataSourceCore.csproj", "{A16A0B9D-AB47-426A-859D-0A3F73AF853F}"
EndProject
Project("{9A19103F-16F7-4668-BE54-9A1E7A4F7556}") = "HadoopDataSourceCore", "HadoopDataSourceCore\HadoopDataSourceCore.csproj", "{C197B2C0-2EEB-435B-B534-A6089200B00F}"
EndProject
Project("{9A19103F-16F7-4668-BE54-9A1E7A4F7556}") = "MongoDBDataSourceCore", "MongoDBDataSourceCore\MongoDBDataSourceCore.csproj", "{5AD39B09-54F1-473D-9BE5-5C62E7F287A1}"
EndProject
Project("{9A19103F-16F7-4668-BE54-9A1E7A4F7556}") = "MySqlDataSourceCore", "MySqlDataSourceCore\MySqlDataSourceCore.csproj", "{9DD91632-B4DD-41E9-A01D-38D2E2EC322F}"
EndProject
Project("{9A19103F-16F7-4668-BE54-9A1E7A4F7556}") = "OracleDataSourceCore", "OracleDataSourceCore\OracleDataSourceCore.csproj", "{67E8E939-310E-411E-AE1B-E3FB90412AFD}"
EndProject
Project("{9A19103F-16F7-4668-BE54-9A1E7A4F7556}") = "RavenDBDataSourceCore", "RavenDBDataSourceCore\RavenDBDataSourceCore.csproj", "{357A83C3-C9D5-4931-A9B5-8C9219EB4A30}"
EndProject
Project("{9A19103F-16F7-4668-BE54-9A1E7A4F7556}") = "SqliteDatasourceCore", "SqliteDatasourceCore\SqliteDatasourceCore.csproj", "{9CDE04F2-E70E-491A-91F2-F1A060970419}"
EndProject
Project("{9A19103F-16F7-4668-BE54-9A1E7A4F7556}") = "SqlServerDataSourceCore", "SQlServerDataSourceCore\SqlServerDataSourceCore.csproj", "{6EA532D8-8617-4A40-A4C8-B4AC9A3D374A}"
EndProject
Project("{9A19103F-16F7-4668-BE54-9A1E7A4F7556}") = "DataSourcePluginTemplateNet6", "DataSourcePluginTemplateNet6\DataSourcePluginTemplateNet6.csproj", "{BF816A21-E852-4B0F-BD37-611992C97B21}"
EndProject
Project("{9A19103F-16F7-4668-BE54-9A1E7A4F7556}") = "DataManagmentEngineNet6", "..\..\..\The-Tech-Idea\BeepDM\DataManagmentEngineNet6\DataManagmentEngineNet6.csproj", "{45DC38DA-D33F-4AEE-9E79-5F77C9A4AAB9}"
EndProject
Project("{9A19103F-16F7-4668-BE54-9A1E7A4F7556}") = "DataManagmentModelsNet6", "..\..\..\The-Tech-Idea\BeepDM\DataManagmentModelsNet6\DataManagmentModelsNet6.csproj", "{81FC54AC-F5E3-46B4-AB62-E7DC24AFA8B9}"
EndProject
Project("{FAE04EC0-301F-11D3-BF4B-00C04F79EFBC}") = "WebApiDataSourceCore", "WebApiDataSourceCore\WebApiDataSourceCore.csproj", "{D2B58681-5B14-47CC-8944-2DC900C0AB4A}"
EndProject
Global
	GlobalSection(SharedMSBuildProjectFiles) = preSolution
		..\..\..\The-Tech-Idea\BeepDM\DataManagmentEngineShared\DataManagmentEngineShared.projitems*{45dc38da-d33f-4aee-9e79-5f77c9a4aab9}*SharedItemsImports = 5
		..\..\..\The-Tech-Idea\BeepDM\DataManagementModelsShared\DataManagementModelsShared.projitems*{81fc54ac-f5e3-46b4-ab62-e7dc24afa8b9}*SharedItemsImports = 5
	EndGlobalSection
	GlobalSection(SolutionConfigurationPlatforms) = preSolution
		Debug|Any CPU = Debug|Any CPU
		Release|Any CPU = Release|Any CPU
	EndGlobalSection
	GlobalSection(ProjectConfigurationPlatforms) = postSolution
		{E4D05C77-8701-40E7-A9A1-D7357EFFEC30}.Debug|Any CPU.ActiveCfg = Debug|Any CPU
		{E4D05C77-8701-40E7-A9A1-D7357EFFEC30}.Debug|Any CPU.Build.0 = Debug|Any CPU
		{E4D05C77-8701-40E7-A9A1-D7357EFFEC30}.Release|Any CPU.ActiveCfg = Release|Any CPU
		{E4D05C77-8701-40E7-A9A1-D7357EFFEC30}.Release|Any CPU.Build.0 = Release|Any CPU
		{924C6848-3C46-4DD4-8CC4-8EF5BE64A589}.Debug|Any CPU.ActiveCfg = Debug|Any CPU
		{924C6848-3C46-4DD4-8CC4-8EF5BE64A589}.Debug|Any CPU.Build.0 = Debug|Any CPU
		{924C6848-3C46-4DD4-8CC4-8EF5BE64A589}.Release|Any CPU.ActiveCfg = Release|Any CPU
		{924C6848-3C46-4DD4-8CC4-8EF5BE64A589}.Release|Any CPU.Build.0 = Release|Any CPU
		{2B6740E9-9588-436E-BFBB-15BF73DD50B8}.Debug|Any CPU.ActiveCfg = Debug|Any CPU
		{2B6740E9-9588-436E-BFBB-15BF73DD50B8}.Debug|Any CPU.Build.0 = Debug|Any CPU
		{2B6740E9-9588-436E-BFBB-15BF73DD50B8}.Release|Any CPU.ActiveCfg = Release|Any CPU
		{2B6740E9-9588-436E-BFBB-15BF73DD50B8}.Release|Any CPU.Build.0 = Release|Any CPU
		{04039684-A4F6-4C20-9F0B-34781C9966A4}.Debug|Any CPU.ActiveCfg = Debug|Any CPU
		{04039684-A4F6-4C20-9F0B-34781C9966A4}.Debug|Any CPU.Build.0 = Debug|Any CPU
		{04039684-A4F6-4C20-9F0B-34781C9966A4}.Release|Any CPU.ActiveCfg = Release|Any CPU
		{04039684-A4F6-4C20-9F0B-34781C9966A4}.Release|Any CPU.Build.0 = Release|Any CPU
		{A16A0B9D-AB47-426A-859D-0A3F73AF853F}.Debug|Any CPU.ActiveCfg = Debug|Any CPU
		{A16A0B9D-AB47-426A-859D-0A3F73AF853F}.Debug|Any CPU.Build.0 = Debug|Any CPU
		{A16A0B9D-AB47-426A-859D-0A3F73AF853F}.Release|Any CPU.ActiveCfg = Release|Any CPU
		{A16A0B9D-AB47-426A-859D-0A3F73AF853F}.Release|Any CPU.Build.0 = Release|Any CPU
		{C197B2C0-2EEB-435B-B534-A6089200B00F}.Debug|Any CPU.ActiveCfg = Debug|Any CPU
		{C197B2C0-2EEB-435B-B534-A6089200B00F}.Debug|Any CPU.Build.0 = Debug|Any CPU
		{C197B2C0-2EEB-435B-B534-A6089200B00F}.Release|Any CPU.ActiveCfg = Release|Any CPU
		{C197B2C0-2EEB-435B-B534-A6089200B00F}.Release|Any CPU.Build.0 = Release|Any CPU
		{5AD39B09-54F1-473D-9BE5-5C62E7F287A1}.Debug|Any CPU.ActiveCfg = Debug|Any CPU
		{5AD39B09-54F1-473D-9BE5-5C62E7F287A1}.Debug|Any CPU.Build.0 = Debug|Any CPU
		{5AD39B09-54F1-473D-9BE5-5C62E7F287A1}.Release|Any CPU.ActiveCfg = Release|Any CPU
		{5AD39B09-54F1-473D-9BE5-5C62E7F287A1}.Release|Any CPU.Build.0 = Release|Any CPU
		{9DD91632-B4DD-41E9-A01D-38D2E2EC322F}.Debug|Any CPU.ActiveCfg = Debug|Any CPU
		{9DD91632-B4DD-41E9-A01D-38D2E2EC322F}.Debug|Any CPU.Build.0 = Debug|Any CPU
		{9DD91632-B4DD-41E9-A01D-38D2E2EC322F}.Release|Any CPU.ActiveCfg = Release|Any CPU
		{9DD91632-B4DD-41E9-A01D-38D2E2EC322F}.Release|Any CPU.Build.0 = Release|Any CPU
		{67E8E939-310E-411E-AE1B-E3FB90412AFD}.Debug|Any CPU.ActiveCfg = Debug|Any CPU
		{67E8E939-310E-411E-AE1B-E3FB90412AFD}.Debug|Any CPU.Build.0 = Debug|Any CPU
		{67E8E939-310E-411E-AE1B-E3FB90412AFD}.Release|Any CPU.ActiveCfg = Release|Any CPU
		{67E8E939-310E-411E-AE1B-E3FB90412AFD}.Release|Any CPU.Build.0 = Release|Any CPU
		{357A83C3-C9D5-4931-A9B5-8C9219EB4A30}.Debug|Any CPU.ActiveCfg = Debug|Any CPU
		{357A83C3-C9D5-4931-A9B5-8C9219EB4A30}.Debug|Any CPU.Build.0 = Debug|Any CPU
		{357A83C3-C9D5-4931-A9B5-8C9219EB4A30}.Release|Any CPU.ActiveCfg = Release|Any CPU
		{357A83C3-C9D5-4931-A9B5-8C9219EB4A30}.Release|Any CPU.Build.0 = Release|Any CPU
		{9CDE04F2-E70E-491A-91F2-F1A060970419}.Debug|Any CPU.ActiveCfg = Debug|Any CPU
		{9CDE04F2-E70E-491A-91F2-F1A060970419}.Debug|Any CPU.Build.0 = Debug|Any CPU
		{9CDE04F2-E70E-491A-91F2-F1A060970419}.Release|Any CPU.ActiveCfg = Release|Any CPU
		{9CDE04F2-E70E-491A-91F2-F1A060970419}.Release|Any CPU.Build.0 = Release|Any CPU
		{6EA532D8-8617-4A40-A4C8-B4AC9A3D374A}.Debug|Any CPU.ActiveCfg = Debug|Any CPU
		{6EA532D8-8617-4A40-A4C8-B4AC9A3D374A}.Debug|Any CPU.Build.0 = Debug|Any CPU
		{6EA532D8-8617-4A40-A4C8-B4AC9A3D374A}.Release|Any CPU.ActiveCfg = Release|Any CPU
		{6EA532D8-8617-4A40-A4C8-B4AC9A3D374A}.Release|Any CPU.Build.0 = Release|Any CPU
		{BF816A21-E852-4B0F-BD37-611992C97B21}.Debug|Any CPU.ActiveCfg = Debug|Any CPU
		{BF816A21-E852-4B0F-BD37-611992C97B21}.Debug|Any CPU.Build.0 = Debug|Any CPU
		{BF816A21-E852-4B0F-BD37-611992C97B21}.Release|Any CPU.ActiveCfg = Release|Any CPU
		{BF816A21-E852-4B0F-BD37-611992C97B21}.Release|Any CPU.Build.0 = Release|Any CPU
		{45DC38DA-D33F-4AEE-9E79-5F77C9A4AAB9}.Debug|Any CPU.ActiveCfg = Debug|Any CPU
		{45DC38DA-D33F-4AEE-9E79-5F77C9A4AAB9}.Debug|Any CPU.Build.0 = Debug|Any CPU
		{45DC38DA-D33F-4AEE-9E79-5F77C9A4AAB9}.Release|Any CPU.ActiveCfg = Release|Any CPU
		{45DC38DA-D33F-4AEE-9E79-5F77C9A4AAB9}.Release|Any CPU.Build.0 = Release|Any CPU
		{81FC54AC-F5E3-46B4-AB62-E7DC24AFA8B9}.Debug|Any CPU.ActiveCfg = Debug|Any CPU
		{81FC54AC-F5E3-46B4-AB62-E7DC24AFA8B9}.Debug|Any CPU.Build.0 = Debug|Any CPU
		{81FC54AC-F5E3-46B4-AB62-E7DC24AFA8B9}.Release|Any CPU.ActiveCfg = Release|Any CPU
		{81FC54AC-F5E3-46B4-AB62-E7DC24AFA8B9}.Release|Any CPU.Build.0 = Release|Any CPU
		{D2B58681-5B14-47CC-8944-2DC900C0AB4A}.Debug|Any CPU.ActiveCfg = Debug|Any CPU
		{D2B58681-5B14-47CC-8944-2DC900C0AB4A}.Debug|Any CPU.Build.0 = Debug|Any CPU
		{D2B58681-5B14-47CC-8944-2DC900C0AB4A}.Release|Any CPU.ActiveCfg = Release|Any CPU
		{D2B58681-5B14-47CC-8944-2DC900C0AB4A}.Release|Any CPU.Build.0 = Release|Any CPU
	EndGlobalSection
	GlobalSection(SolutionProperties) = preSolution
		HideSolutionNode = FALSE
	EndGlobalSection
	GlobalSection(ExtensibilityGlobals) = postSolution
		SolutionGuid = {EF7A2DA0-A975-41A0-A409-A1562DFC5971}
	EndGlobalSection
EndGlobal
