Microsoft Visual Studio Solution File, Format Version 12.00
# Visual Studio Version 17
VisualStudioVersion = 17.5.2.0
MinimumVisualStudioVersion = 10.0.40219.1
Project("{FAE04EC0-301F-11D3-BF4B-00C04F79EFBC}") = "AmazonSQSDataSourceCore", "AmazonSQSDataSourceCore\AmazonSQSDataSourceCore.csproj", "{51DE04DE-5465-E7E2-4948-F18D7D9CE892}"
EndProject
Project("{FAE04EC0-301F-11D3-BF4B-00C04F79EFBC}") = "AzureServiceBusDataSourceCore", "AzureServiceBusDataSourceCore\AzureServiceBusDataSourceCore.csproj", "{FB8C4DD2-A1E0-0251-7280-EEE5EA74106A}"
EndProject
Project("{FAE04EC0-301F-11D3-BF4B-00C04F79EFBC}") = "GooglePubSubDataSourceCore", "GooglePubSubDataSourceCore\GooglePubSubDataSourceCore.csproj", "{A9ABA342-3416-D370-EEAA-7297A81C8797}"
EndProject
Project("{FAE04EC0-301F-11D3-BF4B-00C04F79EFBC}") = "KafkaDataSourceCore", "KafkaDataSourceCore\KafkaDataSourceCore.csproj", "{1B5EEA8D-A22A-993E-51DD-A3E34763AFAE}"
EndProject
Project("{2150E333-8FDC-42A3-9474-1A3956D46DE8}") = "MassTransitDataSource", "MassTransitDataSource", "{C000D229-3AE3-EDF5-35FD-CA31EBBA8E79}"
EndProject
Project("{FAE04EC0-301F-11D3-BF4B-00C04F79EFBC}") = "NATSDataSourceCore", "NATSDataSourceCore\NATSDataSourceCore.csproj", "{968A05E5-1BAC-507F-D4DC-F57D2EA8B9A4}"
EndProject
Project("{FAE04EC0-301F-11D3-BF4B-00C04F79EFBC}") = "RabbitMQDataSourceCore", "RabbitMQDataSourceCore\RabbitMQDataSourceCore.csproj", "{7D305A11-52F1-8005-B426-78EFB41B5831}"
EndProject
Project("{FAE04EC0-301F-11D3-BF4B-00C04F79EFBC}") = "RedisStreamsDataSourceCore", "RedisStreamsDataSourceCore\RedisStreamsDataSourceCore.csproj", "{9FBB5A58-EC7D-1FF1-F1D5-CCE5D8002B98}"
EndProject
Project("{FAE04EC0-301F-11D3-BF4B-00C04F79EFBC}") = "MassTransitDataSourceCore", "MassTransitDataSource\MassTransitDataSourceCore.csproj", "{7462606D-46D7-2F97-D98F-8B8A39B72C8F}"
EndProject
Global
	GlobalSection(SolutionConfigurationPlatforms) = preSolution
		Debug|Any CPU = Debug|Any CPU
		Release|Any CPU = Release|Any CPU
	EndGlobalSection
	GlobalSection(ProjectConfigurationPlatforms) = postSolution
		{51DE04DE-5465-E7E2-4948-F18D7D9CE892}.Debug|Any CPU.ActiveCfg = Debug|Any CPU
		{51DE04DE-5465-E7E2-4948-F18D7D9CE892}.Debug|Any CPU.Build.0 = Debug|Any CPU
		{51DE04DE-5465-E7E2-4948-F18D7D9CE892}.Release|Any CPU.ActiveCfg = Release|Any CPU
		{51DE04DE-5465-E7E2-4948-F18D7D9CE892}.Release|Any CPU.Build.0 = Release|Any CPU
		{FB8C4DD2-A1E0-0251-7280-EEE5EA74106A}.Debug|Any CPU.ActiveCfg = Debug|Any CPU
		{FB8C4DD2-A1E0-0251-7280-EEE5EA74106A}.Debug|Any CPU.Build.0 = Debug|Any CPU
		{FB8C4DD2-A1E0-0251-7280-EEE5EA74106A}.Release|Any CPU.ActiveCfg = Release|Any CPU
		{FB8C4DD2-A1E0-0251-7280-EEE5EA74106A}.Release|Any CPU.Build.0 = Release|Any CPU
		{A9ABA342-3416-D370-EEAA-7297A81C8797}.Debug|Any CPU.ActiveCfg = Debug|Any CPU
		{A9ABA342-3416-D370-EEAA-7297A81C8797}.Debug|Any CPU.Build.0 = Debug|Any CPU
		{A9ABA342-3416-D370-EEAA-7297A81C8797}.Release|Any CPU.ActiveCfg = Release|Any CPU
		{A9ABA342-3416-D370-EEAA-7297A81C8797}.Release|Any CPU.Build.0 = Release|Any CPU
		{1B5EEA8D-A22A-993E-51DD-A3E34763AFAE}.Debug|Any CPU.ActiveCfg = Debug|Any CPU
		{1B5EEA8D-A22A-993E-51DD-A3E34763AFAE}.Debug|Any CPU.Build.0 = Debug|Any CPU
		{1B5EEA8D-A22A-993E-51DD-A3E34763AFAE}.Release|Any CPU.ActiveCfg = Release|Any CPU
		{1B5EEA8D-A22A-993E-51DD-A3E34763AFAE}.Release|Any CPU.Build.0 = Release|Any CPU
		{968A05E5-1BAC-507F-D4DC-F57D2EA8B9A4}.Debug|Any CPU.ActiveCfg = Debug|Any CPU
		{968A05E5-1BAC-507F-D4DC-F57D2EA8B9A4}.Debug|Any CPU.Build.0 = Debug|Any CPU
		{968A05E5-1BAC-507F-D4DC-F57D2EA8B9A4}.Release|Any CPU.ActiveCfg = Release|Any CPU
		{968A05E5-1BAC-507F-D4DC-F57D2EA8B9A4}.Release|Any CPU.Build.0 = Release|Any CPU
		{7D305A11-52F1-8005-B426-78EFB41B5831}.Debug|Any CPU.ActiveCfg = Debug|Any CPU
		{7D305A11-52F1-8005-B426-78EFB41B5831}.Debug|Any CPU.Build.0 = Debug|Any CPU
		{7D305A11-52F1-8005-B426-78EFB41B5831}.Release|Any CPU.ActiveCfg = Release|Any CPU
		{7D305A11-52F1-8005-B426-78EFB41B5831}.Release|Any CPU.Build.0 = Release|Any CPU
		{9FBB5A58-EC7D-1FF1-F1D5-CCE5D8002B98}.Debug|Any CPU.ActiveCfg = Debug|Any CPU
		{9FBB5A58-EC7D-1FF1-F1D5-CCE5D8002B98}.Debug|Any CPU.Build.0 = Debug|Any CPU
		{9FBB5A58-EC7D-1FF1-F1D5-CCE5D8002B98}.Release|Any CPU.ActiveCfg = Release|Any CPU
		{9FBB5A58-EC7D-1FF1-F1D5-CCE5D8002B98}.Release|Any CPU.Build.0 = Release|Any CPU
		{7462606D-46D7-2F97-D98F-8B8A39B72C8F}.Debug|Any CPU.ActiveCfg = Debug|Any CPU
		{7462606D-46D7-2F97-D98F-8B8A39B72C8F}.Debug|Any CPU.Build.0 = Debug|Any CPU
		{7462606D-46D7-2F97-D98F-8B8A39B72C8F}.Release|Any CPU.ActiveCfg = Release|Any CPU
		{7462606D-46D7-2F97-D98F-8B8A39B72C8F}.Release|Any CPU.Build.0 = Release|Any CPU
	EndGlobalSection
	GlobalSection(SolutionProperties) = preSolution
		HideSolutionNode = FALSE
	EndGlobalSection
	GlobalSection(NestedProjects) = preSolution
		{7462606D-46D7-2F97-D98F-8B8A39B72C8F} = {C000D229-3AE3-EDF5-35FD-CA31EBBA8E79}
	EndGlobalSection
	GlobalSection(ExtensibilityGlobals) = postSolution
		SolutionGuid = {11D60867-7439-48A0-8C24-09BA7D162F5A}
	EndGlobalSection
EndGlobal
