Microsoft Visual Studio Solution File, Format Version 12.00
# Visual Studio Version 17
VisualStudioVersion = 17.5.2.0
MinimumVisualStudioVersion = 10.0.40219.1
Project("{FAE04EC0-301F-11D3-BF4B-00C04F79EFBC}") = "SalesforceDataSource", "CRM\SalesforceDataSource\SalesforceDataSource.csproj", "{2E07A71E-068F-7FDD-292A-3B015C1E2F38}"
EndProject
Project("{FAE04EC0-301F-11D3-BF4B-00C04F79EFBC}") = "HubSpotDataSource", "CRM\HubSpotDataSource\HubSpotDataSource.csproj", "{3F08B72F-078F-8EDD-393B-4C025D2E3F49}"
EndProject
Project("{FAE04EC0-301F-11D3-BF4B-00C04F79EFBC}") = "Dynamics365DataSource", "CRM\Dynamics365DataSource\Dynamics365DataSource.csproj", "{4A19C83A-189A-9FCD-4B6E-5D137E4A5F5A}"
EndProject
Project("{FAE04EC0-301F-11D3-BF4B-00C04F79EFBC}") = "ZohoDataSource", "CRM\ZohoDataSource\ZohoDataSource.csproj", "{5B2AC94D-29BC-AFDE-5C7F-6E248F9B6A8B}"
EndProject
Project("{FAE04EC0-301F-11D3-BF4B-00C04F79EFBC}") = "SugarCRMDataSource", "CRM\SugarCRMDataSource\SugarCRMDataSource.csproj", "{6C3BD95E-3ABD-BCFE-6D8A-7F359C9C7B9C}"
EndProject
Project("{FAE04EC0-301F-11D3-BF4B-00C04F79EFBC}") = "FreshsalesDataSource", "CRM\FreshsalesDataSource\FreshsalesDataSource.csproj", "{7D4AE06F-4BCA-CDEF-7E9B-8F46ADAC8CDA}"
EndProject
Project("{FAE04EC0-301F-11D3-BF4B-00C04F79EFBC}") = "InsightlyDataSource", "CRM\InsightlyDataSource\InsightlyDataSource.csproj", "{8E5BF17A-5DBF-DEFA-8FAB-9F57BEBE9EBB}"
EndProject
Project("{FAE04EC0-301F-11D3-BF4B-00C04F79EFBC}") = "CopperDataSource", "CRM\CopperDataSource\CopperDataSource.csproj", "{9F6CF28B-6ECA-EFAB-9A5C-AF68CECFACFC}"
EndProject
Project("{FAE04EC0-301F-11D3-BF4B-00C04F79EFBC}") = "NutshellDataSource", "CRM\NutshellDataSource\NutshellDataSource.csproj", "{A0A7D39C-7FDB-FABC-A6BD-BF79DFDFBFCF}"
EndProject
Project("{FAE04EC0-301F-11D3-BF4B-00C04F79EFBC}") = "PipedriveDataSource", "CRM\PipedriveDataSource\PipedriveDataSource.csproj", "{B1B8E4AD-8ECA-ABCD-B7CE-CF8AEAEFAF0F}"
EndProject
Project("{FAE04EC0-301F-11D3-BF4B-00C04F79EFBC}") = "ShopifyDataSource", "E-commerce\ShopifyDataSource\ShopifyDataSource.csproj", "{C2C9E5BF-9FDB-4ECD-8A7C-D1E3F5A8B9C1}"
EndProject
Project("{FAE04EC0-301F-11D3-BF4B-00C04F79EFBC}") = "WooCommerceDataSource", "E-commerce\WooCommerceDataSource\WooCommerceDataSource.csproj", "{D3D9F6CE-AECB-5FDE-9B8D-E2F4C6B9D0E2}"
EndProject
Project("{FAE04EC0-301F-11D3-BF4B-00C04F79EFBC}") = "MagentoDataSource", "E-commerce\MagentoDataSource\MagentoDataSource.csproj", "{DBE3C941-11C4-4B2C-B00E-DE7E7DFCA891}"
EndProject
Project("{FAE04EC0-301F-11D3-BF4B-00C04F79EFBC}") = "BigCommerceDataSource", "E-commerce\BigCommerceDataSource\BigCommerceDataSource.csproj", "{5BE3DE5B-A936-497C-894A-E62BDCD4BFDF}"
EndProject
Project("{FAE04EC0-301F-11D3-BF4B-00C04F79EFBC}") = "SquareSpaceDataSource", "E-commerce\SquarespaceDataSource\SquareSpaceDataSource.csproj", "{7CBA1E54-C633-41DE-AD60-FD86E4CC9E88}"
EndProject
Project("{FAE04EC0-301F-11D3-BF4B-00C04F79EFBC}") = "WixDataSource", "E-commerce\WixDataSource\WixDataSource.csproj", "{2C684F4B-4452-4B8B-BB29-827619DD3241}"
EndProject
Project("{FAE04EC0-301F-11D3-BF4B-00C04F79EFBC}") = "EtsyDataSource", "E-commerce\EtsyDataSource\EtsyDataSource.csproj", "{B084B80F-C978-45EB-B4C0-F858A24DEF59}"
EndProject
Project("{FAE04EC0-301F-11D3-BF4B-00C04F79EFBC}") = "OpenCartDataSource", "E-commerce\OpenCartDataSource\OpenCartDataSource.csproj", "{C4312383-833E-49E4-A9A9-D1CC4B6D72CF}"
EndProject
Project("{FAE04EC0-301F-11D3-BF4B-00C04F79EFBC}") = "EcwidDataSource", "E-commerce\EcwidDataSource\EcwidDataSource.csproj", "{9CE6B8DB-0398-45E6-87EA-6DEFA38FB3A7}"
EndProject
Project("{FAE04EC0-301F-11D3-BF4B-00C04F79EFBC}") = "VolusionDataSource", "E-commerce\VolusionDataSource\VolusionDataSource.csproj", "{ED2CCFCF-B2F2-449D-BB9E-6A22A4515A36}"
EndProject
Project("{FAE04EC0-301F-11D3-BF4B-00C04F79EFBC}") = "SlackDataSource", "Communication\SlackDataSource\SlackDataSource.csproj", "{7DE4A8C0-A0ED-42DB-A2B5-9CED5CAD6D88}"
EndProject
Project("{FAE04EC0-301F-11D3-BF4B-00C04F79EFBC}") = "MicrosoftTeamsDataSource", "Communication\MicrosoftTeamsDataSource\MicrosoftTeamsDataSource.csproj", "{DD774245-0810-4849-9497-1FE998B9B6D8}"
EndProject
Project("{FAE04EC0-301F-11D3-BF4B-00C04F79EFBC}") = "ZoomDataSource", "Communication\ZoomDataSource\ZoomDataSource.csproj", "{68B0C4D2-40FD-4AB2-9EAF-F993B4B0B9E0}"
EndProject
Project("{FAE04EC0-301F-11D3-BF4B-00C04F79EFBC}") = "GoogleChatDataSource", "Communication\GoogleChatDataSource\GoogleChatDataSource.csproj", "{55B579BB-436D-43B7-A3EE-3976BD457E6E}"
EndProject
Project("{FAE04EC0-301F-11D3-BF4B-00C04F79EFBC}") = "DiscordDataSource", "Communication\DiscordDataSource\DiscordDataSource.csproj", "{FC68796B-679C-455E-A171-B122921D6C56}"
EndProject
Project("{FAE04EC0-301F-11D3-BF4B-00C04F79EFBC}") = "TelegramDataSource", "Communication\TelegramDataSource\TelegramDataSource.csproj", "{A03880DA-CF92-4AD4-B7CD-608F223C0CAE}"
EndProject
Project("{FAE04EC0-301F-11D3-BF4B-00C04F79EFBC}") = "WhatsAppBusinessDataSource", "Communication\WhatsAppBusinessDataSource\WhatsAppBusinessDataSource.csproj", "{D98AE11A-1CD9-4D09-8A8E-20DB016A2195}"
EndProject
Project("{FAE04EC0-301F-11D3-BF4B-00C04F79EFBC}") = "TwistDataSource", "Communication\TwistDataSource\TwistDataSource.csproj", "{4F828FFD-51D2-460F-98C7-BA9931504B9E}"
EndProject
Project("{FAE04EC0-301F-11D3-BF4B-00C04F79EFBC}") = "ChantyDataSource", "Communication\ChantyDataSource\ChantyDataSource.csproj", "{0E9A968C-8D17-470A-86F4-D13173F6E6E3}"
EndProject
Project("{FAE04EC0-301F-11D3-BF4B-00C04F79EFBC}") = "RocketChatDataSource", "Communication\RocketChatDataSource\RocketChatDataSource.csproj", "{9EA4E748-D117-4596-A86A-5518E1DD7028}"
EndProject
Project("{FAE04EC0-301F-11D3-BF4B-00C04F79EFBC}") = "FlockDataSource", "Communication\FlockDataSource\FlockDataSource.csproj", "{F418DC3E-FA53-40F4-B03D-EB7E8A1F6610}"
EndProject
Project("{FAE04EC0-301F-11D3-BF4B-00C04F79EFBC}") = "GoogleDrive", "Cloud-Storage\GoogleDrive\GoogleDrive.csproj", "{39C4DC60-9A56-427B-BC9F-FAE3EDD04290}"
EndProject
Project("{FAE04EC0-301F-11D3-BF4B-00C04F79EFBC}") = "Dropbox", "Cloud-Storage\Dropbox\Dropbox.csproj", "{A2C5AD9E-192D-4726-B79B-3B1BE633370D}"
EndProject
Project("{FAE04EC0-301F-11D3-BF4B-00C04F79EFBC}") = "OneDrive", "Cloud-Storage\OneDrive\OneDrive.csproj", "{1D335F75-2709-45AB-8BFB-D552DC30493C}"
EndProject
Project("{FAE04EC0-301F-11D3-BF4B-00C04F79EFBC}") = "Box", "Cloud-Storage\Box\Box.csproj", "{767EF1E0-3D62-4935-B117-603822B51E35}"
EndProject
Project("{FAE04EC0-301F-11D3-BF4B-00C04F79EFBC}") = "AmazonS3", "Cloud-Storage\AmazonS3\AmazonS3.csproj", "{311B7930-FF69-458D-97A6-85218C399726}"
EndProject
Project("{FAE04EC0-301F-11D3-BF4B-00C04F79EFBC}") = "pCloud", "Cloud-Storage\pCloud\pCloud.csproj", "{0DDA2D35-E35E-41B6-892F-4D5B0DB2C05B}"
EndProject
Project("{FAE04EC0-301F-11D3-BF4B-00C04F79EFBC}") = "iCloud", "Cloud-Storage\iCloud\iCloud.csproj", "{8F73F9E3-A87F-4324-9117-D85466110D35}"
EndProject
Project("{FAE04EC0-301F-11D3-BF4B-00C04F79EFBC}") = "Egnyte", "Cloud-Storage\Egnyte\Egnyte.csproj", "{F7192075-1ACE-49E9-972E-7DBEEF46FE29}"
EndProject
Project("{FAE04EC0-301F-11D3-BF4B-00C04F79EFBC}") = "MediaFire", "Cloud-Storage\MediaFire\MediaFire.csproj", "{C527F215-05D8-4906-BFB9-240837195A10}"
EndProject
Project("{FAE04EC0-301F-11D3-BF4B-00C04F79EFBC}") = "CitrixShareFile", "Cloud-Storage\CitrixShareFile\CitrixShareFile.csproj", "{DF9FC3C7-D73A-4D6D-9CC4-956906D98C58}"
EndProject
Project("{FAE04EC0-301F-11D3-BF4B-00C04F79EFBC}") = "TwitterDataSource", "SocialMedia\Twitter\TwitterDataSource.csproj", "{CBCA769D-B233-22C0-8119-2058692DE9E9}"
EndProject
Project("{FAE04EC0-301F-11D3-BF4B-00C04F79EFBC}") = "Instagram", "SocialMedia\Instagram\Instagram.csproj", "{2DF77250-E6D4-36EE-1109-F91D30438387}"
EndProject
Project("{FAE04EC0-301F-11D3-BF4B-00C04F79EFBC}") = "Facebook", "SocialMedia\Facebook\Facebook.csproj", "{3E08B83F-189A-AFDD-4C7E-6E248F9B7B9C}"
EndProject
Project("{FAE04EC0-301F-11D3-BF4B-00C04F79EFBC}") = "LinkedIn", "SocialMedia\LinkedIn\LinkedIn.csproj", "{4F19C94A-29BD-BFCE-5D8F-7F359C9C8CAD}"
EndProject
Project("{FAE04EC0-301F-11D3-BF4B-00C04F79EFBC}") = "YouTube", "SocialMedia\YouTube\YouTube.csproj", "{5A2BD05D-3ACE-CEDF-6E9A-8F46ADAD9DBE}"
EndProject
Project("{FAE04EC0-301F-11D3-BF4B-00C04F79EFBC}") = "Pinterest", "SocialMedia\Pinterest\Pinterest.csproj", "{6B3CE16E-4BCF-DEF0-7FAB-9F57BEBEAECF}"
EndProject
Project("{FAE04EC0-301F-11D3-BF4B-00C04F79EFBC}") = "Reddit", "SocialMedia\Reddit\Reddit.csproj", "{7C4DF27F-5DD0-EF01-8ABC-AF68CECFBDF0}"
EndProject
Project("{FAE04EC0-301F-11D3-BF4B-00C04F79EFBC}") = "Snapchat", "SocialMedia\Snapchat\Snapchat.csproj", "{8D5EE38A-6EE1-F012-9BCD-BF79DFDFCE01}"
EndProject
Project("{FAE04EC0-301F-11D3-BF4B-00C04F79EFBC}") = "TikTok", "SocialMedia\TikTok\TikTok.csproj", "{9E6FF49B-7FF2-0123-ACDE-CF8AEAEFBF12}"
EndProject
Project("{FAE04EC0-301F-11D3-BF4B-00C04F79EFBC}") = "Buffer", "SocialMedia\Buffer\Buffer.csproj", "{AF70F5AC-80A3-1234-BDEF-DF9BFBF0C023}"
EndProject
Project("{FAE04EC0-301F-11D3-BF4B-00C04F79EFBC}") = "Hootsuite", "SocialMedia\Hootsuite\Hootsuite.csproj", "{B08106BD-91B4-2345-CDEF-E0AC0C1D1345}"
EndProject
Project("{FAE04EC0-301F-11D3-BF4B-00C04F79EFBC}") = "FreshBooks", "Accounting\FreshBooks\FreshBooks.csproj", "{C0000001-0000-0000-0000-000000000000}"
EndProject
Project("{FAE04EC0-301F-11D3-BF4B-00C04F79EFBC}") = "MYOB", "Accounting\MYOB\MYOB.csproj", "{C0000002-0000-0000-0000-000000000000}"
EndProject
Project("{FAE04EC0-301F-11D3-BF4B-00C04F79EFBC}") = "QuickBooksOnline", "Accounting\QuickBooksOnline\QuickBooksOnline.csproj", "{C0000003-0000-0000-0000-000000000000}"
EndProject
Project("{FAE04EC0-301F-11D3-BF4B-00C04F79EFBC}") = "SageIntacct", "Accounting\SageIntacct\SageIntacct.csproj", "{C0000004-0000-0000-0000-000000000000}"
EndProject
Project("{FAE04EC0-301F-11D3-BF4B-00C04F79EFBC}") = "Xero", "Accounting\Xero\Xero.csproj", "{C0000005-0000-0000-0000-000000000000}"
EndProject
Project("{FAE04EC0-301F-11D3-BF4B-00C04F79EFBC}") = "TableauDataSource", "BusinessIntelligence\TableauDataSource\TableauDataSource.csproj", "{C0000006-0000-0000-0000-000000000000}"
EndProject
Project("{FAE04EC0-301F-11D3-BF4B-00C04F79EFBC}") = "WordPressDataSource", "ContentManagement\WordPressDataSource\WordPressDataSource.csproj", "{C0000007-0000-0000-0000-000000000000}"
EndProject
Project("{FAE04EC0-301F-11D3-BF4B-00C04F79EFBC}") = "Zendesk", "CustomerSupport\Zendesk\Zendesk.csproj", "{C0000008-0000-0000-0000-000000000000}"
EndProject
Project("{FAE04EC0-301F-11D3-BF4B-00C04F79EFBC}") = "JotformDataSource", "Forms\JotformDataSource\JotformDataSource.csproj", "{C0000009-0000-0000-0000-000000000000}"
EndProject
Project("{FAE04EC0-301F-11D3-BF4B-00C04F79EFBC}") = "TypeformDataSource", "Forms\TypeformDataSource\TypeformDataSource.csproj", "{C000000A-0000-0000-0000-000000000000}"
EndProject
Project("{FAE04EC0-301F-11D3-BF4B-00C04F79EFBC}") = "GmailDataSource", "MailServices\Gmail\GmailDataSource.csproj", "{C000000B-0000-0000-0000-000000000000}"
EndProject
Project("{FAE04EC0-301F-11D3-BF4B-00C04F79EFBC}") = "OutlookDataSource", "MailServices\Outlook\OutlookDataSource.csproj", "{C000000C-0000-0000-0000-000000000000}"
EndProject
Project("{FAE04EC0-301F-11D3-BF4B-00C04F79EFBC}") = "YahooDataSource", "MailServices\Yahoo\YahooDataSource.csproj", "{C000000D-0000-0000-0000-000000000000}"
EndProject
Project("{FAE04EC0-301F-11D3-BF4B-00C04F79EFBC}") = "ActiveCampaignDataSource", "Marketing\ActiveCampaignDataSource\ActiveCampaignDataSource.csproj", "{C000000E-0000-0000-0000-000000000000}"
EndProject
Project("{FAE04EC0-301F-11D3-BF4B-00C04F79EFBC}") = "CampaignMonitorDataSource", "Marketing\CampaignMonitorDataSource\CampaignMonitorDataSource.csproj", "{C000000F-0000-0000-0000-000000000000}"
EndProject
Project("{FAE04EC0-301F-11D3-BF4B-00C04F79EFBC}") = "ConstantContactDataSource", "Marketing\ConstantContactDataSource\ConstantContactDataSource.csproj", "{C0000010-0000-0000-0000-000000000000}"
EndProject
Project("{FAE04EC0-301F-11D3-BF4B-00C04F79EFBC}") = "ConvertKitDataSource", "Marketing\ConvertKitDataSource\ConvertKitDataSource.csproj", "{C0000011-0000-0000-0000-000000000000}"
EndProject
Project("{FAE04EC0-301F-11D3-BF4B-00C04F79EFBC}") = "DripDataSource", "Marketing\DripDataSource\DripDataSource.csproj", "{C0000012-0000-0000-0000-000000000000}"
EndProject
Project("{FAE04EC0-301F-11D3-BF4B-00C04F79EFBC}") = "GoogleAdsDataSource", "Marketing\GoogleAdsDataSource\GoogleAdsDataSource.csproj", "{C0000013-0000-0000-0000-000000000000}"
EndProject
Project("{FAE04EC0-301F-11D3-BF4B-00C04F79EFBC}") = "KlaviyoDataSource", "Marketing\KlaviyoDataSource\KlaviyoDataSource.csproj", "{C0000014-0000-0000-0000-000000000000}"
EndProject
Project("{FAE04EC0-301F-11D3-BF4B-00C04F79EFBC}") = "MailchimpDataSource", "Marketing\MailchimpDataSource\MailchimpDataSource.csproj", "{C0000015-0000-0000-0000-000000000000}"
EndProject
Project("{FAE04EC0-301F-11D3-BF4B-00C04F79EFBC}") = "MailerLiteDataSource", "Marketing\MailerLiteDataSource\MailerLiteDataSource.csproj", "{C0000016-0000-0000-0000-000000000000}"
EndProject
Project("{FAE04EC0-301F-11D3-BF4B-00C04F79EFBC}") = "MarketoDataSource", "Marketing\MarketoDataSource\MarketoDataSource.csproj", "{C0000017-0000-0000-0000-000000000000}"
EndProject
Project("{FAE04EC0-301F-11D3-BF4B-00C04F79EFBC}") = "SendinblueDataSource", "Marketing\SendinblueDataSource\SendinblueDataSource.csproj", "{C0000018-0000-0000-0000-000000000000}"
EndProject
Project("{FAE04EC0-301F-11D3-BF4B-00C04F79EFBC}") = "FathomDataSource", "MeetingTools\FathomDataSource\FathomDataSource.csproj", "{C0000019-0000-0000-0000-000000000000}"
EndProject
Project("{FAE04EC0-301F-11D3-BF4B-00C04F79EFBC}") = "TLDVDataSource", "MeetingTools\TLDVDataSource\TLDVDataSource.csproj", "{C000001A-0000-0000-0000-000000000000}"
EndProject
Project("{FAE04EC0-301F-11D3-BF4B-00C04F79EFBC}") = "ClickSendDataSource", "SMS\ClickSendDataSource\ClickSendDataSource.csproj", "{C000001B-0000-0000-0000-000000000000}"
EndProject
Project("{FAE04EC0-301F-11D3-BF4B-00C04F79EFBC}") = "KudosityDataSource", "SMS\KudosityDataSource\KudosityDataSource.csproj", "{C000001C-0000-0000-0000-000000000000}"
EndProject
Project("{FAE04EC0-301F-11D3-BF4B-00C04F79EFBC}") = "LoomlyDataSource", "SocialMedia\LoomlyDataSource\LoomlyDataSource.csproj", "{C000001D-0000-0000-0000-000000000000}"
EndProject
Project("{FAE04EC0-301F-11D3-BF4B-00C04F79EFBC}") = "AnyDoDataSource", "TaskManagement\AnyDoDataSource\AnyDoDataSource.csproj", "{C000001E-0000-0000-0000-000000000000}"
EndProject
Global
	GlobalSection(SolutionConfigurationPlatforms) = preSolution
		Debug|Any CPU = Debug|Any CPU
		Release|Any CPU = Release|Any CPU
	EndGlobalSection
	GlobalSection(ProjectConfigurationPlatforms) = postSolution
		{2E07A71E-068F-7FDD-292A-3B015C1E2F38}.Debug|Any CPU.ActiveCfg = Debug|Any CPU
		{2E07A71E-068F-7FDD-292A-3B015C1E2F38}.Debug|Any CPU.Build.0 = Debug|Any CPU
		{2E07A71E-068F-7FDD-292A-3B015C1E2F38}.Release|Any CPU.ActiveCfg = Release|Any CPU
		{2E07A71E-068F-7FDD-292A-3B015C1E2F38}.Release|Any CPU.Build.0 = Release|Any CPU
		{3F08B72F-078F-8EDD-393B-4C025D2E3F49}.Debug|Any CPU.ActiveCfg = Debug|Any CPU
		{3F08B72F-078F-8EDD-393B-4C025D2E3F49}.Debug|Any CPU.Build.0 = Debug|Any CPU
		{3F08B72F-078F-8EDD-393B-4C025D2E3F49}.Release|Any CPU.ActiveCfg = Release|Any CPU
		{3F08B72F-078F-8EDD-393B-4C025D2E3F49}.Release|Any CPU.Build.0 = Release|Any CPU
		{4A19C83A-189A-9FCD-4B6E-5D137E4A5F5A}.Debug|Any CPU.ActiveCfg = Debug|Any CPU
		{4A19C83A-189A-9FCD-4B6E-5D137E4A5F5A}.Debug|Any CPU.Build.0 = Debug|Any CPU
		{4A19C83A-189A-9FCD-4B6E-5D137E4A5F5A}.Release|Any CPU.ActiveCfg = Release|Any CPU
		{4A19C83A-189A-9FCD-4B6E-5D137E4A5F5A}.Release|Any CPU.Build.0 = Release|Any CPU
		{5B2AC94D-29BC-AFDE-5C7F-6E248F9B6A8B}.Debug|Any CPU.ActiveCfg = Debug|Any CPU
		{5B2AC94D-29BC-AFDE-5C7F-6E248F9B6A8B}.Debug|Any CPU.Build.0 = Debug|Any CPU
		{5B2AC94D-29BC-AFDE-5C7F-6E248F9B6A8B}.Release|Any CPU.ActiveCfg = Release|Any CPU
		{5B2AC94D-29BC-AFDE-5C7F-6E248F9B6A8B}.Release|Any CPU.Build.0 = Release|Any CPU
		{6C3BD95E-3ABD-BCFE-6D8A-7F359C9C7B9C}.Debug|Any CPU.ActiveCfg = Debug|Any CPU
		{6C3BD95E-3ABD-BCFE-6D8A-7F359C9C7B9C}.Debug|Any CPU.Build.0 = Debug|Any CPU
		{6C3BD95E-3ABD-BCFE-6D8A-7F359C9C7B9C}.Release|Any CPU.ActiveCfg = Release|Any CPU
		{6C3BD95E-3ABD-BCFE-6D8A-7F359C9C7B9C}.Release|Any CPU.Build.0 = Release|Any CPU
		{7D4AE06F-4BCA-CDEF-7E9B-8F46ADAC8CDA}.Debug|Any CPU.ActiveCfg = Debug|Any CPU
		{7D4AE06F-4BCA-CDEF-7E9B-8F46ADAC8CDA}.Debug|Any CPU.Build.0 = Debug|Any CPU
		{7D4AE06F-4BCA-CDEF-7E9B-8F46ADAC8CDA}.Release|Any CPU.ActiveCfg = Release|Any CPU
		{7D4AE06F-4BCA-CDEF-7E9B-8F46ADAC8CDA}.Release|Any CPU.Build.0 = Release|Any CPU
		{8E5BF17A-5DBF-DEFA-8FAB-9F57BEBE9EBB}.Debug|Any CPU.ActiveCfg = Debug|Any CPU
		{8E5BF17A-5DBF-DEFA-8FAB-9F57BEBE9EBB}.Debug|Any CPU.Build.0 = Debug|Any CPU
		{8E5BF17A-5DBF-DEFA-8FAB-9F57BEBE9EBB}.Release|Any CPU.ActiveCfg = Release|Any CPU
		{8E5BF17A-5DBF-DEFA-8FAB-9F57BEBE9EBB}.Release|Any CPU.Build.0 = Release|Any CPU
		{9F6CF28B-6ECA-EFAB-9A5C-AF68CECFACFC}.Debug|Any CPU.ActiveCfg = Debug|Any CPU
		{9F6CF28B-6ECA-EFAB-9A5C-AF68CECFACFC}.Debug|Any CPU.Build.0 = Debug|Any CPU
		{9F6CF28B-6ECA-EFAB-9A5C-AF68CECFACFC}.Release|Any CPU.ActiveCfg = Release|Any CPU
		{9F6CF28B-6ECA-EFAB-9A5C-AF68CECFACFC}.Release|Any CPU.Build.0 = Release|Any CPU
		{A0A7D39C-7FDB-FABC-A6BD-BF79DFDFBFCF}.Debug|Any CPU.ActiveCfg = Debug|Any CPU
		{A0A7D39C-7FDB-FABC-A6BD-BF79DFDFBFCF}.Debug|Any CPU.Build.0 = Debug|Any CPU
		{A0A7D39C-7FDB-FABC-A6BD-BF79DFDFBFCF}.Release|Any CPU.ActiveCfg = Release|Any CPU
		{A0A7D39C-7FDB-FABC-A6BD-BF79DFDFBFCF}.Release|Any CPU.Build.0 = Release|Any CPU
		{B1B8E4AD-8ECA-ABCD-B7CE-CF8AEAEFAF0F}.Debug|Any CPU.ActiveCfg = Debug|Any CPU
		{B1B8E4AD-8ECA-ABCD-B7CE-CF8AEAEFAF0F}.Debug|Any CPU.Build.0 = Debug|Any CPU
		{B1B8E4AD-8ECA-ABCD-B7CE-CF8AEAEFAF0F}.Release|Any CPU.ActiveCfg = Release|Any CPU
		{B1B8E4AD-8ECA-ABCD-B7CE-CF8AEAEFAF0F}.Release|Any CPU.Build.0 = Release|Any CPU
		{C2C9E5BF-9FDB-4ECD-8A7C-D1E3F5A8B9C1}.Debug|Any CPU.ActiveCfg = Debug|Any CPU
		{C2C9E5BF-9FDB-4ECD-8A7C-D1E3F5A8B9C1}.Debug|Any CPU.Build.0 = Debug|Any CPU
		{C2C9E5BF-9FDB-4ECD-8A7C-D1E3F5A8B9C1}.Release|Any CPU.ActiveCfg = Release|Any CPU
		{C2C9E5BF-9FDB-4ECD-8A7C-D1E3F5A8B9C1}.Release|Any CPU.Build.0 = Release|Any CPU
		{D3D9F6CE-AECB-5FDE-9B8D-E2F4C6B9D0E2}.Debug|Any CPU.ActiveCfg = Debug|Any CPU
		{D3D9F6CE-AECB-5FDE-9B8D-E2F4C6B9D0E2}.Debug|Any CPU.Build.0 = Debug|Any CPU
		{D3D9F6CE-AECB-5FDE-9B8D-E2F4C6B9D0E2}.Release|Any CPU.ActiveCfg = Release|Any CPU
		{D3D9F6CE-AECB-5FDE-9B8D-E2F4C6B9D0E2}.Release|Any CPU.Build.0 = Release|Any CPU
		{DBE3C941-11C4-4B2C-B00E-DE7E7DFCA891}.Debug|Any CPU.ActiveCfg = Debug|Any CPU
		{DBE3C941-11C4-4B2C-B00E-DE7E7DFCA891}.Debug|Any CPU.Build.0 = Debug|Any CPU
		{DBE3C941-11C4-4B2C-B00E-DE7E7DFCA891}.Release|Any CPU.ActiveCfg = Release|Any CPU
		{DBE3C941-11C4-4B2C-B00E-DE7E7DFCA891}.Release|Any CPU.Build.0 = Release|Any CPU
		{5BE3DE5B-A936-497C-894A-E62BDCD4BFDF}.Debug|Any CPU.ActiveCfg = Debug|Any CPU
		{5BE3DE5B-A936-497C-894A-E62BDCD4BFDF}.Debug|Any CPU.Build.0 = Debug|Any CPU
		{5BE3DE5B-A936-497C-894A-E62BDCD4BFDF}.Release|Any CPU.ActiveCfg = Release|Any CPU
		{5BE3DE5B-A936-497C-894A-E62BDCD4BFDF}.Release|Any CPU.Build.0 = Release|Any CPU
		{7CBA1E54-C633-41DE-AD60-FD86E4CC9E88}.Debug|Any CPU.ActiveCfg = Debug|Any CPU
		{7CBA1E54-C633-41DE-AD60-FD86E4CC9E88}.Debug|Any CPU.Build.0 = Debug|Any CPU
		{7CBA1E54-C633-41DE-AD60-FD86E4CC9E88}.Release|Any CPU.ActiveCfg = Release|Any CPU
		{7CBA1E54-C633-41DE-AD60-FD86E4CC9E88}.Release|Any CPU.Build.0 = Release|Any CPU
		{2C684F4B-4452-4B8B-BB29-827619DD3241}.Debug|Any CPU.ActiveCfg = Debug|Any CPU
		{2C684F4B-4452-4B8B-BB29-827619DD3241}.Debug|Any CPU.Build.0 = Debug|Any CPU
		{2C684F4B-4452-4B8B-BB29-827619DD3241}.Release|Any CPU.ActiveCfg = Release|Any CPU
		{2C684F4B-4452-4B8B-BB29-827619DD3241}.Release|Any CPU.Build.0 = Release|Any CPU
		{B084B80F-C978-45EB-B4C0-F858A24DEF59}.Debug|Any CPU.ActiveCfg = Debug|Any CPU
		{B084B80F-C978-45EB-B4C0-F858A24DEF59}.Debug|Any CPU.Build.0 = Debug|Any CPU
		{B084B80F-C978-45EB-B4C0-F858A24DEF59}.Release|Any CPU.ActiveCfg = Release|Any CPU
		{B084B80F-C978-45EB-B4C0-F858A24DEF59}.Release|Any CPU.Build.0 = Release|Any CPU
		{C4312383-833E-49E4-A9A9-D1CC4B6D72CF}.Debug|Any CPU.ActiveCfg = Debug|Any CPU
		{C4312383-833E-49E4-A9A9-D1CC4B6D72CF}.Debug|Any CPU.Build.0 = Debug|Any CPU
		{C4312383-833E-49E4-A9A9-D1CC4B6D72CF}.Release|Any CPU.ActiveCfg = Release|Any CPU
		{C4312383-833E-49E4-A9A9-D1CC4B6D72CF}.Release|Any CPU.Build.0 = Release|Any CPU
		{9CE6B8DB-0398-45E6-87EA-6DEFA38FB3A7}.Debug|Any CPU.ActiveCfg = Debug|Any CPU
		{9CE6B8DB-0398-45E6-87EA-6DEFA38FB3A7}.Debug|Any CPU.Build.0 = Debug|Any CPU
		{9CE6B8DB-0398-45E6-87EA-6DEFA38FB3A7}.Release|Any CPU.ActiveCfg = Release|Any CPU
		{9CE6B8DB-0398-45E6-87EA-6DEFA38FB3A7}.Release|Any CPU.Build.0 = Release|Any CPU
		{ED2CCFCF-B2F2-449D-BB9E-6A22A4515A36}.Debug|Any CPU.ActiveCfg = Debug|Any CPU
		{ED2CCFCF-B2F2-449D-BB9E-6A22A4515A36}.Debug|Any CPU.Build.0 = Debug|Any CPU
		{ED2CCFCF-B2F2-449D-BB9E-6A22A4515A36}.Release|Any CPU.ActiveCfg = Release|Any CPU
		{ED2CCFCF-B2F2-449D-BB9E-6A22A4515A36}.Release|Any CPU.Build.0 = Release|Any CPU
		{7DE4A8C0-A0ED-42DB-A2B5-9CED5CAD6D88}.Debug|Any CPU.ActiveCfg = Debug|Any CPU
		{7DE4A8C0-A0ED-42DB-A2B5-9CED5CAD6D88}.Debug|Any CPU.Build.0 = Debug|Any CPU
		{7DE4A8C0-A0ED-42DB-A2B5-9CED5CAD6D88}.Release|Any CPU.ActiveCfg = Release|Any CPU
		{7DE4A8C0-A0ED-42DB-A2B5-9CED5CAD6D88}.Release|Any CPU.Build.0 = Release|Any CPU
		{DD774245-0810-4849-9497-1FE998B9B6D8}.Debug|Any CPU.ActiveCfg = Debug|Any CPU
		{DD774245-0810-4849-9497-1FE998B9B6D8}.Debug|Any CPU.Build.0 = Debug|Any CPU
		{DD774245-0810-4849-9497-1FE998B9B6D8}.Release|Any CPU.ActiveCfg = Release|Any CPU
		{DD774245-0810-4849-9497-1FE998B9B6D8}.Release|Any CPU.Build.0 = Release|Any CPU
		{68B0C4D2-40FD-4AB2-9EAF-F993B4B0B9E0}.Debug|Any CPU.ActiveCfg = Debug|Any CPU
		{68B0C4D2-40FD-4AB2-9EAF-F993B4B0B9E0}.Debug|Any CPU.Build.0 = Debug|Any CPU
		{68B0C4D2-40FD-4AB2-9EAF-F993B4B0B9E0}.Release|Any CPU.ActiveCfg = Release|Any CPU
		{68B0C4D2-40FD-4AB2-9EAF-F993B4B0B9E0}.Release|Any CPU.Build.0 = Release|Any CPU
		{55B579BB-436D-43B7-A3EE-3976BD457E6E}.Debug|Any CPU.ActiveCfg = Debug|Any CPU
		{55B579BB-436D-43B7-A3EE-3976BD457E6E}.Debug|Any CPU.Build.0 = Debug|Any CPU
		{55B579BB-436D-43B7-A3EE-3976BD457E6E}.Release|Any CPU.ActiveCfg = Release|Any CPU
		{55B579BB-436D-43B7-A3EE-3976BD457E6E}.Release|Any CPU.Build.0 = Release|Any CPU
		{FC68796B-679C-455E-A171-B122921D6C56}.Debug|Any CPU.ActiveCfg = Debug|Any CPU
		{FC68796B-679C-455E-A171-B122921D6C56}.Debug|Any CPU.Build.0 = Debug|Any CPU
		{FC68796B-679C-455E-A171-B122921D6C56}.Release|Any CPU.ActiveCfg = Release|Any CPU
		{FC68796B-679C-455E-A171-B122921D6C56}.Release|Any CPU.Build.0 = Release|Any CPU
		{A03880DA-CF92-4AD4-B7CD-608F223C0CAE}.Debug|Any CPU.ActiveCfg = Debug|Any CPU
		{A03880DA-CF92-4AD4-B7CD-608F223C0CAE}.Debug|Any CPU.Build.0 = Debug|Any CPU
		{A03880DA-CF92-4AD4-B7CD-608F223C0CAE}.Release|Any CPU.ActiveCfg = Release|Any CPU
		{A03880DA-CF92-4AD4-B7CD-608F223C0CAE}.Release|Any CPU.Build.0 = Release|Any CPU
		{D98AE11A-1CD9-4D09-8A8E-20DB016A2195}.Debug|Any CPU.ActiveCfg = Debug|Any CPU
		{D98AE11A-1CD9-4D09-8A8E-20DB016A2195}.Debug|Any CPU.Build.0 = Debug|Any CPU
		{D98AE11A-1CD9-4D09-8A8E-20DB016A2195}.Release|Any CPU.ActiveCfg = Release|Any CPU
		{D98AE11A-1CD9-4D09-8A8E-20DB016A2195}.Release|Any CPU.Build.0 = Release|Any CPU
		{4F828FFD-51D2-460F-98C7-BA9931504B9E}.Debug|Any CPU.ActiveCfg = Debug|Any CPU
		{4F828FFD-51D2-460F-98C7-BA9931504B9E}.Debug|Any CPU.Build.0 = Debug|Any CPU
		{4F828FFD-51D2-460F-98C7-BA9931504B9E}.Release|Any CPU.ActiveCfg = Release|Any CPU
		{4F828FFD-51D2-460F-98C7-BA9931504B9E}.Release|Any CPU.Build.0 = Release|Any CPU
		{0E9A968C-8D17-470A-86F4-D13173F6E6E3}.Debug|Any CPU.ActiveCfg = Debug|Any CPU
		{0E9A968C-8D17-470A-86F4-D13173F6E6E3}.Debug|Any CPU.Build.0 = Debug|Any CPU
		{0E9A968C-8D17-470A-86F4-D13173F6E6E3}.Release|Any CPU.ActiveCfg = Release|Any CPU
		{0E9A968C-8D17-470A-86F4-D13173F6E6E3}.Release|Any CPU.Build.0 = Release|Any CPU
		{9EA4E748-D117-4596-A86A-5518E1DD7028}.Debug|Any CPU.ActiveCfg = Debug|Any CPU
		{9EA4E748-D117-4596-A86A-5518E1DD7028}.Debug|Any CPU.Build.0 = Debug|Any CPU
		{9EA4E748-D117-4596-A86A-5518E1DD7028}.Release|Any CPU.ActiveCfg = Release|Any CPU
		{9EA4E748-D117-4596-A86A-5518E1DD7028}.Release|Any CPU.Build.0 = Release|Any CPU
		{F418DC3E-FA53-40F4-B03D-EB7E8A1F6610}.Debug|Any CPU.ActiveCfg = Debug|Any CPU
		{F418DC3E-FA53-40F4-B03D-EB7E8A1F6610}.Debug|Any CPU.Build.0 = Debug|Any CPU
		{F418DC3E-FA53-40F4-B03D-EB7E8A1F6610}.Release|Any CPU.ActiveCfg = Release|Any CPU
		{F418DC3E-FA53-40F4-B03D-EB7E8A1F6610}.Release|Any CPU.Build.0 = Release|Any CPU
		{39C4DC60-9A56-427B-BC9F-FAE3EDD04290}.Debug|Any CPU.ActiveCfg = Debug|Any CPU
		{39C4DC60-9A56-427B-BC9F-FAE3EDD04290}.Debug|Any CPU.Build.0 = Debug|Any CPU
		{39C4DC60-9A56-427B-BC9F-FAE3EDD04290}.Release|Any CPU.ActiveCfg = Release|Any CPU
		{39C4DC60-9A56-427B-BC9F-FAE3EDD04290}.Release|Any CPU.Build.0 = Release|Any CPU
		{A2C5AD9E-192D-4726-B79B-3B1BE633370D}.Debug|Any CPU.ActiveCfg = Debug|Any CPU
		{A2C5AD9E-192D-4726-B79B-3B1BE633370D}.Debug|Any CPU.Build.0 = Debug|Any CPU
		{A2C5AD9E-192D-4726-B79B-3B1BE633370D}.Release|Any CPU.ActiveCfg = Release|Any CPU
		{A2C5AD9E-192D-4726-B79B-3B1BE633370D}.Release|Any CPU.Build.0 = Release|Any CPU
		{1D335F75-2709-45AB-8BFB-D552DC30493C}.Debug|Any CPU.ActiveCfg = Debug|Any CPU
		{1D335F75-2709-45AB-8BFB-D552DC30493C}.Debug|Any CPU.Build.0 = Debug|Any CPU
		{1D335F75-2709-45AB-8BFB-D552DC30493C}.Release|Any CPU.ActiveCfg = Release|Any CPU
		{1D335F75-2709-45AB-8BFB-D552DC30493C}.Release|Any CPU.Build.0 = Release|Any CPU
		{767EF1E0-3D62-4935-B117-603822B51E35}.Debug|Any CPU.ActiveCfg = Debug|Any CPU
		{767EF1E0-3D62-4935-B117-603822B51E35}.Debug|Any CPU.Build.0 = Debug|Any CPU
		{767EF1E0-3D62-4935-B117-603822B51E35}.Release|Any CPU.ActiveCfg = Release|Any CPU
		{767EF1E0-3D62-4935-B117-603822B51E35}.Release|Any CPU.Build.0 = Release|Any CPU
		{311B7930-FF69-458D-97A6-85218C399726}.Debug|Any CPU.ActiveCfg = Debug|Any CPU
		{311B7930-FF69-458D-97A6-85218C399726}.Debug|Any CPU.Build.0 = Debug|Any CPU
		{311B7930-FF69-458D-97A6-85218C399726}.Release|Any CPU.ActiveCfg = Release|Any CPU
		{311B7930-FF69-458D-97A6-85218C399726}.Release|Any CPU.Build.0 = Release|Any CPU
		{0DDA2D35-E35E-41B6-892F-4D5B0DB2C05B}.Debug|Any CPU.ActiveCfg = Debug|Any CPU
		{0DDA2D35-E35E-41B6-892F-4D5B0DB2C05B}.Debug|Any CPU.Build.0 = Debug|Any CPU
		{0DDA2D35-E35E-41B6-892F-4D5B0DB2C05B}.Release|Any CPU.ActiveCfg = Release|Any CPU
		{0DDA2D35-E35E-41B6-892F-4D5B0DB2C05B}.Release|Any CPU.Build.0 = Release|Any CPU
		{8F73F9E3-A87F-4324-9117-D85466110D35}.Debug|Any CPU.ActiveCfg = Debug|Any CPU
		{8F73F9E3-A87F-4324-9117-D85466110D35}.Debug|Any CPU.Build.0 = Debug|Any CPU
		{8F73F9E3-A87F-4324-9117-D85466110D35}.Release|Any CPU.ActiveCfg = Release|Any CPU
		{8F73F9E3-A87F-4324-9117-D85466110D35}.Release|Any CPU.Build.0 = Release|Any CPU
		{F7192075-1ACE-49E9-972E-7DBEEF46FE29}.Debug|Any CPU.ActiveCfg = Debug|Any CPU
		{F7192075-1ACE-49E9-972E-7DBEEF46FE29}.Debug|Any CPU.Build.0 = Debug|Any CPU
		{F7192075-1ACE-49E9-972E-7DBEEF46FE29}.Release|Any CPU.ActiveCfg = Release|Any CPU
		{F7192075-1ACE-49E9-972E-7DBEEF46FE29}.Release|Any CPU.Build.0 = Release|Any CPU
		{C527F215-05D8-4906-BFB9-240837195A10}.Debug|Any CPU.ActiveCfg = Debug|Any CPU
		{C527F215-05D8-4906-BFB9-240837195A10}.Debug|Any CPU.Build.0 = Debug|Any CPU
		{C527F215-05D8-4906-BFB9-240837195A10}.Release|Any CPU.ActiveCfg = Release|Any CPU
		{C527F215-05D8-4906-BFB9-240837195A10}.Release|Any CPU.Build.0 = Release|Any CPU
		{DF9FC3C7-D73A-4D6D-9CC4-956906D98C58}.Debug|Any CPU.ActiveCfg = Debug|Any CPU
		{DF9FC3C7-D73A-4D6D-9CC4-956906D98C58}.Debug|Any CPU.Build.0 = Debug|Any CPU
		{DF9FC3C7-D73A-4D6D-9CC4-956906D98C58}.Release|Any CPU.ActiveCfg = Release|Any CPU
		{DF9FC3C7-D73A-4D6D-9CC4-956906D98C58}.Release|Any CPU.Build.0 = Release|Any CPU
		{CBCA769D-B233-22C0-8119-2058692DE9E9}.Debug|Any CPU.ActiveCfg = Debug|Any CPU
		{CBCA769D-B233-22C0-8119-2058692DE9E9}.Debug|Any CPU.Build.0 = Debug|Any CPU
		{CBCA769D-B233-22C0-8119-2058692DE9E9}.Release|Any CPU.ActiveCfg = Release|Any CPU
		{CBCA769D-B233-22C0-8119-2058692DE9E9}.Release|Any CPU.Build.0 = Release|Any CPU
		{2DF77250-E6D4-36EE-1109-F91D30438387}.Debug|Any CPU.ActiveCfg = Debug|Any CPU
		{2DF77250-E6D4-36EE-1109-F91D30438387}.Debug|Any CPU.Build.0 = Debug|Any CPU
		{2DF77250-E6D4-36EE-1109-F91D30438387}.Release|Any CPU.ActiveCfg = Release|Any CPU
		{2DF77250-E6D4-36EE-1109-F91D30438387}.Release|Any CPU.Build.0 = Release|Any CPU
		{3E08B83F-189A-AFDD-4C7E-6E248F9B7B9C}.Debug|Any CPU.ActiveCfg = Debug|Any CPU
		{3E08B83F-189A-AFDD-4C7E-6E248F9B7B9C}.Debug|Any CPU.Build.0 = Debug|Any CPU
		{3E08B83F-189A-AFDD-4C7E-6E248F9B7B9C}.Release|Any CPU.ActiveCfg = Release|Any CPU
		{3E08B83F-189A-AFDD-4C7E-6E248F9B7B9C}.Release|Any CPU.Build.0 = Release|Any CPU
		{4F19C94A-29BD-BFCE-5D8F-7F359C9C8CAD}.Debug|Any CPU.ActiveCfg = Debug|Any CPU
		{4F19C94A-29BD-BFCE-5D8F-7F359C9C8CAD}.Debug|Any CPU.Build.0 = Debug|Any CPU
		{4F19C94A-29BD-BFCE-5D8F-7F359C9C8CAD}.Release|Any CPU.ActiveCfg = Release|Any CPU
		{4F19C94A-29BD-BFCE-5D8F-7F359C9C8CAD}.Release|Any CPU.Build.0 = Release|Any CPU
		{5A2BD05D-3ACE-CEDF-6E9A-8F46ADAD9DBE}.Debug|Any CPU.ActiveCfg = Debug|Any CPU
		{5A2BD05D-3ACE-CEDF-6E9A-8F46ADAD9DBE}.Debug|Any CPU.Build.0 = Debug|Any CPU
		{5A2BD05D-3ACE-CEDF-6E9A-8F46ADAD9DBE}.Release|Any CPU.ActiveCfg = Release|Any CPU
		{5A2BD05D-3ACE-CEDF-6E9A-8F46ADAD9DBE}.Release|Any CPU.Build.0 = Release|Any CPU
		{6B3CE16E-4BCF-DEF0-7FAB-9F57BEBEAECF}.Debug|Any CPU.ActiveCfg = Debug|Any CPU
		{6B3CE16E-4BCF-DEF0-7FAB-9F57BEBEAECF}.Debug|Any CPU.Build.0 = Debug|Any CPU
		{6B3CE16E-4BCF-DEF0-7FAB-9F57BEBEAECF}.Release|Any CPU.ActiveCfg = Release|Any CPU
		{6B3CE16E-4BCF-DEF0-7FAB-9F57BEBEAECF}.Release|Any CPU.Build.0 = Release|Any CPU
		{7C4DF27F-5DD0-EF01-8ABC-AF68CECFBDF0}.Debug|Any CPU.ActiveCfg = Debug|Any CPU
		{7C4DF27F-5DD0-EF01-8ABC-AF68CECFBDF0}.Debug|Any CPU.Build.0 = Debug|Any CPU
		{7C4DF27F-5DD0-EF01-8ABC-AF68CECFBDF0}.Release|Any CPU.ActiveCfg = Release|Any CPU
		{7C4DF27F-5DD0-EF01-8ABC-AF68CECFBDF0}.Release|Any CPU.Build.0 = Release|Any CPU
		{8D5EE38A-6EE1-F012-9BCD-BF79DFDFCE01}.Debug|Any CPU.ActiveCfg = Debug|Any CPU
		{8D5EE38A-6EE1-F012-9BCD-BF79DFDFCE01}.Debug|Any CPU.Build.0 = Debug|Any CPU
		{8D5EE38A-6EE1-F012-9BCD-BF79DFDFCE01}.Release|Any CPU.ActiveCfg = Release|Any CPU
		{8D5EE38A-6EE1-F012-9BCD-BF79DFDFCE01}.Release|Any CPU.Build.0 = Release|Any CPU
		{9E6FF49B-7FF2-0123-ACDE-CF8AEAEFBF12}.Debug|Any CPU.ActiveCfg = Debug|Any CPU
		{9E6FF49B-7FF2-0123-ACDE-CF8AEAEFBF12}.Debug|Any CPU.Build.0 = Debug|Any CPU
		{9E6FF49B-7FF2-0123-ACDE-CF8AEAEFBF12}.Release|Any CPU.ActiveCfg = Release|Any CPU
		{9E6FF49B-7FF2-0123-ACDE-CF8AEAEFBF12}.Release|Any CPU.Build.0 = Release|Any CPU
		{AF70F5AC-80A3-1234-BDEF-DF9BFBF0C023}.Debug|Any CPU.ActiveCfg = Debug|Any CPU
		{AF70F5AC-80A3-1234-BDEF-DF9BFBF0C023}.Debug|Any CPU.Build.0 = Debug|Any CPU
		{AF70F5AC-80A3-1234-BDEF-DF9BFBF0C023}.Release|Any CPU.ActiveCfg = Release|Any CPU
		{AF70F5AC-80A3-1234-BDEF-DF9BFBF0C023}.Release|Any CPU.Build.0 = Release|Any CPU
		{B08106BD-91B4-2345-CDEF-E0AC0C1D1345}.Debug|Any CPU.ActiveCfg = Debug|Any CPU
		{B08106BD-91B4-2345-CDEF-E0AC0C1D1345}.Debug|Any CPU.Build.0 = Debug|Any CPU
		{B08106BD-91B4-2345-CDEF-E0AC0C1D1345}.Release|Any CPU.ActiveCfg = Release|Any CPU
		{B08106BD-91B4-2345-CDEF-E0AC0C1D1345}.Release|Any CPU.Build.0 = Release|Any CPU
		{C0000001-0000-0000-0000-000000000000}.Debug|Any CPU.ActiveCfg = Debug|Any CPU
		{C0000001-0000-0000-0000-000000000000}.Debug|Any CPU.Build.0 = Debug|Any CPU
		{C0000001-0000-0000-0000-000000000000}.Release|Any CPU.ActiveCfg = Release|Any CPU
		{C0000001-0000-0000-0000-000000000000}.Release|Any CPU.Build.0 = Release|Any CPU
		{C0000003-0000-0000-0000-000000000000}.Debug|Any CPU.ActiveCfg = Debug|Any CPU
		{C0000003-0000-0000-0000-000000000000}.Debug|Any CPU.Build.0 = Debug|Any CPU
		{C0000003-0000-0000-0000-000000000000}.Release|Any CPU.ActiveCfg = Release|Any CPU
		{C0000003-0000-0000-0000-000000000000}.Release|Any CPU.Build.0 = Release|Any CPU
		{C0000004-0000-0000-0000-000000000000}.Debug|Any CPU.ActiveCfg = Debug|Any CPU
		{C0000004-0000-0000-0000-000000000000}.Debug|Any CPU.Build.0 = Debug|Any CPU
		{C0000004-0000-0000-0000-000000000000}.Release|Any CPU.ActiveCfg = Release|Any CPU
		{C0000004-0000-0000-0000-000000000000}.Release|Any CPU.Build.0 = Release|Any CPU
		{C0000005-0000-0000-0000-000000000000}.Debug|Any CPU.ActiveCfg = Debug|Any CPU
		{C0000005-0000-0000-0000-000000000000}.Debug|Any CPU.Build.0 = Debug|Any CPU
		{C0000005-0000-0000-0000-000000000000}.Release|Any CPU.ActiveCfg = Release|Any CPU
		{C0000005-0000-0000-0000-000000000000}.Release|Any CPU.Build.0 = Release|Any CPU
		{C0000006-0000-0000-0000-000000000000}.Debug|Any CPU.ActiveCfg = Debug|Any CPU
		{C0000006-0000-0000-0000-000000000000}.Debug|Any CPU.Build.0 = Debug|Any CPU
		{C0000006-0000-0000-0000-000000000000}.Release|Any CPU.ActiveCfg = Release|Any CPU
		{C0000006-0000-0000-0000-000000000000}.Release|Any CPU.Build.0 = Release|Any CPU
		{C0000007-0000-0000-0000-000000000000}.Debug|Any CPU.ActiveCfg = Debug|Any CPU
		{C0000007-0000-0000-0000-000000000000}.Debug|Any CPU.Build.0 = Debug|Any CPU
		{C0000007-0000-0000-0000-000000000000}.Release|Any CPU.ActiveCfg = Release|Any CPU
		{C0000007-0000-0000-0000-000000000000}.Release|Any CPU.Build.0 = Release|Any CPU
		{C0000008-0000-0000-0000-000000000000}.Debug|Any CPU.ActiveCfg = Debug|Any CPU
		{C0000008-0000-0000-0000-000000000000}.Debug|Any CPU.Build.0 = Debug|Any CPU
		{C0000008-0000-0000-0000-000000000000}.Release|Any CPU.ActiveCfg = Release|Any CPU
		{C0000008-0000-0000-0000-000000000000}.Release|Any CPU.Build.0 = Release|Any CPU
		{C0000009-0000-0000-0000-000000000000}.Debug|Any CPU.ActiveCfg = Debug|Any CPU
		{C0000009-0000-0000-0000-000000000000}.Debug|Any CPU.Build.0 = Debug|Any CPU
		{C0000009-0000-0000-0000-000000000000}.Release|Any CPU.ActiveCfg = Release|Any CPU
		{C0000009-0000-0000-0000-000000000000}.Release|Any CPU.Build.0 = Release|Any CPU
		{C000000A-0000-0000-0000-000000000000}.Debug|Any CPU.ActiveCfg = Debug|Any CPU
		{C000000A-0000-0000-0000-000000000000}.Debug|Any CPU.Build.0 = Debug|Any CPU
		{C000000A-0000-0000-0000-000000000000}.Release|Any CPU.ActiveCfg = Release|Any CPU
		{C000000A-0000-0000-0000-000000000000}.Release|Any CPU.Build.0 = Release|Any CPU
		{C000000B-0000-0000-0000-000000000000}.Debug|Any CPU.ActiveCfg = Debug|Any CPU
		{C000000B-0000-0000-0000-000000000000}.Debug|Any CPU.Build.0 = Debug|Any CPU
		{C000000B-0000-0000-0000-000000000000}.Release|Any CPU.ActiveCfg = Release|Any CPU
		{C000000B-0000-0000-0000-000000000000}.Release|Any CPU.Build.0 = Release|Any CPU
		{C000000C-0000-0000-0000-000000000000}.Debug|Any CPU.ActiveCfg = Debug|Any CPU
		{C000000C-0000-0000-0000-000000000000}.Debug|Any CPU.Build.0 = Debug|Any CPU
		{C000000C-0000-0000-0000-000000000000}.Release|Any CPU.ActiveCfg = Release|Any CPU
		{C000000C-0000-0000-0000-000000000000}.Release|Any CPU.Build.0 = Release|Any CPU
		{C000000D-0000-0000-0000-000000000000}.Debug|Any CPU.ActiveCfg = Debug|Any CPU
		{C000000D-0000-0000-0000-000000000000}.Debug|Any CPU.Build.0 = Debug|Any CPU
		{C000000D-0000-0000-0000-000000000000}.Release|Any CPU.ActiveCfg = Release|Any CPU
		{C000000D-0000-0000-0000-000000000000}.Release|Any CPU.Build.0 = Release|Any CPU
		{C000000E-0000-0000-0000-000000000000}.Debug|Any CPU.ActiveCfg = Debug|Any CPU
		{C000000E-0000-0000-0000-000000000000}.Debug|Any CPU.Build.0 = Debug|Any CPU
		{C000000E-0000-0000-0000-000000000000}.Release|Any CPU.ActiveCfg = Release|Any CPU
		{C000000E-0000-0000-0000-000000000000}.Release|Any CPU.Build.0 = Release|Any CPU
		{C000000F-0000-0000-0000-000000000000}.Debug|Any CPU.ActiveCfg = Debug|Any CPU
		{C000000F-0000-0000-0000-000000000000}.Debug|Any CPU.Build.0 = Debug|Any CPU
		{C000000F-0000-0000-0000-000000000000}.Release|Any CPU.ActiveCfg = Release|Any CPU
		{C000000F-0000-0000-0000-000000000000}.Release|Any CPU.Build.0 = Release|Any CPU
		{C0000010-0000-0000-0000-000000000000}.Debug|Any CPU.ActiveCfg = Debug|Any CPU
		{C0000010-0000-0000-0000-000000000000}.Debug|Any CPU.Build.0 = Debug|Any CPU
		{C0000010-0000-0000-0000-000000000000}.Release|Any CPU.ActiveCfg = Release|Any CPU
		{C0000010-0000-0000-0000-000000000000}.Release|Any CPU.Build.0 = Release|Any CPU
		{C0000011-0000-0000-0000-000000000000}.Debug|Any CPU.ActiveCfg = Debug|Any CPU
		{C0000011-0000-0000-0000-000000000000}.Debug|Any CPU.Build.0 = Debug|Any CPU
		{C0000011-0000-0000-0000-000000000000}.Release|Any CPU.ActiveCfg = Release|Any CPU
		{C0000011-0000-0000-0000-000000000000}.Release|Any CPU.Build.0 = Release|Any CPU
		{C0000012-0000-0000-0000-000000000000}.Debug|Any CPU.ActiveCfg = Debug|Any CPU
		{C0000012-0000-0000-0000-000000000000}.Debug|Any CPU.Build.0 = Debug|Any CPU
		{C0000012-0000-0000-0000-000000000000}.Release|Any CPU.ActiveCfg = Release|Any CPU
		{C0000012-0000-0000-0000-000000000000}.Release|Any CPU.Build.0 = Release|Any CPU
		{C0000013-0000-0000-0000-000000000000}.Debug|Any CPU.ActiveCfg = Debug|Any CPU
		{C0000013-0000-0000-0000-000000000000}.Debug|Any CPU.Build.0 = Debug|Any CPU
		{C0000013-0000-0000-0000-000000000000}.Release|Any CPU.ActiveCfg = Release|Any CPU
		{C0000013-0000-0000-0000-000000000000}.Release|Any CPU.Build.0 = Release|Any CPU
		{C0000014-0000-0000-0000-000000000000}.Debug|Any CPU.ActiveCfg = Debug|Any CPU
		{C0000014-0000-0000-0000-000000000000}.Debug|Any CPU.Build.0 = Debug|Any CPU
		{C0000014-0000-0000-0000-000000000000}.Release|Any CPU.ActiveCfg = Release|Any CPU
		{C0000014-0000-0000-0000-000000000000}.Release|Any CPU.Build.0 = Release|Any CPU
		{C0000015-0000-0000-0000-000000000000}.Debug|Any CPU.ActiveCfg = Debug|Any CPU
		{C0000015-0000-0000-0000-000000000000}.Debug|Any CPU.Build.0 = Debug|Any CPU
		{C0000015-0000-0000-0000-000000000000}.Release|Any CPU.ActiveCfg = Release|Any CPU
		{C0000015-0000-0000-0000-000000000000}.Release|Any CPU.Build.0 = Release|Any CPU
		{C0000016-0000-0000-0000-000000000000}.Debug|Any CPU.ActiveCfg = Debug|Any CPU
		{C0000016-0000-0000-0000-000000000000}.Debug|Any CPU.Build.0 = Debug|Any CPU
		{C0000016-0000-0000-0000-000000000000}.Release|Any CPU.ActiveCfg = Release|Any CPU
		{C0000016-0000-0000-0000-000000000000}.Release|Any CPU.Build.0 = Release|Any CPU
		{C0000017-0000-0000-0000-000000000000}.Debug|Any CPU.ActiveCfg = Debug|Any CPU
		{C0000017-0000-0000-0000-000000000000}.Debug|Any CPU.Build.0 = Debug|Any CPU
		{C0000017-0000-0000-0000-000000000000}.Release|Any CPU.ActiveCfg = Release|Any CPU
		{C0000017-0000-0000-0000-000000000000}.Release|Any CPU.Build.0 = Release|Any CPU
		{C0000018-0000-0000-0000-000000000000}.Debug|Any CPU.ActiveCfg = Debug|Any CPU
		{C0000018-0000-0000-0000-000000000000}.Debug|Any CPU.Build.0 = Debug|Any CPU
		{C0000018-0000-0000-0000-000000000000}.Release|Any CPU.ActiveCfg = Release|Any CPU
		{C0000018-0000-0000-0000-000000000000}.Release|Any CPU.Build.0 = Release|Any CPU
		{C0000019-0000-0000-0000-000000000000}.Debug|Any CPU.ActiveCfg = Debug|Any CPU
		{C0000019-0000-0000-0000-000000000000}.Debug|Any CPU.Build.0 = Debug|Any CPU
		{C0000019-0000-0000-0000-000000000000}.Release|Any CPU.ActiveCfg = Release|Any CPU
		{C0000019-0000-0000-0000-000000000000}.Release|Any CPU.Build.0 = Release|Any CPU
		{C000001A-0000-0000-0000-000000000000}.Debug|Any CPU.ActiveCfg = Debug|Any CPU
		{C000001A-0000-0000-0000-000000000000}.Debug|Any CPU.Build.0 = Debug|Any CPU
		{C000001A-0000-0000-0000-000000000000}.Release|Any CPU.ActiveCfg = Release|Any CPU
		{C000001A-0000-0000-0000-000000000000}.Release|Any CPU.Build.0 = Release|Any CPU
		{C000001B-0000-0000-0000-000000000000}.Debug|Any CPU.ActiveCfg = Debug|Any CPU
		{C000001B-0000-0000-0000-000000000000}.Debug|Any CPU.Build.0 = Debug|Any CPU
		{C000001B-0000-0000-0000-000000000000}.Release|Any CPU.ActiveCfg = Release|Any CPU
		{C000001B-0000-0000-0000-000000000000}.Release|Any CPU.Build.0 = Release|Any CPU
		{C000001C-0000-0000-0000-000000000000}.Debug|Any CPU.ActiveCfg = Debug|Any CPU
		{C000001C-0000-0000-0000-000000000000}.Debug|Any CPU.Build.0 = Debug|Any CPU
		{C000001C-0000-0000-0000-000000000000}.Release|Any CPU.ActiveCfg = Release|Any CPU
		{C000001C-0000-0000-0000-000000000000}.Release|Any CPU.Build.0 = Release|Any CPU
		{C000001D-0000-0000-0000-000000000000}.Debug|Any CPU.ActiveCfg = Debug|Any CPU
		{C000001D-0000-0000-0000-000000000000}.Debug|Any CPU.Build.0 = Debug|Any CPU
		{C000001D-0000-0000-0000-000000000000}.Release|Any CPU.ActiveCfg = Release|Any CPU
		{C000001D-0000-0000-0000-000000000000}.Release|Any CPU.Build.0 = Release|Any CPU
		{C000001E-0000-0000-0000-000000000000}.Debug|Any CPU.ActiveCfg = Debug|Any CPU
		{C000001E-0000-0000-0000-000000000000}.Debug|Any CPU.Build.0 = Debug|Any CPU
		{C000001E-0000-0000-0000-000000000000}.Release|Any CPU.ActiveCfg = Release|Any CPU
		{C000001E-0000-0000-0000-000000000000}.Release|Any CPU.Build.0 = Release|Any CPU
	EndGlobalSection
	GlobalSection(SolutionProperties) = preSolution
		HideSolutionNode = FALSE
	EndGlobalSection
	GlobalSection(ExtensibilityGlobals) = postSolution
		SolutionGuid = {E4F8009C-6264-49B3-A7ED-D7C020C67CC1}
	EndGlobalSection
EndGlobal
